{
  "version": 4,
  "terraform_version": "1.2.5",
  "serial": 407,
  "lineage": "8eb80b4a-36f4-146e-f8a6-77408fc7e92c",
  "outputs": {},
  "resources": [
    {
      "module": "module.database",
      "mode": "managed",
      "type": "aws_db_instance",
      "name": "database",
      "provider": "provider[\"registry.terraform.io/hashicorp/aws\"]",
      "instances": [
        {
          "schema_version": 1,
          "attributes": {
            "address": "drupaldemo-db-instance.cvtknbcs3zpk.us-east-1.rds.amazonaws.com",
            "allocated_storage": 10,
            "allow_major_version_upgrade": null,
            "apply_immediately": null,
            "arn": "arn:aws:rds:us-east-1:323378118206:db:drupaldemo-db-instance",
            "auto_minor_version_upgrade": true,
            "availability_zone": "us-east-1b",
            "backup_retention_period": 0,
            "backup_window": "07:25-07:55",
            "ca_cert_identifier": "rds-ca-2019",
            "character_set_name": "",
            "copy_tags_to_snapshot": false,
            "customer_owned_ip_enabled": false,
            "db_subnet_group_name": "drupaldemo-vpc",
            "delete_automated_backups": true,
            "deletion_protection": false,
            "domain": "",
            "domain_iam_role_name": "",
            "enabled_cloudwatch_logs_exports": [],
            "endpoint": "drupaldemo-db-instance.cvtknbcs3zpk.us-east-1.rds.amazonaws.com:3306",
            "engine": "mysql",
            "engine_version": "8.0",
            "engine_version_actual": "8.0.28",
            "final_snapshot_identifier": null,
            "hosted_zone_id": "Z2R2ITUGPM61AM",
            "iam_database_authentication_enabled": false,
            "id": "drupaldemo-db-instance",
            "identifier": "drupaldemo-db-instance",
            "identifier_prefix": "",
            "instance_class": "db.t2.micro",
            "iops": 0,
            "kms_key_id": "",
            "latest_restorable_time": "0001-01-01T00:00:00Z",
            "license_model": "general-public-license",
            "maintenance_window": "tue:07:59-tue:08:29",
            "max_allocated_storage": 0,
            "monitoring_interval": 0,
            "monitoring_role_arn": "",
            "multi_az": false,
            "name": "drupal_database",
            "nchar_character_set_name": "",
            "option_group_name": "default:mysql-8-0",
            "parameter_group_name": "default.mysql8.0",
            "password": "terraform",
            "performance_insights_enabled": false,
            "performance_insights_kms_key_id": "",
            "performance_insights_retention_period": 0,
            "port": 3306,
            "publicly_accessible": false,
            "replica_mode": "",
            "replicas": [],
            "replicate_source_db": "",
            "resource_id": "db-WMBYPUWINCWTR7D76CKQMS7V7U",
            "restore_to_point_in_time": [],
            "s3_import": [],
            "security_group_names": [],
            "skip_final_snapshot": true,
            "snapshot_identifier": null,
            "status": "available",
            "storage_encrypted": false,
            "storage_type": "gp2",
            "tags": {},
            "tags_all": {},
            "timeouts": null,
            "timezone": "",
            "username": "terraform",
            "vpc_security_group_ids": [
              "sg-04daf8f436c9bf499"
            ]
          },
          "sensitive_attributes": [],
          "private": "eyJlMmJmYjczMC1lY2FhLTExZTYtOGY4OC0zNDM2M2JjN2M0YzAiOnsiY3JlYXRlIjoyNDAwMDAwMDAwMDAwLCJkZWxldGUiOjM2MDAwMDAwMDAwMDAsInVwZGF0ZSI6NDgwMDAwMDAwMDAwMH0sInNjaGVtYV92ZXJzaW9uIjoiMSJ9",
          "dependencies": [
            "module.network.data.aws_availability_zones.available",
            "module.network.module.db_sg.aws_security_group.security_group",
            "module.network.module.lb_sg.aws_security_group.security_group",
            "module.network.module.vpc.aws_cloudwatch_log_group.flow_log",
            "module.network.module.vpc.aws_customer_gateway.this",
            "module.network.module.vpc.aws_db_subnet_group.database",
            "module.network.module.vpc.aws_default_network_acl.this",
            "module.network.module.vpc.aws_default_security_group.this",
            "module.network.module.vpc.aws_default_vpc.this",
            "module.network.module.vpc.aws_egress_only_internet_gateway.this",
            "module.network.module.vpc.aws_eip.nat",
            "module.network.module.vpc.aws_elasticache_subnet_group.elasticache",
            "module.network.module.vpc.aws_flow_log.this",
            "module.network.module.vpc.aws_iam_policy.vpc_flow_log_cloudwatch",
            "module.network.module.vpc.aws_iam_role.vpc_flow_log_cloudwatch",
            "module.network.module.vpc.aws_iam_role_policy_attachment.vpc_flow_log_cloudwatch",
            "module.network.module.vpc.aws_internet_gateway.this",
            "module.network.module.vpc.aws_nat_gateway.this",
            "module.network.module.vpc.aws_network_acl.database",
            "module.network.module.vpc.aws_network_acl.elasticache",
            "module.network.module.vpc.aws_network_acl.intra",
            "module.network.module.vpc.aws_network_acl.private",
            "module.network.module.vpc.aws_network_acl.public",
            "module.network.module.vpc.aws_network_acl.redshift",
            "module.network.module.vpc.aws_network_acl_rule.database_inbound",
            "module.network.module.vpc.aws_network_acl_rule.database_outbound",
            "module.network.module.vpc.aws_network_acl_rule.elasticache_inbound",
            "module.network.module.vpc.aws_network_acl_rule.elasticache_outbound",
            "module.network.module.vpc.aws_network_acl_rule.intra_inbound",
            "module.network.module.vpc.aws_network_acl_rule.intra_outbound",
            "module.network.module.vpc.aws_network_acl_rule.private_inbound",
            "module.network.module.vpc.aws_network_acl_rule.private_outbound",
            "module.network.module.vpc.aws_network_acl_rule.public_inbound",
            "module.network.module.vpc.aws_network_acl_rule.public_outbound",
            "module.network.module.vpc.aws_network_acl_rule.redshift_inbound",
            "module.network.module.vpc.aws_network_acl_rule.redshift_outbound",
            "module.network.module.vpc.aws_redshift_subnet_group.redshift",
            "module.network.module.vpc.aws_route.database_internet_gateway",
            "module.network.module.vpc.aws_route.database_ipv6_egress",
            "module.network.module.vpc.aws_route.database_nat_gateway",
            "module.network.module.vpc.aws_route.private_ipv6_egress",
            "module.network.module.vpc.aws_route.private_nat_gateway",
            "module.network.module.vpc.aws_route.public_internet_gateway",
            "module.network.module.vpc.aws_route.public_internet_gateway_ipv6",
            "module.network.module.vpc.aws_route_table.database",
            "module.network.module.vpc.aws_route_table.elasticache",
            "module.network.module.vpc.aws_route_table.intra",
            "module.network.module.vpc.aws_route_table.private",
            "module.network.module.vpc.aws_route_table.public",
            "module.network.module.vpc.aws_route_table.redshift",
            "module.network.module.vpc.aws_route_table_association.database",
            "module.network.module.vpc.aws_route_table_association.elasticache",
            "module.network.module.vpc.aws_route_table_association.intra",
            "module.network.module.vpc.aws_route_table_association.private",
            "module.network.module.vpc.aws_route_table_association.public",
            "module.network.module.vpc.aws_route_table_association.redshift",
            "module.network.module.vpc.aws_route_table_association.redshift_public",
            "module.network.module.vpc.aws_subnet.database",
            "module.network.module.vpc.aws_subnet.elasticache",
            "module.network.module.vpc.aws_subnet.intra",
            "module.network.module.vpc.aws_subnet.private",
            "module.network.module.vpc.aws_subnet.public",
            "module.network.module.vpc.aws_subnet.redshift",
            "module.network.module.vpc.aws_vpc.this",
            "module.network.module.vpc.aws_vpc_dhcp_options.this",
            "module.network.module.vpc.aws_vpc_dhcp_options_association.this",
            "module.network.module.vpc.aws_vpc_endpoint.access_analyzer",
            "module.network.module.vpc.aws_vpc_endpoint.acm_pca",
            "module.network.module.vpc.aws_vpc_endpoint.apigw",
            "module.network.module.vpc.aws_vpc_endpoint.appmesh_envoy_management",
            "module.network.module.vpc.aws_vpc_endpoint.appstream_api",
            "module.network.module.vpc.aws_vpc_endpoint.appstream_streaming",
            "module.network.module.vpc.aws_vpc_endpoint.athena",
            "module.network.module.vpc.aws_vpc_endpoint.auto_scaling_plans",
            "module.network.module.vpc.aws_vpc_endpoint.cloud_directory",
            "module.network.module.vpc.aws_vpc_endpoint.cloudformation",
            "module.network.module.vpc.aws_vpc_endpoint.cloudtrail",
            "module.network.module.vpc.aws_vpc_endpoint.codeartifact_api",
            "module.network.module.vpc.aws_vpc_endpoint.codeartifact_repositories",
            "module.network.module.vpc.aws_vpc_endpoint.codebuild",
            "module.network.module.vpc.aws_vpc_endpoint.codecommit",
            "module.network.module.vpc.aws_vpc_endpoint.codedeploy",
            "module.network.module.vpc.aws_vpc_endpoint.codedeploy_commands_secure",
            "module.network.module.vpc.aws_vpc_endpoint.codepipeline",
            "module.network.module.vpc.aws_vpc_endpoint.config",
            "module.network.module.vpc.aws_vpc_endpoint.datasync",
            "module.network.module.vpc.aws_vpc_endpoint.dynamodb",
            "module.network.module.vpc.aws_vpc_endpoint.ebs",
            "module.network.module.vpc.aws_vpc_endpoint.ec2",
            "module.network.module.vpc.aws_vpc_endpoint.ec2_autoscaling",
            "module.network.module.vpc.aws_vpc_endpoint.ec2messages",
            "module.network.module.vpc.aws_vpc_endpoint.ecr_api",
            "module.network.module.vpc.aws_vpc_endpoint.ecr_dkr",
            "module.network.module.vpc.aws_vpc_endpoint.ecs",
            "module.network.module.vpc.aws_vpc_endpoint.ecs_agent",
            "module.network.module.vpc.aws_vpc_endpoint.ecs_telemetry",
            "module.network.module.vpc.aws_vpc_endpoint.efs",
            "module.network.module.vpc.aws_vpc_endpoint.elastic_inference_runtime",
            "module.network.module.vpc.aws_vpc_endpoint.elasticbeanstalk",
            "module.network.module.vpc.aws_vpc_endpoint.elasticbeanstalk_health",
            "module.network.module.vpc.aws_vpc_endpoint.elasticloadbalancing",
            "module.network.module.vpc.aws_vpc_endpoint.emr",
            "module.network.module.vpc.aws_vpc_endpoint.events",
            "module.network.module.vpc.aws_vpc_endpoint.git_codecommit",
            "module.network.module.vpc.aws_vpc_endpoint.glue",
            "module.network.module.vpc.aws_vpc_endpoint.kinesis_firehose",
            "module.network.module.vpc.aws_vpc_endpoint.kinesis_streams",
            "module.network.module.vpc.aws_vpc_endpoint.kms",
            "module.network.module.vpc.aws_vpc_endpoint.lambda",
            "module.network.module.vpc.aws_vpc_endpoint.logs",
            "module.network.module.vpc.aws_vpc_endpoint.monitoring",
            "module.network.module.vpc.aws_vpc_endpoint.qldb_session",
            "module.network.module.vpc.aws_vpc_endpoint.rds",
            "module.network.module.vpc.aws_vpc_endpoint.rekognition",
            "module.network.module.vpc.aws_vpc_endpoint.s3",
            "module.network.module.vpc.aws_vpc_endpoint.sagemaker_api",
            "module.network.module.vpc.aws_vpc_endpoint.sagemaker_notebook",
            "module.network.module.vpc.aws_vpc_endpoint.sagemaker_runtime",
            "module.network.module.vpc.aws_vpc_endpoint.secretsmanager",
            "module.network.module.vpc.aws_vpc_endpoint.servicecatalog",
            "module.network.module.vpc.aws_vpc_endpoint.ses",
            "module.network.module.vpc.aws_vpc_endpoint.sms",
            "module.network.module.vpc.aws_vpc_endpoint.sns",
            "module.network.module.vpc.aws_vpc_endpoint.sqs",
            "module.network.module.vpc.aws_vpc_endpoint.ssm",
            "module.network.module.vpc.aws_vpc_endpoint.ssmmessages",
            "module.network.module.vpc.aws_vpc_endpoint.states",
            "module.network.module.vpc.aws_vpc_endpoint.storagegateway",
            "module.network.module.vpc.aws_vpc_endpoint.sts",
            "module.network.module.vpc.aws_vpc_endpoint.textract",
            "module.network.module.vpc.aws_vpc_endpoint.transfer",
            "module.network.module.vpc.aws_vpc_endpoint.transferserver",
            "module.network.module.vpc.aws_vpc_endpoint.workspaces",
            "module.network.module.vpc.aws_vpc_endpoint_route_table_association.intra_dynamodb",
            "module.network.module.vpc.aws_vpc_endpoint_route_table_association.intra_s3",
            "module.network.module.vpc.aws_vpc_endpoint_route_table_association.private_dynamodb",
            "module.network.module.vpc.aws_vpc_endpoint_route_table_association.private_s3",
            "module.network.module.vpc.aws_vpc_endpoint_route_table_association.public_dynamodb",
            "module.network.module.vpc.aws_vpc_endpoint_route_table_association.public_s3",
            "module.network.module.vpc.aws_vpc_ipv4_cidr_block_association.this",
            "module.network.module.vpc.aws_vpn_gateway.this",
            "module.network.module.vpc.aws_vpn_gateway_attachment.this",
            "module.network.module.vpc.aws_vpn_gateway_route_propagation.intra",
            "module.network.module.vpc.aws_vpn_gateway_route_propagation.private",
            "module.network.module.vpc.aws_vpn_gateway_route_propagation.public",
            "module.network.module.vpc.data.aws_iam_policy_document.flow_log_cloudwatch_assume_role",
            "module.network.module.vpc.data.aws_iam_policy_document.vpc_flow_log_cloudwatch",
            "module.network.module.vpc.data.aws_vpc_endpoint_service.access_analyzer",
            "module.network.module.vpc.data.aws_vpc_endpoint_service.acm_pca",
            "module.network.module.vpc.data.aws_vpc_endpoint_service.apigw",
            "module.network.module.vpc.data.aws_vpc_endpoint_service.appmesh_envoy_management",
            "module.network.module.vpc.data.aws_vpc_endpoint_service.appstream_api",
            "module.network.module.vpc.data.aws_vpc_endpoint_service.appstream_streaming",
            "module.network.module.vpc.data.aws_vpc_endpoint_service.athena",
            "module.network.module.vpc.data.aws_vpc_endpoint_service.auto_scaling_plans",
            "module.network.module.vpc.data.aws_vpc_endpoint_service.cloud_directory",
            "module.network.module.vpc.data.aws_vpc_endpoint_service.cloudformation",
            "module.network.module.vpc.data.aws_vpc_endpoint_service.cloudtrail",
            "module.network.module.vpc.data.aws_vpc_endpoint_service.codeartifact_api",
            "module.network.module.vpc.data.aws_vpc_endpoint_service.codeartifact_repositories",
            "module.network.module.vpc.data.aws_vpc_endpoint_service.codebuild",
            "module.network.module.vpc.data.aws_vpc_endpoint_service.codecommit",
            "module.network.module.vpc.data.aws_vpc_endpoint_service.codedeploy",
            "module.network.module.vpc.data.aws_vpc_endpoint_service.codedeploy_commands_secure",
            "module.network.module.vpc.data.aws_vpc_endpoint_service.codepipeline",
            "module.network.module.vpc.data.aws_vpc_endpoint_service.config",
            "module.network.module.vpc.data.aws_vpc_endpoint_service.datasync",
            "module.network.module.vpc.data.aws_vpc_endpoint_service.dynamodb",
            "module.network.module.vpc.data.aws_vpc_endpoint_service.ebs",
            "module.network.module.vpc.data.aws_vpc_endpoint_service.ec2",
            "module.network.module.vpc.data.aws_vpc_endpoint_service.ec2_autoscaling",
            "module.network.module.vpc.data.aws_vpc_endpoint_service.ec2messages",
            "module.network.module.vpc.data.aws_vpc_endpoint_service.ecr_api",
            "module.network.module.vpc.data.aws_vpc_endpoint_service.ecr_dkr",
            "module.network.module.vpc.data.aws_vpc_endpoint_service.ecs",
            "module.network.module.vpc.data.aws_vpc_endpoint_service.ecs_agent",
            "module.network.module.vpc.data.aws_vpc_endpoint_service.ecs_telemetry",
            "module.network.module.vpc.data.aws_vpc_endpoint_service.efs",
            "module.network.module.vpc.data.aws_vpc_endpoint_service.elastic_inference_runtime",
            "module.network.module.vpc.data.aws_vpc_endpoint_service.elasticbeanstalk",
            "module.network.module.vpc.data.aws_vpc_endpoint_service.elasticbeanstalk_health",
            "module.network.module.vpc.data.aws_vpc_endpoint_service.elasticloadbalancing",
            "module.network.module.vpc.data.aws_vpc_endpoint_service.emr",
            "module.network.module.vpc.data.aws_vpc_endpoint_service.events",
            "module.network.module.vpc.data.aws_vpc_endpoint_service.git_codecommit",
            "module.network.module.vpc.data.aws_vpc_endpoint_service.glue",
            "module.network.module.vpc.data.aws_vpc_endpoint_service.kinesis_firehose",
            "module.network.module.vpc.data.aws_vpc_endpoint_service.kinesis_streams",
            "module.network.module.vpc.data.aws_vpc_endpoint_service.kms",
            "module.network.module.vpc.data.aws_vpc_endpoint_service.lambda",
            "module.network.module.vpc.data.aws_vpc_endpoint_service.logs",
            "module.network.module.vpc.data.aws_vpc_endpoint_service.monitoring",
            "module.network.module.vpc.data.aws_vpc_endpoint_service.qldb_session",
            "module.network.module.vpc.data.aws_vpc_endpoint_service.rds",
            "module.network.module.vpc.data.aws_vpc_endpoint_service.rekognition",
            "module.network.module.vpc.data.aws_vpc_endpoint_service.s3",
            "module.network.module.vpc.data.aws_vpc_endpoint_service.sagemaker_api",
            "module.network.module.vpc.data.aws_vpc_endpoint_service.sagemaker_notebook",
            "module.network.module.vpc.data.aws_vpc_endpoint_service.sagemaker_runtime",
            "module.network.module.vpc.data.aws_vpc_endpoint_service.secretsmanager",
            "module.network.module.vpc.data.aws_vpc_endpoint_service.servicecatalog",
            "module.network.module.vpc.data.aws_vpc_endpoint_service.ses",
            "module.network.module.vpc.data.aws_vpc_endpoint_service.sms",
            "module.network.module.vpc.data.aws_vpc_endpoint_service.sns",
            "module.network.module.vpc.data.aws_vpc_endpoint_service.sqs",
            "module.network.module.vpc.data.aws_vpc_endpoint_service.ssm",
            "module.network.module.vpc.data.aws_vpc_endpoint_service.ssmmessages",
            "module.network.module.vpc.data.aws_vpc_endpoint_service.states",
            "module.network.module.vpc.data.aws_vpc_endpoint_service.storagegateway",
            "module.network.module.vpc.data.aws_vpc_endpoint_service.sts",
            "module.network.module.vpc.data.aws_vpc_endpoint_service.textract",
            "module.network.module.vpc.data.aws_vpc_endpoint_service.transfer",
            "module.network.module.vpc.data.aws_vpc_endpoint_service.transferserver",
            "module.network.module.vpc.data.aws_vpc_endpoint_service.workspaces",
            "module.network.module.websvr_sg.aws_security_group.security_group"
          ]
        }
      ]
    },
    {
      "module": "module.network",
      "mode": "data",
      "type": "aws_availability_zones",
      "name": "available",
      "provider": "provider[\"registry.terraform.io/hashicorp/aws\"]",
      "instances": [
        {
          "schema_version": 0,
          "attributes": {
            "all_availability_zones": null,
            "exclude_names": null,
            "exclude_zone_ids": null,
            "filter": null,
            "group_names": [
              "us-east-1"
            ],
            "id": "us-east-1",
            "names": [
              "us-east-1a",
              "us-east-1b",
              "us-east-1c",
              "us-east-1d",
              "us-east-1e",
              "us-east-1f"
            ],
            "state": null,
            "zone_ids": [
              "use1-az2",
              "use1-az4",
              "use1-az6",
              "use1-az1",
              "use1-az3",
              "use1-az5"
            ]
          },
          "sensitive_attributes": []
        }
      ]
    },
    {
      "module": "module.network.module.db_sg",
      "mode": "managed",
      "type": "aws_security_group",
      "name": "security_group",
      "provider": "provider[\"registry.terraform.io/hashicorp/aws\"]",
      "instances": [
        {
          "schema_version": 1,
          "attributes": {
            "arn": "arn:aws:ec2:us-east-1:323378118206:security-group/sg-04daf8f436c9bf499",
            "description": "Managed by Terraform",
            "egress": [
              {
                "cidr_blocks": [
                  "0.0.0.0/0"
                ],
                "description": "",
                "from_port": 0,
                "ipv6_cidr_blocks": [],
                "prefix_list_ids": [],
                "protocol": "-1",
                "security_groups": [],
                "self": false,
                "to_port": 0
              }
            ],
            "id": "sg-04daf8f436c9bf499",
            "ingress": [
              {
                "cidr_blocks": [],
                "description": "",
                "from_port": 0,
                "ipv6_cidr_blocks": [],
                "prefix_list_ids": [],
                "protocol": "-1",
                "security_groups": [],
                "self": true,
                "to_port": 0
              },
              {
                "cidr_blocks": [],
                "description": "",
                "from_port": 3306,
                "ipv6_cidr_blocks": [],
                "prefix_list_ids": [],
                "protocol": "tcp",
                "security_groups": [
                  "sg-027576afa40536ebf"
                ],
                "self": false,
                "to_port": 3306
              }
            ],
            "name": "terraform-20220804170225489000000006",
            "name_prefix": "terraform-",
            "owner_id": "323378118206",
            "revoke_rules_on_delete": false,
            "tags": {},
            "tags_all": {},
            "timeouts": null,
            "vpc_id": "vpc-01e7b93d21005e561"
          },
          "sensitive_attributes": [],
          "private": "eyJlMmJmYjczMC1lY2FhLTExZTYtOGY4OC0zNDM2M2JjN2M0YzAiOnsiY3JlYXRlIjo2MDAwMDAwMDAwMDAsImRlbGV0ZSI6OTAwMDAwMDAwMDAwfSwic2NoZW1hX3ZlcnNpb24iOiIxIn0=",
          "dependencies": [
            "module.network.module.lb_sg.aws_security_group.security_group",
            "module.network.module.vpc.aws_vpc.this",
            "module.network.module.websvr_sg.aws_security_group.security_group"
          ],
          "create_before_destroy": true
        }
      ]
    },
    {
      "module": "module.network.module.lb_sg",
      "mode": "managed",
      "type": "aws_security_group",
      "name": "security_group",
      "provider": "provider[\"registry.terraform.io/hashicorp/aws\"]",
      "instances": [
        {
          "schema_version": 1,
          "attributes": {
            "arn": "arn:aws:ec2:us-east-1:323378118206:security-group/sg-0fe397347d5ecc33f",
            "description": "Managed by Terraform",
            "egress": [
              {
                "cidr_blocks": [
                  "0.0.0.0/0"
                ],
                "description": "",
                "from_port": 0,
                "ipv6_cidr_blocks": [],
                "prefix_list_ids": [],
                "protocol": "-1",
                "security_groups": [],
                "self": false,
                "to_port": 0
              }
            ],
            "id": "sg-0fe397347d5ecc33f",
            "ingress": [
              {
                "cidr_blocks": [
                  "0.0.0.0/0"
                ],
                "description": "",
                "from_port": 80,
                "ipv6_cidr_blocks": [],
                "prefix_list_ids": [],
                "protocol": "tcp",
                "security_groups": [],
                "self": false,
                "to_port": 80
              },
              {
                "cidr_blocks": [],
                "description": "",
                "from_port": 0,
                "ipv6_cidr_blocks": [],
                "prefix_list_ids": [],
                "protocol": "-1",
                "security_groups": [],
                "self": true,
                "to_port": 0
              }
            ],
            "name": "terraform-20220804170218270500000004",
            "name_prefix": "terraform-",
            "owner_id": "323378118206",
            "revoke_rules_on_delete": false,
            "tags": {},
            "tags_all": {},
            "timeouts": null,
            "vpc_id": "vpc-01e7b93d21005e561"
          },
          "sensitive_attributes": [],
          "private": "eyJlMmJmYjczMC1lY2FhLTExZTYtOGY4OC0zNDM2M2JjN2M0YzAiOnsiY3JlYXRlIjo2MDAwMDAwMDAwMDAsImRlbGV0ZSI6OTAwMDAwMDAwMDAwfSwic2NoZW1hX3ZlcnNpb24iOiIxIn0=",
          "dependencies": [
            "module.network.module.vpc.aws_vpc.this"
          ],
          "create_before_destroy": true
        }
      ]
    },
    {
      "module": "module.network.module.vpc",
      "mode": "managed",
      "type": "aws_db_subnet_group",
      "name": "database",
      "provider": "provider[\"registry.terraform.io/hashicorp/aws\"]",
      "instances": [
        {
          "index_key": 0,
          "schema_version": 0,
          "attributes": {
            "arn": "arn:aws:rds:us-east-1:323378118206:subgrp:drupaldemo-vpc",
            "description": "Database subnet group for drupaldemo-vpc",
            "id": "drupaldemo-vpc",
            "name": "drupaldemo-vpc",
            "name_prefix": null,
            "subnet_ids": [
              "subnet-0a72b706b013f19d2",
              "subnet-0ac5402741f425ead",
              "subnet-0d724125079d1751f"
            ],
            "tags": {
              "Name": "drupaldemo-vpc"
            },
            "tags_all": {
              "Name": "drupaldemo-vpc"
            }
          },
          "sensitive_attributes": [],
          "private": "bnVsbA==",
          "dependencies": [
            "module.network.data.aws_availability_zones.available",
            "module.network.module.vpc.aws_subnet.database",
            "module.network.module.vpc.aws_vpc.this",
            "module.network.module.vpc.aws_vpc_ipv4_cidr_block_association.this"
          ],
          "create_before_destroy": true
        }
      ]
    },
    {
      "module": "module.network.module.vpc",
      "mode": "managed",
      "type": "aws_eip",
      "name": "nat",
      "provider": "provider[\"registry.terraform.io/hashicorp/aws\"]",
      "instances": [
        {
          "index_key": 0,
          "schema_version": 0,
          "attributes": {
            "address": null,
            "allocation_id": "eipalloc-07aa31bdb055354da",
            "associate_with_private_ip": null,
            "association_id": "eipassoc-01cd9b8104f6fdda3",
            "carrier_ip": "",
            "customer_owned_ip": "",
            "customer_owned_ipv4_pool": "",
            "domain": "vpc",
            "id": "eipalloc-07aa31bdb055354da",
            "instance": "",
            "network_border_group": "us-east-1",
            "network_interface": "eni-035a5e2fc850d24e6",
            "private_dns": "ip-10-0-101-245.ec2.internal",
            "private_ip": "10.0.101.245",
            "public_dns": "ec2-34-198-128-193.compute-1.amazonaws.com",
            "public_ip": "34.198.128.193",
            "public_ipv4_pool": "amazon",
            "tags": {
              "Name": "drupaldemo-vpc-us-east-1a"
            },
            "tags_all": {
              "Name": "drupaldemo-vpc-us-east-1a"
            },
            "timeouts": null,
            "vpc": true
          },
          "sensitive_attributes": [],
          "private": "eyJlMmJmYjczMC1lY2FhLTExZTYtOGY4OC0zNDM2M2JjN2M0YzAiOnsiZGVsZXRlIjoxODAwMDAwMDAwMDAsInJlYWQiOjkwMDAwMDAwMDAwMCwidXBkYXRlIjozMDAwMDAwMDAwMDB9fQ==",
          "dependencies": [
            "module.network.data.aws_availability_zones.available"
          ],
          "create_before_destroy": true
        }
      ]
    },
    {
      "module": "module.network.module.vpc",
      "mode": "managed",
      "type": "aws_internet_gateway",
      "name": "this",
      "provider": "provider[\"registry.terraform.io/hashicorp/aws\"]",
      "instances": [
        {
          "index_key": 0,
          "schema_version": 0,
          "attributes": {
            "arn": "arn:aws:ec2:us-east-1:323378118206:internet-gateway/igw-024c190b1f42eede7",
            "id": "igw-024c190b1f42eede7",
            "owner_id": "323378118206",
            "tags": {
              "Name": "drupaldemo-vpc"
            },
            "tags_all": {
              "Name": "drupaldemo-vpc"
            },
            "vpc_id": "vpc-01e7b93d21005e561"
          },
          "sensitive_attributes": [],
          "private": "bnVsbA==",
          "dependencies": [
            "module.network.module.vpc.aws_vpc.this",
            "module.network.module.vpc.aws_vpc_ipv4_cidr_block_association.this"
          ],
          "create_before_destroy": true
        }
      ]
    },
    {
      "module": "module.network.module.vpc",
      "mode": "managed",
      "type": "aws_nat_gateway",
      "name": "this",
      "provider": "provider[\"registry.terraform.io/hashicorp/aws\"]",
      "instances": [
        {
          "index_key": 0,
          "schema_version": 0,
          "attributes": {
            "allocation_id": "eipalloc-07aa31bdb055354da",
            "connectivity_type": "public",
            "id": "nat-02738fb54b6b51554",
            "network_interface_id": "eni-035a5e2fc850d24e6",
            "private_ip": "10.0.101.245",
            "public_ip": "34.198.128.193",
            "subnet_id": "subnet-0fa9c731ed72b2458",
            "tags": {
              "Name": "drupaldemo-vpc-us-east-1a"
            },
            "tags_all": {
              "Name": "drupaldemo-vpc-us-east-1a"
            }
          },
          "sensitive_attributes": [],
          "private": "bnVsbA==",
          "dependencies": [
            "module.network.data.aws_availability_zones.available",
            "module.network.module.vpc.aws_eip.nat",
            "module.network.module.vpc.aws_internet_gateway.this",
            "module.network.module.vpc.aws_subnet.public",
            "module.network.module.vpc.aws_vpc.this",
            "module.network.module.vpc.aws_vpc_ipv4_cidr_block_association.this"
          ],
          "create_before_destroy": true
        }
      ]
    },
    {
      "module": "module.network.module.vpc",
      "mode": "managed",
      "type": "aws_route",
      "name": "private_nat_gateway",
      "provider": "provider[\"registry.terraform.io/hashicorp/aws\"]",
      "instances": [
        {
          "index_key": 0,
          "schema_version": 0,
          "attributes": {
            "carrier_gateway_id": "",
            "destination_cidr_block": "0.0.0.0/0",
            "destination_ipv6_cidr_block": "",
            "destination_prefix_list_id": "",
            "egress_only_gateway_id": "",
            "gateway_id": "",
            "id": "r-rtb-0dd285202cd5db7871080289494",
            "instance_id": "",
            "instance_owner_id": "",
            "local_gateway_id": "",
            "nat_gateway_id": "nat-02738fb54b6b51554",
            "network_interface_id": "",
            "origin": "CreateRoute",
            "route_table_id": "rtb-0dd285202cd5db787",
            "state": "active",
            "timeouts": {
              "create": "5m",
              "delete": null,
              "update": null
            },
            "transit_gateway_id": "",
            "vpc_endpoint_id": "",
            "vpc_peering_connection_id": ""
          },
          "sensitive_attributes": [],
          "private": "eyJlMmJmYjczMC1lY2FhLTExZTYtOGY4OC0zNDM2M2JjN2M0YzAiOnsiY3JlYXRlIjozMDAwMDAwMDAwMDAsImRlbGV0ZSI6MzAwMDAwMDAwMDAwLCJ1cGRhdGUiOjEyMDAwMDAwMDAwMH19",
          "dependencies": [
            "module.network.data.aws_availability_zones.available",
            "module.network.module.vpc.aws_eip.nat",
            "module.network.module.vpc.aws_internet_gateway.this",
            "module.network.module.vpc.aws_nat_gateway.this",
            "module.network.module.vpc.aws_route_table.private",
            "module.network.module.vpc.aws_subnet.public",
            "module.network.module.vpc.aws_vpc.this",
            "module.network.module.vpc.aws_vpc_ipv4_cidr_block_association.this"
          ],
          "create_before_destroy": true
        }
      ]
    },
    {
      "module": "module.network.module.vpc",
      "mode": "managed",
      "type": "aws_route",
      "name": "public_internet_gateway",
      "provider": "provider[\"registry.terraform.io/hashicorp/aws\"]",
      "instances": [
        {
          "index_key": 0,
          "schema_version": 0,
          "attributes": {
            "carrier_gateway_id": "",
            "destination_cidr_block": "0.0.0.0/0",
            "destination_ipv6_cidr_block": "",
            "destination_prefix_list_id": "",
            "egress_only_gateway_id": "",
            "gateway_id": "igw-024c190b1f42eede7",
            "id": "r-rtb-06e5895e7d95877241080289494",
            "instance_id": "",
            "instance_owner_id": "",
            "local_gateway_id": "",
            "nat_gateway_id": "",
            "network_interface_id": "",
            "origin": "CreateRoute",
            "route_table_id": "rtb-06e5895e7d9587724",
            "state": "active",
            "timeouts": {
              "create": "5m",
              "delete": null,
              "update": null
            },
            "transit_gateway_id": "",
            "vpc_endpoint_id": "",
            "vpc_peering_connection_id": ""
          },
          "sensitive_attributes": [],
          "private": "eyJlMmJmYjczMC1lY2FhLTExZTYtOGY4OC0zNDM2M2JjN2M0YzAiOnsiY3JlYXRlIjozMDAwMDAwMDAwMDAsImRlbGV0ZSI6MzAwMDAwMDAwMDAwLCJ1cGRhdGUiOjEyMDAwMDAwMDAwMH19",
          "dependencies": [
            "module.network.module.vpc.aws_internet_gateway.this",
            "module.network.module.vpc.aws_route_table.public",
            "module.network.module.vpc.aws_vpc.this",
            "module.network.module.vpc.aws_vpc_ipv4_cidr_block_association.this"
          ],
          "create_before_destroy": true
        }
      ]
    },
    {
      "module": "module.network.module.vpc",
      "mode": "managed",
      "type": "aws_route_table",
      "name": "private",
      "provider": "provider[\"registry.terraform.io/hashicorp/aws\"]",
      "instances": [
        {
          "index_key": 0,
          "schema_version": 0,
          "attributes": {
            "arn": "arn:aws:ec2:us-east-1:323378118206:route-table/rtb-0dd285202cd5db787",
            "id": "rtb-0dd285202cd5db787",
            "owner_id": "323378118206",
            "propagating_vgws": [],
            "route": [
              {
                "carrier_gateway_id": "",
                "cidr_block": "0.0.0.0/0",
                "destination_prefix_list_id": "",
                "egress_only_gateway_id": "",
                "gateway_id": "",
                "instance_id": "",
                "ipv6_cidr_block": "",
                "local_gateway_id": "",
                "nat_gateway_id": "nat-02738fb54b6b51554",
                "network_interface_id": "",
                "transit_gateway_id": "",
                "vpc_endpoint_id": "",
                "vpc_peering_connection_id": ""
              }
            ],
            "tags": {
              "Name": "drupaldemo-vpc-private"
            },
            "tags_all": {
              "Name": "drupaldemo-vpc-private"
            },
            "timeouts": null,
            "vpc_id": "vpc-01e7b93d21005e561"
          },
          "sensitive_attributes": [],
          "private": "eyJlMmJmYjczMC1lY2FhLTExZTYtOGY4OC0zNDM2M2JjN2M0YzAiOnsiY3JlYXRlIjozMDAwMDAwMDAwMDAsImRlbGV0ZSI6MzAwMDAwMDAwMDAwLCJ1cGRhdGUiOjEyMDAwMDAwMDAwMH19",
          "dependencies": [
            "module.network.data.aws_availability_zones.available",
            "module.network.module.vpc.aws_vpc.this",
            "module.network.module.vpc.aws_vpc_ipv4_cidr_block_association.this"
          ],
          "create_before_destroy": true
        }
      ]
    },
    {
      "module": "module.network.module.vpc",
      "mode": "managed",
      "type": "aws_route_table",
      "name": "public",
      "provider": "provider[\"registry.terraform.io/hashicorp/aws\"]",
      "instances": [
        {
          "index_key": 0,
          "schema_version": 0,
          "attributes": {
            "arn": "arn:aws:ec2:us-east-1:323378118206:route-table/rtb-06e5895e7d9587724",
            "id": "rtb-06e5895e7d9587724",
            "owner_id": "323378118206",
            "propagating_vgws": [],
            "route": [
              {
                "carrier_gateway_id": "",
                "cidr_block": "0.0.0.0/0",
                "destination_prefix_list_id": "",
                "egress_only_gateway_id": "",
                "gateway_id": "igw-024c190b1f42eede7",
                "instance_id": "",
                "ipv6_cidr_block": "",
                "local_gateway_id": "",
                "nat_gateway_id": "",
                "network_interface_id": "",
                "transit_gateway_id": "",
                "vpc_endpoint_id": "",
                "vpc_peering_connection_id": ""
              }
            ],
            "tags": {
              "Name": "drupaldemo-vpc-public"
            },
            "tags_all": {
              "Name": "drupaldemo-vpc-public"
            },
            "timeouts": null,
            "vpc_id": "vpc-01e7b93d21005e561"
          },
          "sensitive_attributes": [],
          "private": "eyJlMmJmYjczMC1lY2FhLTExZTYtOGY4OC0zNDM2M2JjN2M0YzAiOnsiY3JlYXRlIjozMDAwMDAwMDAwMDAsImRlbGV0ZSI6MzAwMDAwMDAwMDAwLCJ1cGRhdGUiOjEyMDAwMDAwMDAwMH19",
          "dependencies": [
            "module.network.module.vpc.aws_vpc.this",
            "module.network.module.vpc.aws_vpc_ipv4_cidr_block_association.this"
          ],
          "create_before_destroy": true
        }
      ]
    },
    {
      "module": "module.network.module.vpc",
      "mode": "managed",
      "type": "aws_route_table_association",
      "name": "database",
      "provider": "provider[\"registry.terraform.io/hashicorp/aws\"]",
      "instances": [
        {
          "index_key": 0,
          "schema_version": 0,
          "attributes": {
            "gateway_id": "",
            "id": "rtbassoc-0400bdf6a8c4b999a",
            "route_table_id": "rtb-0dd285202cd5db787",
            "subnet_id": "subnet-0a72b706b013f19d2"
          },
          "sensitive_attributes": [],
          "private": "bnVsbA==",
          "dependencies": [
            "module.network.data.aws_availability_zones.available",
            "module.network.module.vpc.aws_route_table.database",
            "module.network.module.vpc.aws_route_table.private",
            "module.network.module.vpc.aws_subnet.database",
            "module.network.module.vpc.aws_vpc.this",
            "module.network.module.vpc.aws_vpc_ipv4_cidr_block_association.this"
          ],
          "create_before_destroy": true
        },
        {
          "index_key": 1,
          "schema_version": 0,
          "attributes": {
            "gateway_id": "",
            "id": "rtbassoc-0b904df9212e2f783",
            "route_table_id": "rtb-0dd285202cd5db787",
            "subnet_id": "subnet-0d724125079d1751f"
          },
          "sensitive_attributes": [],
          "private": "bnVsbA==",
          "dependencies": [
            "module.network.data.aws_availability_zones.available",
            "module.network.module.vpc.aws_route_table.database",
            "module.network.module.vpc.aws_route_table.private",
            "module.network.module.vpc.aws_subnet.database",
            "module.network.module.vpc.aws_vpc.this",
            "module.network.module.vpc.aws_vpc_ipv4_cidr_block_association.this"
          ],
          "create_before_destroy": true
        },
        {
          "index_key": 2,
          "schema_version": 0,
          "attributes": {
            "gateway_id": "",
            "id": "rtbassoc-064edb8063ccc18f6",
            "route_table_id": "rtb-0dd285202cd5db787",
            "subnet_id": "subnet-0ac5402741f425ead"
          },
          "sensitive_attributes": [],
          "private": "bnVsbA==",
          "dependencies": [
            "module.network.data.aws_availability_zones.available",
            "module.network.module.vpc.aws_route_table.database",
            "module.network.module.vpc.aws_route_table.private",
            "module.network.module.vpc.aws_subnet.database",
            "module.network.module.vpc.aws_vpc.this",
            "module.network.module.vpc.aws_vpc_ipv4_cidr_block_association.this"
          ],
          "create_before_destroy": true
        }
      ]
    },
    {
      "module": "module.network.module.vpc",
      "mode": "managed",
      "type": "aws_route_table_association",
      "name": "private",
      "provider": "provider[\"registry.terraform.io/hashicorp/aws\"]",
      "instances": [
        {
          "index_key": 0,
          "schema_version": 0,
          "attributes": {
            "gateway_id": "",
            "id": "rtbassoc-0cf6d9c090581ecd3",
            "route_table_id": "rtb-0dd285202cd5db787",
            "subnet_id": "subnet-08e721d3e9727dab8"
          },
          "sensitive_attributes": [],
          "private": "bnVsbA==",
          "dependencies": [
            "module.network.data.aws_availability_zones.available",
            "module.network.module.vpc.aws_route_table.private",
            "module.network.module.vpc.aws_subnet.private",
            "module.network.module.vpc.aws_vpc.this",
            "module.network.module.vpc.aws_vpc_ipv4_cidr_block_association.this"
          ],
          "create_before_destroy": true
        },
        {
          "index_key": 1,
          "schema_version": 0,
          "attributes": {
            "gateway_id": "",
            "id": "rtbassoc-043602bab3d802ea6",
            "route_table_id": "rtb-0dd285202cd5db787",
            "subnet_id": "subnet-08faa06458d5978a9"
          },
          "sensitive_attributes": [],
          "private": "bnVsbA==",
          "dependencies": [
            "module.network.data.aws_availability_zones.available",
            "module.network.module.vpc.aws_route_table.private",
            "module.network.module.vpc.aws_subnet.private",
            "module.network.module.vpc.aws_vpc.this",
            "module.network.module.vpc.aws_vpc_ipv4_cidr_block_association.this"
          ],
          "create_before_destroy": true
        },
        {
          "index_key": 2,
          "schema_version": 0,
          "attributes": {
            "gateway_id": "",
            "id": "rtbassoc-0792b7ab701b523d3",
            "route_table_id": "rtb-0dd285202cd5db787",
            "subnet_id": "subnet-0e0d1f059d58eec88"
          },
          "sensitive_attributes": [],
          "private": "bnVsbA==",
          "dependencies": [
            "module.network.data.aws_availability_zones.available",
            "module.network.module.vpc.aws_route_table.private",
            "module.network.module.vpc.aws_subnet.private",
            "module.network.module.vpc.aws_vpc.this",
            "module.network.module.vpc.aws_vpc_ipv4_cidr_block_association.this"
          ],
          "create_before_destroy": true
        }
      ]
    },
    {
      "module": "module.network.module.vpc",
      "mode": "managed",
      "type": "aws_route_table_association",
      "name": "public",
      "provider": "provider[\"registry.terraform.io/hashicorp/aws\"]",
      "instances": [
        {
          "index_key": 0,
          "schema_version": 0,
          "attributes": {
            "gateway_id": "",
            "id": "rtbassoc-03b7cf24cc36a4e5c",
            "route_table_id": "rtb-06e5895e7d9587724",
            "subnet_id": "subnet-0fa9c731ed72b2458"
          },
          "sensitive_attributes": [],
          "private": "bnVsbA==",
          "dependencies": [
            "module.network.data.aws_availability_zones.available",
            "module.network.module.vpc.aws_route_table.public",
            "module.network.module.vpc.aws_subnet.public",
            "module.network.module.vpc.aws_vpc.this",
            "module.network.module.vpc.aws_vpc_ipv4_cidr_block_association.this"
          ],
          "create_before_destroy": true
        },
        {
          "index_key": 1,
          "schema_version": 0,
          "attributes": {
            "gateway_id": "",
            "id": "rtbassoc-09161f57805ac79c8",
            "route_table_id": "rtb-06e5895e7d9587724",
            "subnet_id": "subnet-06cd09a1c487d2098"
          },
          "sensitive_attributes": [],
          "private": "bnVsbA==",
          "dependencies": [
            "module.network.data.aws_availability_zones.available",
            "module.network.module.vpc.aws_route_table.public",
            "module.network.module.vpc.aws_subnet.public",
            "module.network.module.vpc.aws_vpc.this",
            "module.network.module.vpc.aws_vpc_ipv4_cidr_block_association.this"
          ],
          "create_before_destroy": true
        },
        {
          "index_key": 2,
          "schema_version": 0,
          "attributes": {
            "gateway_id": "",
            "id": "rtbassoc-0d372498442ef26cb",
            "route_table_id": "rtb-06e5895e7d9587724",
            "subnet_id": "subnet-0d63b3d19779cb3c7"
          },
          "sensitive_attributes": [],
          "private": "bnVsbA==",
          "dependencies": [
            "module.network.data.aws_availability_zones.available",
            "module.network.module.vpc.aws_route_table.public",
            "module.network.module.vpc.aws_subnet.public",
            "module.network.module.vpc.aws_vpc.this",
            "module.network.module.vpc.aws_vpc_ipv4_cidr_block_association.this"
          ],
          "create_before_destroy": true
        }
      ]
    },
    {
      "module": "module.network.module.vpc",
      "mode": "managed",
      "type": "aws_subnet",
      "name": "database",
      "provider": "provider[\"registry.terraform.io/hashicorp/aws\"]",
      "instances": [
        {
          "index_key": 0,
          "schema_version": 1,
          "attributes": {
            "arn": "arn:aws:ec2:us-east-1:323378118206:subnet/subnet-0a72b706b013f19d2",
            "assign_ipv6_address_on_creation": false,
            "availability_zone": "us-east-1a",
            "availability_zone_id": "use1-az2",
            "cidr_block": "10.0.21.0/24",
            "customer_owned_ipv4_pool": "",
            "enable_dns64": false,
            "enable_resource_name_dns_a_record_on_launch": false,
            "enable_resource_name_dns_aaaa_record_on_launch": false,
            "id": "subnet-0a72b706b013f19d2",
            "ipv6_cidr_block": "",
            "ipv6_cidr_block_association_id": "",
            "ipv6_native": false,
            "map_customer_owned_ip_on_launch": false,
            "map_public_ip_on_launch": false,
            "outpost_arn": "",
            "owner_id": "323378118206",
            "private_dns_hostname_type_on_launch": "ip-name",
            "tags": {
              "Name": "drupaldemo-vpc-db-us-east-1a"
            },
            "tags_all": {
              "Name": "drupaldemo-vpc-db-us-east-1a"
            },
            "timeouts": null,
            "vpc_id": "vpc-01e7b93d21005e561"
          },
          "sensitive_attributes": [],
          "private": "eyJlMmJmYjczMC1lY2FhLTExZTYtOGY4OC0zNDM2M2JjN2M0YzAiOnsiY3JlYXRlIjo2MDAwMDAwMDAwMDAsImRlbGV0ZSI6MTIwMDAwMDAwMDAwMH0sInNjaGVtYV92ZXJzaW9uIjoiMSJ9",
          "dependencies": [
            "module.network.data.aws_availability_zones.available",
            "module.network.module.vpc.aws_vpc.this",
            "module.network.module.vpc.aws_vpc_ipv4_cidr_block_association.this"
          ],
          "create_before_destroy": true
        },
        {
          "index_key": 1,
          "schema_version": 1,
          "attributes": {
            "arn": "arn:aws:ec2:us-east-1:323378118206:subnet/subnet-0d724125079d1751f",
            "assign_ipv6_address_on_creation": false,
            "availability_zone": "us-east-1b",
            "availability_zone_id": "use1-az4",
            "cidr_block": "10.0.22.0/24",
            "customer_owned_ipv4_pool": "",
            "enable_dns64": false,
            "enable_resource_name_dns_a_record_on_launch": false,
            "enable_resource_name_dns_aaaa_record_on_launch": false,
            "id": "subnet-0d724125079d1751f",
            "ipv6_cidr_block": "",
            "ipv6_cidr_block_association_id": "",
            "ipv6_native": false,
            "map_customer_owned_ip_on_launch": false,
            "map_public_ip_on_launch": false,
            "outpost_arn": "",
            "owner_id": "323378118206",
            "private_dns_hostname_type_on_launch": "ip-name",
            "tags": {
              "Name": "drupaldemo-vpc-db-us-east-1b"
            },
            "tags_all": {
              "Name": "drupaldemo-vpc-db-us-east-1b"
            },
            "timeouts": null,
            "vpc_id": "vpc-01e7b93d21005e561"
          },
          "sensitive_attributes": [],
          "private": "eyJlMmJmYjczMC1lY2FhLTExZTYtOGY4OC0zNDM2M2JjN2M0YzAiOnsiY3JlYXRlIjo2MDAwMDAwMDAwMDAsImRlbGV0ZSI6MTIwMDAwMDAwMDAwMH0sInNjaGVtYV92ZXJzaW9uIjoiMSJ9",
          "dependencies": [
            "module.network.data.aws_availability_zones.available",
            "module.network.module.vpc.aws_vpc.this",
            "module.network.module.vpc.aws_vpc_ipv4_cidr_block_association.this"
          ],
          "create_before_destroy": true
        },
        {
          "index_key": 2,
          "schema_version": 1,
          "attributes": {
            "arn": "arn:aws:ec2:us-east-1:323378118206:subnet/subnet-0ac5402741f425ead",
            "assign_ipv6_address_on_creation": false,
            "availability_zone": "us-east-1c",
            "availability_zone_id": "use1-az6",
            "cidr_block": "10.0.23.0/24",
            "customer_owned_ipv4_pool": "",
            "enable_dns64": false,
            "enable_resource_name_dns_a_record_on_launch": false,
            "enable_resource_name_dns_aaaa_record_on_launch": false,
            "id": "subnet-0ac5402741f425ead",
            "ipv6_cidr_block": "",
            "ipv6_cidr_block_association_id": "",
            "ipv6_native": false,
            "map_customer_owned_ip_on_launch": false,
            "map_public_ip_on_launch": false,
            "outpost_arn": "",
            "owner_id": "323378118206",
            "private_dns_hostname_type_on_launch": "ip-name",
            "tags": {
              "Name": "drupaldemo-vpc-db-us-east-1c"
            },
            "tags_all": {
              "Name": "drupaldemo-vpc-db-us-east-1c"
            },
            "timeouts": null,
            "vpc_id": "vpc-01e7b93d21005e561"
          },
          "sensitive_attributes": [],
          "private": "eyJlMmJmYjczMC1lY2FhLTExZTYtOGY4OC0zNDM2M2JjN2M0YzAiOnsiY3JlYXRlIjo2MDAwMDAwMDAwMDAsImRlbGV0ZSI6MTIwMDAwMDAwMDAwMH0sInNjaGVtYV92ZXJzaW9uIjoiMSJ9",
          "dependencies": [
            "module.network.data.aws_availability_zones.available",
            "module.network.module.vpc.aws_vpc.this",
            "module.network.module.vpc.aws_vpc_ipv4_cidr_block_association.this"
          ],
          "create_before_destroy": true
        }
      ]
    },
    {
      "module": "module.network.module.vpc",
      "mode": "managed",
      "type": "aws_subnet",
      "name": "private",
      "provider": "provider[\"registry.terraform.io/hashicorp/aws\"]",
      "instances": [
        {
          "index_key": 0,
          "schema_version": 1,
          "attributes": {
            "arn": "arn:aws:ec2:us-east-1:323378118206:subnet/subnet-08e721d3e9727dab8",
            "assign_ipv6_address_on_creation": false,
            "availability_zone": "us-east-1a",
            "availability_zone_id": "use1-az2",
            "cidr_block": "10.0.1.0/24",
            "customer_owned_ipv4_pool": "",
            "enable_dns64": false,
            "enable_resource_name_dns_a_record_on_launch": false,
            "enable_resource_name_dns_aaaa_record_on_launch": false,
            "id": "subnet-08e721d3e9727dab8",
            "ipv6_cidr_block": "",
            "ipv6_cidr_block_association_id": "",
            "ipv6_native": false,
            "map_customer_owned_ip_on_launch": false,
            "map_public_ip_on_launch": false,
            "outpost_arn": "",
            "owner_id": "323378118206",
            "private_dns_hostname_type_on_launch": "ip-name",
            "tags": {
              "Name": "drupaldemo-vpc-private-us-east-1a"
            },
            "tags_all": {
              "Name": "drupaldemo-vpc-private-us-east-1a"
            },
            "timeouts": null,
            "vpc_id": "vpc-01e7b93d21005e561"
          },
          "sensitive_attributes": [],
          "private": "eyJlMmJmYjczMC1lY2FhLTExZTYtOGY4OC0zNDM2M2JjN2M0YzAiOnsiY3JlYXRlIjo2MDAwMDAwMDAwMDAsImRlbGV0ZSI6MTIwMDAwMDAwMDAwMH0sInNjaGVtYV92ZXJzaW9uIjoiMSJ9",
          "dependencies": [
            "module.network.data.aws_availability_zones.available",
            "module.network.module.vpc.aws_vpc.this",
            "module.network.module.vpc.aws_vpc_ipv4_cidr_block_association.this"
          ],
          "create_before_destroy": true
        },
        {
          "index_key": 1,
          "schema_version": 1,
          "attributes": {
            "arn": "arn:aws:ec2:us-east-1:323378118206:subnet/subnet-08faa06458d5978a9",
            "assign_ipv6_address_on_creation": false,
            "availability_zone": "us-east-1b",
            "availability_zone_id": "use1-az4",
            "cidr_block": "10.0.2.0/24",
            "customer_owned_ipv4_pool": "",
            "enable_dns64": false,
            "enable_resource_name_dns_a_record_on_launch": false,
            "enable_resource_name_dns_aaaa_record_on_launch": false,
            "id": "subnet-08faa06458d5978a9",
            "ipv6_cidr_block": "",
            "ipv6_cidr_block_association_id": "",
            "ipv6_native": false,
            "map_customer_owned_ip_on_launch": false,
            "map_public_ip_on_launch": false,
            "outpost_arn": "",
            "owner_id": "323378118206",
            "private_dns_hostname_type_on_launch": "ip-name",
            "tags": {
              "Name": "drupaldemo-vpc-private-us-east-1b"
            },
            "tags_all": {
              "Name": "drupaldemo-vpc-private-us-east-1b"
            },
            "timeouts": null,
            "vpc_id": "vpc-01e7b93d21005e561"
          },
          "sensitive_attributes": [],
          "private": "eyJlMmJmYjczMC1lY2FhLTExZTYtOGY4OC0zNDM2M2JjN2M0YzAiOnsiY3JlYXRlIjo2MDAwMDAwMDAwMDAsImRlbGV0ZSI6MTIwMDAwMDAwMDAwMH0sInNjaGVtYV92ZXJzaW9uIjoiMSJ9",
          "dependencies": [
            "module.network.data.aws_availability_zones.available",
            "module.network.module.vpc.aws_vpc.this",
            "module.network.module.vpc.aws_vpc_ipv4_cidr_block_association.this"
          ],
          "create_before_destroy": true
        },
        {
          "index_key": 2,
          "schema_version": 1,
          "attributes": {
            "arn": "arn:aws:ec2:us-east-1:323378118206:subnet/subnet-0e0d1f059d58eec88",
            "assign_ipv6_address_on_creation": false,
            "availability_zone": "us-east-1c",
            "availability_zone_id": "use1-az6",
            "cidr_block": "10.0.3.0/24",
            "customer_owned_ipv4_pool": "",
            "enable_dns64": false,
            "enable_resource_name_dns_a_record_on_launch": false,
            "enable_resource_name_dns_aaaa_record_on_launch": false,
            "id": "subnet-0e0d1f059d58eec88",
            "ipv6_cidr_block": "",
            "ipv6_cidr_block_association_id": "",
            "ipv6_native": false,
            "map_customer_owned_ip_on_launch": false,
            "map_public_ip_on_launch": false,
            "outpost_arn": "",
            "owner_id": "323378118206",
            "private_dns_hostname_type_on_launch": "ip-name",
            "tags": {
              "Name": "drupaldemo-vpc-private-us-east-1c"
            },
            "tags_all": {
              "Name": "drupaldemo-vpc-private-us-east-1c"
            },
            "timeouts": null,
            "vpc_id": "vpc-01e7b93d21005e561"
          },
          "sensitive_attributes": [],
          "private": "eyJlMmJmYjczMC1lY2FhLTExZTYtOGY4OC0zNDM2M2JjN2M0YzAiOnsiY3JlYXRlIjo2MDAwMDAwMDAwMDAsImRlbGV0ZSI6MTIwMDAwMDAwMDAwMH0sInNjaGVtYV92ZXJzaW9uIjoiMSJ9",
          "dependencies": [
            "module.network.data.aws_availability_zones.available",
            "module.network.module.vpc.aws_vpc.this",
            "module.network.module.vpc.aws_vpc_ipv4_cidr_block_association.this"
          ],
          "create_before_destroy": true
        }
      ]
    },
    {
      "module": "module.network.module.vpc",
      "mode": "managed",
      "type": "aws_subnet",
      "name": "public",
      "provider": "provider[\"registry.terraform.io/hashicorp/aws\"]",
      "instances": [
        {
          "index_key": 0,
          "schema_version": 1,
          "attributes": {
            "arn": "arn:aws:ec2:us-east-1:323378118206:subnet/subnet-0fa9c731ed72b2458",
            "assign_ipv6_address_on_creation": false,
            "availability_zone": "us-east-1a",
            "availability_zone_id": "use1-az2",
            "cidr_block": "10.0.101.0/24",
            "customer_owned_ipv4_pool": "",
            "enable_dns64": false,
            "enable_resource_name_dns_a_record_on_launch": false,
            "enable_resource_name_dns_aaaa_record_on_launch": false,
            "id": "subnet-0fa9c731ed72b2458",
            "ipv6_cidr_block": "",
            "ipv6_cidr_block_association_id": "",
            "ipv6_native": false,
            "map_customer_owned_ip_on_launch": false,
            "map_public_ip_on_launch": true,
            "outpost_arn": "",
            "owner_id": "323378118206",
            "private_dns_hostname_type_on_launch": "ip-name",
            "tags": {
              "Name": "drupaldemo-vpc-public-us-east-1a"
            },
            "tags_all": {
              "Name": "drupaldemo-vpc-public-us-east-1a"
            },
            "timeouts": null,
            "vpc_id": "vpc-01e7b93d21005e561"
          },
          "sensitive_attributes": [],
          "private": "eyJlMmJmYjczMC1lY2FhLTExZTYtOGY4OC0zNDM2M2JjN2M0YzAiOnsiY3JlYXRlIjo2MDAwMDAwMDAwMDAsImRlbGV0ZSI6MTIwMDAwMDAwMDAwMH0sInNjaGVtYV92ZXJzaW9uIjoiMSJ9",
          "dependencies": [
            "module.network.data.aws_availability_zones.available",
            "module.network.module.vpc.aws_vpc.this",
            "module.network.module.vpc.aws_vpc_ipv4_cidr_block_association.this"
          ],
          "create_before_destroy": true
        },
        {
          "index_key": 1,
          "schema_version": 1,
          "attributes": {
            "arn": "arn:aws:ec2:us-east-1:323378118206:subnet/subnet-06cd09a1c487d2098",
            "assign_ipv6_address_on_creation": false,
            "availability_zone": "us-east-1b",
            "availability_zone_id": "use1-az4",
            "cidr_block": "10.0.102.0/24",
            "customer_owned_ipv4_pool": "",
            "enable_dns64": false,
            "enable_resource_name_dns_a_record_on_launch": false,
            "enable_resource_name_dns_aaaa_record_on_launch": false,
            "id": "subnet-06cd09a1c487d2098",
            "ipv6_cidr_block": "",
            "ipv6_cidr_block_association_id": "",
            "ipv6_native": false,
            "map_customer_owned_ip_on_launch": false,
            "map_public_ip_on_launch": true,
            "outpost_arn": "",
            "owner_id": "323378118206",
            "private_dns_hostname_type_on_launch": "ip-name",
            "tags": {
              "Name": "drupaldemo-vpc-public-us-east-1b"
            },
            "tags_all": {
              "Name": "drupaldemo-vpc-public-us-east-1b"
            },
            "timeouts": null,
            "vpc_id": "vpc-01e7b93d21005e561"
          },
          "sensitive_attributes": [],
          "private": "eyJlMmJmYjczMC1lY2FhLTExZTYtOGY4OC0zNDM2M2JjN2M0YzAiOnsiY3JlYXRlIjo2MDAwMDAwMDAwMDAsImRlbGV0ZSI6MTIwMDAwMDAwMDAwMH0sInNjaGVtYV92ZXJzaW9uIjoiMSJ9",
          "dependencies": [
            "module.network.data.aws_availability_zones.available",
            "module.network.module.vpc.aws_vpc.this",
            "module.network.module.vpc.aws_vpc_ipv4_cidr_block_association.this"
          ],
          "create_before_destroy": true
        },
        {
          "index_key": 2,
          "schema_version": 1,
          "attributes": {
            "arn": "arn:aws:ec2:us-east-1:323378118206:subnet/subnet-0d63b3d19779cb3c7",
            "assign_ipv6_address_on_creation": false,
            "availability_zone": "us-east-1c",
            "availability_zone_id": "use1-az6",
            "cidr_block": "10.0.103.0/24",
            "customer_owned_ipv4_pool": "",
            "enable_dns64": false,
            "enable_resource_name_dns_a_record_on_launch": false,
            "enable_resource_name_dns_aaaa_record_on_launch": false,
            "id": "subnet-0d63b3d19779cb3c7",
            "ipv6_cidr_block": "",
            "ipv6_cidr_block_association_id": "",
            "ipv6_native": false,
            "map_customer_owned_ip_on_launch": false,
            "map_public_ip_on_launch": true,
            "outpost_arn": "",
            "owner_id": "323378118206",
            "private_dns_hostname_type_on_launch": "ip-name",
            "tags": {
              "Name": "drupaldemo-vpc-public-us-east-1c"
            },
            "tags_all": {
              "Name": "drupaldemo-vpc-public-us-east-1c"
            },
            "timeouts": null,
            "vpc_id": "vpc-01e7b93d21005e561"
          },
          "sensitive_attributes": [],
          "private": "eyJlMmJmYjczMC1lY2FhLTExZTYtOGY4OC0zNDM2M2JjN2M0YzAiOnsiY3JlYXRlIjo2MDAwMDAwMDAwMDAsImRlbGV0ZSI6MTIwMDAwMDAwMDAwMH0sInNjaGVtYV92ZXJzaW9uIjoiMSJ9",
          "dependencies": [
            "module.network.data.aws_availability_zones.available",
            "module.network.module.vpc.aws_vpc.this",
            "module.network.module.vpc.aws_vpc_ipv4_cidr_block_association.this"
          ],
          "create_before_destroy": true
        }
      ]
    },
    {
      "module": "module.network.module.vpc",
      "mode": "managed",
      "type": "aws_vpc",
      "name": "this",
      "provider": "provider[\"registry.terraform.io/hashicorp/aws\"]",
      "instances": [
        {
          "index_key": 0,
          "schema_version": 1,
          "attributes": {
            "arn": "arn:aws:ec2:us-east-1:323378118206:vpc/vpc-01e7b93d21005e561",
            "assign_generated_ipv6_cidr_block": false,
            "cidr_block": "10.0.0.0/16",
            "default_network_acl_id": "acl-043b210c5cf272f65",
            "default_route_table_id": "rtb-0c76906fb029bcd87",
            "default_security_group_id": "sg-051a31e50bc723898",
            "dhcp_options_id": "dopt-06643021fce4a26a4",
            "enable_classiclink": false,
            "enable_classiclink_dns_support": false,
            "enable_dns_hostnames": false,
            "enable_dns_support": true,
            "id": "vpc-01e7b93d21005e561",
            "instance_tenancy": "default",
            "ipv4_ipam_pool_id": null,
            "ipv4_netmask_length": null,
            "ipv6_association_id": "",
            "ipv6_cidr_block": "",
            "ipv6_cidr_block_network_border_group": "",
            "ipv6_ipam_pool_id": "",
            "ipv6_netmask_length": 0,
            "main_route_table_id": "rtb-0c76906fb029bcd87",
            "owner_id": "323378118206",
            "tags": {
              "Name": "drupaldemo-vpc"
            },
            "tags_all": {
              "Name": "drupaldemo-vpc"
            }
          },
          "sensitive_attributes": [],
          "private": "eyJzY2hlbWFfdmVyc2lvbiI6IjEifQ==",
          "create_before_destroy": true
        }
      ]
    },
    {
      "module": "module.network.module.websvr_sg",
      "mode": "managed",
      "type": "aws_security_group",
      "name": "security_group",
      "provider": "provider[\"registry.terraform.io/hashicorp/aws\"]",
      "instances": [
        {
          "schema_version": 1,
          "attributes": {
            "arn": "arn:aws:ec2:us-east-1:323378118206:security-group/sg-027576afa40536ebf",
            "description": "Managed by Terraform",
            "egress": [
              {
                "cidr_blocks": [
                  "0.0.0.0/0"
                ],
                "description": "",
                "from_port": 0,
                "ipv6_cidr_blocks": [],
                "prefix_list_ids": [],
                "protocol": "-1",
                "security_groups": [],
                "self": false,
                "to_port": 0
              }
            ],
            "id": "sg-027576afa40536ebf",
            "ingress": [
              {
                "cidr_blocks": [
                  "10.0.0.0/16"
                ],
                "description": "",
                "from_port": 22,
                "ipv6_cidr_blocks": [],
                "prefix_list_ids": [],
                "protocol": "tcp",
                "security_groups": [],
                "self": false,
                "to_port": 22
              },
              {
                "cidr_blocks": [],
                "description": "",
                "from_port": 0,
                "ipv6_cidr_blocks": [],
                "prefix_list_ids": [],
                "protocol": "-1",
                "security_groups": [],
                "self": true,
                "to_port": 0
              },
              {
                "cidr_blocks": [],
                "description": "",
                "from_port": 8080,
                "ipv6_cidr_blocks": [],
                "prefix_list_ids": [],
                "protocol": "tcp",
                "security_groups": [
                  "sg-0fe397347d5ecc33f"
                ],
                "self": false,
                "to_port": 8080
              }
            ],
            "name": "terraform-20220804170221801000000005",
            "name_prefix": "terraform-",
            "owner_id": "323378118206",
            "revoke_rules_on_delete": false,
            "tags": {},
            "tags_all": {},
            "timeouts": null,
            "vpc_id": "vpc-01e7b93d21005e561"
          },
          "sensitive_attributes": [],
          "private": "eyJlMmJmYjczMC1lY2FhLTExZTYtOGY4OC0zNDM2M2JjN2M0YzAiOnsiY3JlYXRlIjo2MDAwMDAwMDAwMDAsImRlbGV0ZSI6OTAwMDAwMDAwMDAwfSwic2NoZW1hX3ZlcnNpb24iOiIxIn0=",
          "dependencies": [
            "module.network.module.lb_sg.aws_security_group.security_group",
            "module.network.module.vpc.aws_vpc.this"
          ],
          "create_before_destroy": true
        }
      ]
    },
    {
      "module": "module.webserver",
      "mode": "managed",
      "type": "aws_autoscaling_group",
      "name": "webserver",
      "provider": "provider[\"registry.terraform.io/hashicorp/aws\"]",
      "instances": [
        {
          "schema_version": 0,
          "attributes": {
            "arn": "arn:aws:autoscaling:us-east-1:323378118206:autoScalingGroup:849e8999-0c8e-45c9-bb69-f7e94124b04c:autoScalingGroupName/drupaldemo-asg",
            "availability_zones": [
              "us-east-1a",
              "us-east-1b",
              "us-east-1c"
            ],
            "capacity_rebalance": false,
            "default_cooldown": 300,
            "desired_capacity": 1,
            "enabled_metrics": [],
            "force_delete": false,
            "force_delete_warm_pool": false,
            "health_check_grace_period": 300,
            "health_check_type": "EC2",
            "id": "drupaldemo-asg",
            "initial_lifecycle_hook": [],
            "instance_refresh": [],
            "launch_configuration": "",
            "launch_template": [
              {
                "id": "lt-021e441e377e799a3",
                "name": "drupaldemo20220804172645064500000001",
                "version": "1"
              }
            ],
            "load_balancers": [],
            "max_instance_lifetime": 0,
            "max_size": 3,
            "metrics_granularity": "1Minute",
            "min_elb_capacity": null,
            "min_size": 1,
            "mixed_instances_policy": [],
            "name": "drupaldemo-asg",
            "name_prefix": "",
            "placement_group": "",
            "protect_from_scale_in": false,
            "service_linked_role_arn": "arn:aws:iam::323378118206:role/aws-service-role/autoscaling.amazonaws.com/AWSServiceRoleForAutoScaling",
            "suspended_processes": [],
            "tag": [],
            "tags": null,
            "target_group_arns": [
              "arn:aws:elasticloadbalancing:us-east-1:323378118206:targetgroup/websvr20220804170649574800000007/96b84b1b4110b9ad"
            ],
            "termination_policies": [],
            "timeouts": null,
            "vpc_zone_identifier": [
              "subnet-08e721d3e9727dab8",
              "subnet-08faa06458d5978a9",
              "subnet-0e0d1f059d58eec88"
            ],
            "wait_for_capacity_timeout": "10m",
            "wait_for_elb_capacity": null,
            "warm_pool": []
          },
          "sensitive_attributes": [],
          "private": "eyJlMmJmYjczMC1lY2FhLTExZTYtOGY4OC0zNDM2M2JjN2M0YzAiOnsiZGVsZXRlIjo2MDAwMDAwMDAwMDAsInVwZGF0ZSI6NjAwMDAwMDAwMDAwfX0=",
          "dependencies": [
            "module.network.data.aws_availability_zones.available",
            "module.network.module.db_sg.aws_security_group.security_group",
            "module.network.module.lb_sg.aws_security_group.security_group",
            "module.network.module.vpc.aws_cloudwatch_log_group.flow_log",
            "module.network.module.vpc.aws_customer_gateway.this",
            "module.network.module.vpc.aws_db_subnet_group.database",
            "module.network.module.vpc.aws_default_network_acl.this",
            "module.network.module.vpc.aws_default_security_group.this",
            "module.network.module.vpc.aws_default_vpc.this",
            "module.network.module.vpc.aws_egress_only_internet_gateway.this",
            "module.network.module.vpc.aws_eip.nat",
            "module.network.module.vpc.aws_elasticache_subnet_group.elasticache",
            "module.network.module.vpc.aws_flow_log.this",
            "module.network.module.vpc.aws_iam_policy.vpc_flow_log_cloudwatch",
            "module.network.module.vpc.aws_iam_role.vpc_flow_log_cloudwatch",
            "module.network.module.vpc.aws_iam_role_policy_attachment.vpc_flow_log_cloudwatch",
            "module.network.module.vpc.aws_internet_gateway.this",
            "module.network.module.vpc.aws_nat_gateway.this",
            "module.network.module.vpc.aws_network_acl.database",
            "module.network.module.vpc.aws_network_acl.elasticache",
            "module.network.module.vpc.aws_network_acl.intra",
            "module.network.module.vpc.aws_network_acl.private",
            "module.network.module.vpc.aws_network_acl.public",
            "module.network.module.vpc.aws_network_acl.redshift",
            "module.network.module.vpc.aws_network_acl_rule.database_inbound",
            "module.network.module.vpc.aws_network_acl_rule.database_outbound",
            "module.network.module.vpc.aws_network_acl_rule.elasticache_inbound",
            "module.network.module.vpc.aws_network_acl_rule.elasticache_outbound",
            "module.network.module.vpc.aws_network_acl_rule.intra_inbound",
            "module.network.module.vpc.aws_network_acl_rule.intra_outbound",
            "module.network.module.vpc.aws_network_acl_rule.private_inbound",
            "module.network.module.vpc.aws_network_acl_rule.private_outbound",
            "module.network.module.vpc.aws_network_acl_rule.public_inbound",
            "module.network.module.vpc.aws_network_acl_rule.public_outbound",
            "module.network.module.vpc.aws_network_acl_rule.redshift_inbound",
            "module.network.module.vpc.aws_network_acl_rule.redshift_outbound",
            "module.network.module.vpc.aws_redshift_subnet_group.redshift",
            "module.network.module.vpc.aws_route.database_internet_gateway",
            "module.network.module.vpc.aws_route.database_ipv6_egress",
            "module.network.module.vpc.aws_route.database_nat_gateway",
            "module.network.module.vpc.aws_route.private_ipv6_egress",
            "module.network.module.vpc.aws_route.private_nat_gateway",
            "module.network.module.vpc.aws_route.public_internet_gateway",
            "module.network.module.vpc.aws_route.public_internet_gateway_ipv6",
            "module.network.module.vpc.aws_route_table.database",
            "module.network.module.vpc.aws_route_table.elasticache",
            "module.network.module.vpc.aws_route_table.intra",
            "module.network.module.vpc.aws_route_table.private",
            "module.network.module.vpc.aws_route_table.public",
            "module.network.module.vpc.aws_route_table.redshift",
            "module.network.module.vpc.aws_route_table_association.database",
            "module.network.module.vpc.aws_route_table_association.elasticache",
            "module.network.module.vpc.aws_route_table_association.intra",
            "module.network.module.vpc.aws_route_table_association.private",
            "module.network.module.vpc.aws_route_table_association.public",
            "module.network.module.vpc.aws_route_table_association.redshift",
            "module.network.module.vpc.aws_route_table_association.redshift_public",
            "module.network.module.vpc.aws_subnet.database",
            "module.network.module.vpc.aws_subnet.elasticache",
            "module.network.module.vpc.aws_subnet.intra",
            "module.network.module.vpc.aws_subnet.private",
            "module.network.module.vpc.aws_subnet.public",
            "module.network.module.vpc.aws_subnet.redshift",
            "module.network.module.vpc.aws_vpc.this",
            "module.network.module.vpc.aws_vpc_dhcp_options.this",
            "module.network.module.vpc.aws_vpc_dhcp_options_association.this",
            "module.network.module.vpc.aws_vpc_endpoint.access_analyzer",
            "module.network.module.vpc.aws_vpc_endpoint.acm_pca",
            "module.network.module.vpc.aws_vpc_endpoint.apigw",
            "module.network.module.vpc.aws_vpc_endpoint.appmesh_envoy_management",
            "module.network.module.vpc.aws_vpc_endpoint.appstream_api",
            "module.network.module.vpc.aws_vpc_endpoint.appstream_streaming",
            "module.network.module.vpc.aws_vpc_endpoint.athena",
            "module.network.module.vpc.aws_vpc_endpoint.auto_scaling_plans",
            "module.network.module.vpc.aws_vpc_endpoint.cloud_directory",
            "module.network.module.vpc.aws_vpc_endpoint.cloudformation",
            "module.network.module.vpc.aws_vpc_endpoint.cloudtrail",
            "module.network.module.vpc.aws_vpc_endpoint.codeartifact_api",
            "module.network.module.vpc.aws_vpc_endpoint.codeartifact_repositories",
            "module.network.module.vpc.aws_vpc_endpoint.codebuild",
            "module.network.module.vpc.aws_vpc_endpoint.codecommit",
            "module.network.module.vpc.aws_vpc_endpoint.codedeploy",
            "module.network.module.vpc.aws_vpc_endpoint.codedeploy_commands_secure",
            "module.network.module.vpc.aws_vpc_endpoint.codepipeline",
            "module.network.module.vpc.aws_vpc_endpoint.config",
            "module.network.module.vpc.aws_vpc_endpoint.datasync",
            "module.network.module.vpc.aws_vpc_endpoint.dynamodb",
            "module.network.module.vpc.aws_vpc_endpoint.ebs",
            "module.network.module.vpc.aws_vpc_endpoint.ec2",
            "module.network.module.vpc.aws_vpc_endpoint.ec2_autoscaling",
            "module.network.module.vpc.aws_vpc_endpoint.ec2messages",
            "module.network.module.vpc.aws_vpc_endpoint.ecr_api",
            "module.network.module.vpc.aws_vpc_endpoint.ecr_dkr",
            "module.network.module.vpc.aws_vpc_endpoint.ecs",
            "module.network.module.vpc.aws_vpc_endpoint.ecs_agent",
            "module.network.module.vpc.aws_vpc_endpoint.ecs_telemetry",
            "module.network.module.vpc.aws_vpc_endpoint.efs",
            "module.network.module.vpc.aws_vpc_endpoint.elastic_inference_runtime",
            "module.network.module.vpc.aws_vpc_endpoint.elasticbeanstalk",
            "module.network.module.vpc.aws_vpc_endpoint.elasticbeanstalk_health",
            "module.network.module.vpc.aws_vpc_endpoint.elasticloadbalancing",
            "module.network.module.vpc.aws_vpc_endpoint.emr",
            "module.network.module.vpc.aws_vpc_endpoint.events",
            "module.network.module.vpc.aws_vpc_endpoint.git_codecommit",
            "module.network.module.vpc.aws_vpc_endpoint.glue",
            "module.network.module.vpc.aws_vpc_endpoint.kinesis_firehose",
            "module.network.module.vpc.aws_vpc_endpoint.kinesis_streams",
            "module.network.module.vpc.aws_vpc_endpoint.kms",
            "module.network.module.vpc.aws_vpc_endpoint.lambda",
            "module.network.module.vpc.aws_vpc_endpoint.logs",
            "module.network.module.vpc.aws_vpc_endpoint.monitoring",
            "module.network.module.vpc.aws_vpc_endpoint.qldb_session",
            "module.network.module.vpc.aws_vpc_endpoint.rds",
            "module.network.module.vpc.aws_vpc_endpoint.rekognition",
            "module.network.module.vpc.aws_vpc_endpoint.s3",
            "module.network.module.vpc.aws_vpc_endpoint.sagemaker_api",
            "module.network.module.vpc.aws_vpc_endpoint.sagemaker_notebook",
            "module.network.module.vpc.aws_vpc_endpoint.sagemaker_runtime",
            "module.network.module.vpc.aws_vpc_endpoint.secretsmanager",
            "module.network.module.vpc.aws_vpc_endpoint.servicecatalog",
            "module.network.module.vpc.aws_vpc_endpoint.ses",
            "module.network.module.vpc.aws_vpc_endpoint.sms",
            "module.network.module.vpc.aws_vpc_endpoint.sns",
            "module.network.module.vpc.aws_vpc_endpoint.sqs",
            "module.network.module.vpc.aws_vpc_endpoint.ssm",
            "module.network.module.vpc.aws_vpc_endpoint.ssmmessages",
            "module.network.module.vpc.aws_vpc_endpoint.states",
            "module.network.module.vpc.aws_vpc_endpoint.storagegateway",
            "module.network.module.vpc.aws_vpc_endpoint.sts",
            "module.network.module.vpc.aws_vpc_endpoint.textract",
            "module.network.module.vpc.aws_vpc_endpoint.transfer",
            "module.network.module.vpc.aws_vpc_endpoint.transferserver",
            "module.network.module.vpc.aws_vpc_endpoint.workspaces",
            "module.network.module.vpc.aws_vpc_endpoint_route_table_association.intra_dynamodb",
            "module.network.module.vpc.aws_vpc_endpoint_route_table_association.intra_s3",
            "module.network.module.vpc.aws_vpc_endpoint_route_table_association.private_dynamodb",
            "module.network.module.vpc.aws_vpc_endpoint_route_table_association.private_s3",
            "module.network.module.vpc.aws_vpc_endpoint_route_table_association.public_dynamodb",
            "module.network.module.vpc.aws_vpc_endpoint_route_table_association.public_s3",
            "module.network.module.vpc.aws_vpc_ipv4_cidr_block_association.this",
            "module.network.module.vpc.aws_vpn_gateway.this",
            "module.network.module.vpc.aws_vpn_gateway_attachment.this",
            "module.network.module.vpc.aws_vpn_gateway_route_propagation.intra",
            "module.network.module.vpc.aws_vpn_gateway_route_propagation.private",
            "module.network.module.vpc.aws_vpn_gateway_route_propagation.public",
            "module.network.module.vpc.data.aws_iam_policy_document.flow_log_cloudwatch_assume_role",
            "module.network.module.vpc.data.aws_iam_policy_document.vpc_flow_log_cloudwatch",
            "module.network.module.vpc.data.aws_vpc_endpoint_service.access_analyzer",
            "module.network.module.vpc.data.aws_vpc_endpoint_service.acm_pca",
            "module.network.module.vpc.data.aws_vpc_endpoint_service.apigw",
            "module.network.module.vpc.data.aws_vpc_endpoint_service.appmesh_envoy_management",
            "module.network.module.vpc.data.aws_vpc_endpoint_service.appstream_api",
            "module.network.module.vpc.data.aws_vpc_endpoint_service.appstream_streaming",
            "module.network.module.vpc.data.aws_vpc_endpoint_service.athena",
            "module.network.module.vpc.data.aws_vpc_endpoint_service.auto_scaling_plans",
            "module.network.module.vpc.data.aws_vpc_endpoint_service.cloud_directory",
            "module.network.module.vpc.data.aws_vpc_endpoint_service.cloudformation",
            "module.network.module.vpc.data.aws_vpc_endpoint_service.cloudtrail",
            "module.network.module.vpc.data.aws_vpc_endpoint_service.codeartifact_api",
            "module.network.module.vpc.data.aws_vpc_endpoint_service.codeartifact_repositories",
            "module.network.module.vpc.data.aws_vpc_endpoint_service.codebuild",
            "module.network.module.vpc.data.aws_vpc_endpoint_service.codecommit",
            "module.network.module.vpc.data.aws_vpc_endpoint_service.codedeploy",
            "module.network.module.vpc.data.aws_vpc_endpoint_service.codedeploy_commands_secure",
            "module.network.module.vpc.data.aws_vpc_endpoint_service.codepipeline",
            "module.network.module.vpc.data.aws_vpc_endpoint_service.config",
            "module.network.module.vpc.data.aws_vpc_endpoint_service.datasync",
            "module.network.module.vpc.data.aws_vpc_endpoint_service.dynamodb",
            "module.network.module.vpc.data.aws_vpc_endpoint_service.ebs",
            "module.network.module.vpc.data.aws_vpc_endpoint_service.ec2",
            "module.network.module.vpc.data.aws_vpc_endpoint_service.ec2_autoscaling",
            "module.network.module.vpc.data.aws_vpc_endpoint_service.ec2messages",
            "module.network.module.vpc.data.aws_vpc_endpoint_service.ecr_api",
            "module.network.module.vpc.data.aws_vpc_endpoint_service.ecr_dkr",
            "module.network.module.vpc.data.aws_vpc_endpoint_service.ecs",
            "module.network.module.vpc.data.aws_vpc_endpoint_service.ecs_agent",
            "module.network.module.vpc.data.aws_vpc_endpoint_service.ecs_telemetry",
            "module.network.module.vpc.data.aws_vpc_endpoint_service.efs",
            "module.network.module.vpc.data.aws_vpc_endpoint_service.elastic_inference_runtime",
            "module.network.module.vpc.data.aws_vpc_endpoint_service.elasticbeanstalk",
            "module.network.module.vpc.data.aws_vpc_endpoint_service.elasticbeanstalk_health",
            "module.network.module.vpc.data.aws_vpc_endpoint_service.elasticloadbalancing",
            "module.network.module.vpc.data.aws_vpc_endpoint_service.emr",
            "module.network.module.vpc.data.aws_vpc_endpoint_service.events",
            "module.network.module.vpc.data.aws_vpc_endpoint_service.git_codecommit",
            "module.network.module.vpc.data.aws_vpc_endpoint_service.glue",
            "module.network.module.vpc.data.aws_vpc_endpoint_service.kinesis_firehose",
            "module.network.module.vpc.data.aws_vpc_endpoint_service.kinesis_streams",
            "module.network.module.vpc.data.aws_vpc_endpoint_service.kms",
            "module.network.module.vpc.data.aws_vpc_endpoint_service.lambda",
            "module.network.module.vpc.data.aws_vpc_endpoint_service.logs",
            "module.network.module.vpc.data.aws_vpc_endpoint_service.monitoring",
            "module.network.module.vpc.data.aws_vpc_endpoint_service.qldb_session",
            "module.network.module.vpc.data.aws_vpc_endpoint_service.rds",
            "module.network.module.vpc.data.aws_vpc_endpoint_service.rekognition",
            "module.network.module.vpc.data.aws_vpc_endpoint_service.s3",
            "module.network.module.vpc.data.aws_vpc_endpoint_service.sagemaker_api",
            "module.network.module.vpc.data.aws_vpc_endpoint_service.sagemaker_notebook",
            "module.network.module.vpc.data.aws_vpc_endpoint_service.sagemaker_runtime",
            "module.network.module.vpc.data.aws_vpc_endpoint_service.secretsmanager",
            "module.network.module.vpc.data.aws_vpc_endpoint_service.servicecatalog",
            "module.network.module.vpc.data.aws_vpc_endpoint_service.ses",
            "module.network.module.vpc.data.aws_vpc_endpoint_service.sms",
            "module.network.module.vpc.data.aws_vpc_endpoint_service.sns",
            "module.network.module.vpc.data.aws_vpc_endpoint_service.sqs",
            "module.network.module.vpc.data.aws_vpc_endpoint_service.ssm",
            "module.network.module.vpc.data.aws_vpc_endpoint_service.ssmmessages",
            "module.network.module.vpc.data.aws_vpc_endpoint_service.states",
            "module.network.module.vpc.data.aws_vpc_endpoint_service.storagegateway",
            "module.network.module.vpc.data.aws_vpc_endpoint_service.sts",
            "module.network.module.vpc.data.aws_vpc_endpoint_service.textract",
            "module.network.module.vpc.data.aws_vpc_endpoint_service.transfer",
            "module.network.module.vpc.data.aws_vpc_endpoint_service.transferserver",
            "module.network.module.vpc.data.aws_vpc_endpoint_service.workspaces",
            "module.network.module.websvr_sg.aws_security_group.security_group",
            "module.webserver.aws_launch_template.webserver",
            "module.webserver.module.alb.aws_lb.this",
            "module.webserver.module.alb.aws_lb_target_group.main",
            "module.webserver.module.iam_instance_profile.aws_iam_instance_profile.iam_instance_profile",
            "module.webserver.module.iam_instance_profile.aws_iam_role.iam_role"
          ]
        }
      ]
    },
    {
      "module": "module.webserver",
      "mode": "managed",
      "type": "aws_launch_template",
      "name": "webserver",
      "provider": "provider[\"registry.terraform.io/hashicorp/aws\"]",
      "instances": [
        {
          "schema_version": 0,
          "attributes": {
            "arn": "arn:aws:ec2:us-east-1:323378118206:launch-template/lt-021e441e377e799a3",
            "block_device_mappings": [],
            "capacity_reservation_specification": [],
            "cpu_options": [],
            "credit_specification": [],
            "default_version": 1,
            "description": "",
            "disable_api_termination": false,
            "ebs_optimized": "",
            "elastic_gpu_specifications": [],
            "elastic_inference_accelerator": [],
            "enclave_options": [],
            "hibernation_options": [],
            "iam_instance_profile": [
              {
                "arn": "",
                "name": "terraform-20220804170216971700000003"
              }
            ],
            "id": "lt-021e441e377e799a3",
            "image_id": "ami-0cff7528ff583bf9a",
            "instance_initiated_shutdown_behavior": "",
            "instance_market_options": [],
            "instance_type": "t2.micro",
            "kernel_id": "",
            "key_name": "",
            "latest_version": 1,
            "license_specification": [],
            "metadata_options": [],
            "monitoring": [],
            "name": "drupaldemo20220804172645064500000001",
            "name_prefix": "drupaldemo",
            "network_interfaces": [],
            "placement": [],
            "ram_disk_id": "",
            "security_group_names": [],
            "tag_specifications": [],
            "tags": {},
            "tags_all": {},
            "update_default_version": null,
            "user_data": "CiMhL2Jpbi9iYXNoCnN1ZG8gc3UKeXVtIHVwZGF0ZSAteQp5dW0gLXkgaW5zdGFsbCBodHRwZAp5dW0gaW5zdGFsbCAteSBhbWF6b24tbGludXgtZXh0cmFzIHBocAphbWF6b24tbGludXgtZXh0cmFzIGVuYWJsZSBwaHA4LjAKc3lzdGVtY3RsIGVuYWJsZSBodHRwZApzeXN0ZW1jdGwgc3RhcnQgaHR0cGQKd2dldCBodHRwczovL3d3dy5kcnVwYWwub3JnL2Rvd25sb2FkLWxhdGVzdC96aXAKdW56aXAgemlwCm12IC9kcnVwYWwtKi8uKiAvdmFyL3d3dy9odG1sLwptdiAtdiAvZHJ1cGFsLSovKiAvdmFyL3d3dy9odG1sLwpjaG93biAtUiBhcGFjaGU6YXBhY2hlIC92YXIvd3d3L2h0bWwvCmNwIC92YXIvd3d3L2h0bWwvc2l0ZXMvZGVmYXVsdC9kZWZhdWx0LnNldHRpbmdzLnBocCAvdmFyL3d3dy9odG1sL3NpdGVzL2RlZmF1bHQvc2V0dGluZ3MucGhwCmNobW9kIGErdyAvdmFyL3d3dy9odG1sL3NpdGVzL2RlZmF1bHQvc2V0dGluZ3MucGhwCmNobW9kIGErdyAvdmFyL3d3dy9odG1sL3NpdGVzL2RlZmF1bHQKc3VkbyBzZXJ2aWNlIGh0dHBkIHJlc3RhcnQKc3VkbyBzZXJ2aWNlIGh0dHBkIHN0YXJ0",
            "vpc_security_group_ids": [
              "sg-027576afa40536ebf"
            ]
          },
          "sensitive_attributes": [],
          "private": "bnVsbA==",
          "dependencies": [
            "module.network.module.db_sg.aws_security_group.security_group",
            "module.network.module.lb_sg.aws_security_group.security_group",
            "module.network.module.vpc.aws_vpc.this",
            "module.network.module.websvr_sg.aws_security_group.security_group",
            "module.webserver.module.iam_instance_profile.aws_iam_instance_profile.iam_instance_profile",
            "module.webserver.module.iam_instance_profile.aws_iam_role.iam_role"
          ]
        }
      ]
    },
    {
      "module": "module.webserver.module.alb",
      "mode": "managed",
      "type": "aws_lb",
      "name": "this",
      "provider": "provider[\"registry.terraform.io/hashicorp/aws\"]",
      "instances": [
        {
          "index_key": 0,
          "schema_version": 0,
          "attributes": {
            "access_logs": [
              {
                "bucket": "",
                "enabled": false,
                "prefix": ""
              }
            ],
            "arn": "arn:aws:elasticloadbalancing:us-east-1:323378118206:loadbalancer/app/drupaldemo/ced620d2641ef232",
            "arn_suffix": "app/drupaldemo/ced620d2641ef232",
            "customer_owned_ipv4_pool": "",
            "desync_mitigation_mode": "defensive",
            "dns_name": "drupaldemo-1032111072.us-east-1.elb.amazonaws.com",
            "drop_invalid_header_fields": false,
            "enable_cross_zone_load_balancing": null,
            "enable_deletion_protection": false,
            "enable_http2": true,
            "enable_waf_fail_open": false,
            "id": "arn:aws:elasticloadbalancing:us-east-1:323378118206:loadbalancer/app/drupaldemo/ced620d2641ef232",
            "idle_timeout": 60,
            "internal": false,
            "ip_address_type": "ipv4",
            "load_balancer_type": "application",
            "name": "drupaldemo",
            "name_prefix": null,
            "security_groups": [
              "sg-0fe397347d5ecc33f"
            ],
            "subnet_mapping": [
              {
                "allocation_id": "",
                "ipv6_address": "",
                "outpost_id": "",
                "private_ipv4_address": "",
                "subnet_id": "subnet-06cd09a1c487d2098"
              },
              {
                "allocation_id": "",
                "ipv6_address": "",
                "outpost_id": "",
                "private_ipv4_address": "",
                "subnet_id": "subnet-0d63b3d19779cb3c7"
              },
              {
                "allocation_id": "",
                "ipv6_address": "",
                "outpost_id": "",
                "private_ipv4_address": "",
                "subnet_id": "subnet-0fa9c731ed72b2458"
              }
            ],
            "subnets": [
              "subnet-06cd09a1c487d2098",
              "subnet-0d63b3d19779cb3c7",
              "subnet-0fa9c731ed72b2458"
            ],
            "tags": {
              "Name": "drupaldemo"
            },
            "tags_all": {
              "Name": "drupaldemo"
            },
            "timeouts": {
              "create": "10m",
              "delete": "10m",
              "update": "10m"
            },
            "vpc_id": "vpc-01e7b93d21005e561",
            "zone_id": "Z35SXDOTRQ7X7K"
          },
          "sensitive_attributes": [],
          "private": "eyJlMmJmYjczMC1lY2FhLTExZTYtOGY4OC0zNDM2M2JjN2M0YzAiOnsiY3JlYXRlIjo2MDAwMDAwMDAwMDAsImRlbGV0ZSI6NjAwMDAwMDAwMDAwLCJ1cGRhdGUiOjYwMDAwMDAwMDAwMH19",
          "dependencies": [
            "module.network.data.aws_availability_zones.available",
            "module.network.module.db_sg.aws_security_group.security_group",
            "module.network.module.lb_sg.aws_security_group.security_group",
            "module.network.module.vpc.aws_cloudwatch_log_group.flow_log",
            "module.network.module.vpc.aws_customer_gateway.this",
            "module.network.module.vpc.aws_db_subnet_group.database",
            "module.network.module.vpc.aws_default_network_acl.this",
            "module.network.module.vpc.aws_default_security_group.this",
            "module.network.module.vpc.aws_default_vpc.this",
            "module.network.module.vpc.aws_egress_only_internet_gateway.this",
            "module.network.module.vpc.aws_eip.nat",
            "module.network.module.vpc.aws_elasticache_subnet_group.elasticache",
            "module.network.module.vpc.aws_flow_log.this",
            "module.network.module.vpc.aws_iam_policy.vpc_flow_log_cloudwatch",
            "module.network.module.vpc.aws_iam_role.vpc_flow_log_cloudwatch",
            "module.network.module.vpc.aws_iam_role_policy_attachment.vpc_flow_log_cloudwatch",
            "module.network.module.vpc.aws_internet_gateway.this",
            "module.network.module.vpc.aws_nat_gateway.this",
            "module.network.module.vpc.aws_network_acl.database",
            "module.network.module.vpc.aws_network_acl.elasticache",
            "module.network.module.vpc.aws_network_acl.intra",
            "module.network.module.vpc.aws_network_acl.private",
            "module.network.module.vpc.aws_network_acl.public",
            "module.network.module.vpc.aws_network_acl.redshift",
            "module.network.module.vpc.aws_network_acl_rule.database_inbound",
            "module.network.module.vpc.aws_network_acl_rule.database_outbound",
            "module.network.module.vpc.aws_network_acl_rule.elasticache_inbound",
            "module.network.module.vpc.aws_network_acl_rule.elasticache_outbound",
            "module.network.module.vpc.aws_network_acl_rule.intra_inbound",
            "module.network.module.vpc.aws_network_acl_rule.intra_outbound",
            "module.network.module.vpc.aws_network_acl_rule.private_inbound",
            "module.network.module.vpc.aws_network_acl_rule.private_outbound",
            "module.network.module.vpc.aws_network_acl_rule.public_inbound",
            "module.network.module.vpc.aws_network_acl_rule.public_outbound",
            "module.network.module.vpc.aws_network_acl_rule.redshift_inbound",
            "module.network.module.vpc.aws_network_acl_rule.redshift_outbound",
            "module.network.module.vpc.aws_redshift_subnet_group.redshift",
            "module.network.module.vpc.aws_route.database_internet_gateway",
            "module.network.module.vpc.aws_route.database_ipv6_egress",
            "module.network.module.vpc.aws_route.database_nat_gateway",
            "module.network.module.vpc.aws_route.private_ipv6_egress",
            "module.network.module.vpc.aws_route.private_nat_gateway",
            "module.network.module.vpc.aws_route.public_internet_gateway",
            "module.network.module.vpc.aws_route.public_internet_gateway_ipv6",
            "module.network.module.vpc.aws_route_table.database",
            "module.network.module.vpc.aws_route_table.elasticache",
            "module.network.module.vpc.aws_route_table.intra",
            "module.network.module.vpc.aws_route_table.private",
            "module.network.module.vpc.aws_route_table.public",
            "module.network.module.vpc.aws_route_table.redshift",
            "module.network.module.vpc.aws_route_table_association.database",
            "module.network.module.vpc.aws_route_table_association.elasticache",
            "module.network.module.vpc.aws_route_table_association.intra",
            "module.network.module.vpc.aws_route_table_association.private",
            "module.network.module.vpc.aws_route_table_association.public",
            "module.network.module.vpc.aws_route_table_association.redshift",
            "module.network.module.vpc.aws_route_table_association.redshift_public",
            "module.network.module.vpc.aws_subnet.database",
            "module.network.module.vpc.aws_subnet.elasticache",
            "module.network.module.vpc.aws_subnet.intra",
            "module.network.module.vpc.aws_subnet.private",
            "module.network.module.vpc.aws_subnet.public",
            "module.network.module.vpc.aws_subnet.redshift",
            "module.network.module.vpc.aws_vpc.this",
            "module.network.module.vpc.aws_vpc_dhcp_options.this",
            "module.network.module.vpc.aws_vpc_dhcp_options_association.this",
            "module.network.module.vpc.aws_vpc_endpoint.access_analyzer",
            "module.network.module.vpc.aws_vpc_endpoint.acm_pca",
            "module.network.module.vpc.aws_vpc_endpoint.apigw",
            "module.network.module.vpc.aws_vpc_endpoint.appmesh_envoy_management",
            "module.network.module.vpc.aws_vpc_endpoint.appstream_api",
            "module.network.module.vpc.aws_vpc_endpoint.appstream_streaming",
            "module.network.module.vpc.aws_vpc_endpoint.athena",
            "module.network.module.vpc.aws_vpc_endpoint.auto_scaling_plans",
            "module.network.module.vpc.aws_vpc_endpoint.cloud_directory",
            "module.network.module.vpc.aws_vpc_endpoint.cloudformation",
            "module.network.module.vpc.aws_vpc_endpoint.cloudtrail",
            "module.network.module.vpc.aws_vpc_endpoint.codeartifact_api",
            "module.network.module.vpc.aws_vpc_endpoint.codeartifact_repositories",
            "module.network.module.vpc.aws_vpc_endpoint.codebuild",
            "module.network.module.vpc.aws_vpc_endpoint.codecommit",
            "module.network.module.vpc.aws_vpc_endpoint.codedeploy",
            "module.network.module.vpc.aws_vpc_endpoint.codedeploy_commands_secure",
            "module.network.module.vpc.aws_vpc_endpoint.codepipeline",
            "module.network.module.vpc.aws_vpc_endpoint.config",
            "module.network.module.vpc.aws_vpc_endpoint.datasync",
            "module.network.module.vpc.aws_vpc_endpoint.dynamodb",
            "module.network.module.vpc.aws_vpc_endpoint.ebs",
            "module.network.module.vpc.aws_vpc_endpoint.ec2",
            "module.network.module.vpc.aws_vpc_endpoint.ec2_autoscaling",
            "module.network.module.vpc.aws_vpc_endpoint.ec2messages",
            "module.network.module.vpc.aws_vpc_endpoint.ecr_api",
            "module.network.module.vpc.aws_vpc_endpoint.ecr_dkr",
            "module.network.module.vpc.aws_vpc_endpoint.ecs",
            "module.network.module.vpc.aws_vpc_endpoint.ecs_agent",
            "module.network.module.vpc.aws_vpc_endpoint.ecs_telemetry",
            "module.network.module.vpc.aws_vpc_endpoint.efs",
            "module.network.module.vpc.aws_vpc_endpoint.elastic_inference_runtime",
            "module.network.module.vpc.aws_vpc_endpoint.elasticbeanstalk",
            "module.network.module.vpc.aws_vpc_endpoint.elasticbeanstalk_health",
            "module.network.module.vpc.aws_vpc_endpoint.elasticloadbalancing",
            "module.network.module.vpc.aws_vpc_endpoint.emr",
            "module.network.module.vpc.aws_vpc_endpoint.events",
            "module.network.module.vpc.aws_vpc_endpoint.git_codecommit",
            "module.network.module.vpc.aws_vpc_endpoint.glue",
            "module.network.module.vpc.aws_vpc_endpoint.kinesis_firehose",
            "module.network.module.vpc.aws_vpc_endpoint.kinesis_streams",
            "module.network.module.vpc.aws_vpc_endpoint.kms",
            "module.network.module.vpc.aws_vpc_endpoint.lambda",
            "module.network.module.vpc.aws_vpc_endpoint.logs",
            "module.network.module.vpc.aws_vpc_endpoint.monitoring",
            "module.network.module.vpc.aws_vpc_endpoint.qldb_session",
            "module.network.module.vpc.aws_vpc_endpoint.rds",
            "module.network.module.vpc.aws_vpc_endpoint.rekognition",
            "module.network.module.vpc.aws_vpc_endpoint.s3",
            "module.network.module.vpc.aws_vpc_endpoint.sagemaker_api",
            "module.network.module.vpc.aws_vpc_endpoint.sagemaker_notebook",
            "module.network.module.vpc.aws_vpc_endpoint.sagemaker_runtime",
            "module.network.module.vpc.aws_vpc_endpoint.secretsmanager",
            "module.network.module.vpc.aws_vpc_endpoint.servicecatalog",
            "module.network.module.vpc.aws_vpc_endpoint.ses",
            "module.network.module.vpc.aws_vpc_endpoint.sms",
            "module.network.module.vpc.aws_vpc_endpoint.sns",
            "module.network.module.vpc.aws_vpc_endpoint.sqs",
            "module.network.module.vpc.aws_vpc_endpoint.ssm",
            "module.network.module.vpc.aws_vpc_endpoint.ssmmessages",
            "module.network.module.vpc.aws_vpc_endpoint.states",
            "module.network.module.vpc.aws_vpc_endpoint.storagegateway",
            "module.network.module.vpc.aws_vpc_endpoint.sts",
            "module.network.module.vpc.aws_vpc_endpoint.textract",
            "module.network.module.vpc.aws_vpc_endpoint.transfer",
            "module.network.module.vpc.aws_vpc_endpoint.transferserver",
            "module.network.module.vpc.aws_vpc_endpoint.workspaces",
            "module.network.module.vpc.aws_vpc_endpoint_route_table_association.intra_dynamodb",
            "module.network.module.vpc.aws_vpc_endpoint_route_table_association.intra_s3",
            "module.network.module.vpc.aws_vpc_endpoint_route_table_association.private_dynamodb",
            "module.network.module.vpc.aws_vpc_endpoint_route_table_association.private_s3",
            "module.network.module.vpc.aws_vpc_endpoint_route_table_association.public_dynamodb",
            "module.network.module.vpc.aws_vpc_endpoint_route_table_association.public_s3",
            "module.network.module.vpc.aws_vpc_ipv4_cidr_block_association.this",
            "module.network.module.vpc.aws_vpn_gateway.this",
            "module.network.module.vpc.aws_vpn_gateway_attachment.this",
            "module.network.module.vpc.aws_vpn_gateway_route_propagation.intra",
            "module.network.module.vpc.aws_vpn_gateway_route_propagation.private",
            "module.network.module.vpc.aws_vpn_gateway_route_propagation.public",
            "module.network.module.vpc.data.aws_iam_policy_document.flow_log_cloudwatch_assume_role",
            "module.network.module.vpc.data.aws_iam_policy_document.vpc_flow_log_cloudwatch",
            "module.network.module.vpc.data.aws_vpc_endpoint_service.access_analyzer",
            "module.network.module.vpc.data.aws_vpc_endpoint_service.acm_pca",
            "module.network.module.vpc.data.aws_vpc_endpoint_service.apigw",
            "module.network.module.vpc.data.aws_vpc_endpoint_service.appmesh_envoy_management",
            "module.network.module.vpc.data.aws_vpc_endpoint_service.appstream_api",
            "module.network.module.vpc.data.aws_vpc_endpoint_service.appstream_streaming",
            "module.network.module.vpc.data.aws_vpc_endpoint_service.athena",
            "module.network.module.vpc.data.aws_vpc_endpoint_service.auto_scaling_plans",
            "module.network.module.vpc.data.aws_vpc_endpoint_service.cloud_directory",
            "module.network.module.vpc.data.aws_vpc_endpoint_service.cloudformation",
            "module.network.module.vpc.data.aws_vpc_endpoint_service.cloudtrail",
            "module.network.module.vpc.data.aws_vpc_endpoint_service.codeartifact_api",
            "module.network.module.vpc.data.aws_vpc_endpoint_service.codeartifact_repositories",
            "module.network.module.vpc.data.aws_vpc_endpoint_service.codebuild",
            "module.network.module.vpc.data.aws_vpc_endpoint_service.codecommit",
            "module.network.module.vpc.data.aws_vpc_endpoint_service.codedeploy",
            "module.network.module.vpc.data.aws_vpc_endpoint_service.codedeploy_commands_secure",
            "module.network.module.vpc.data.aws_vpc_endpoint_service.codepipeline",
            "module.network.module.vpc.data.aws_vpc_endpoint_service.config",
            "module.network.module.vpc.data.aws_vpc_endpoint_service.datasync",
            "module.network.module.vpc.data.aws_vpc_endpoint_service.dynamodb",
            "module.network.module.vpc.data.aws_vpc_endpoint_service.ebs",
            "module.network.module.vpc.data.aws_vpc_endpoint_service.ec2",
            "module.network.module.vpc.data.aws_vpc_endpoint_service.ec2_autoscaling",
            "module.network.module.vpc.data.aws_vpc_endpoint_service.ec2messages",
            "module.network.module.vpc.data.aws_vpc_endpoint_service.ecr_api",
            "module.network.module.vpc.data.aws_vpc_endpoint_service.ecr_dkr",
            "module.network.module.vpc.data.aws_vpc_endpoint_service.ecs",
            "module.network.module.vpc.data.aws_vpc_endpoint_service.ecs_agent",
            "module.network.module.vpc.data.aws_vpc_endpoint_service.ecs_telemetry",
            "module.network.module.vpc.data.aws_vpc_endpoint_service.efs",
            "module.network.module.vpc.data.aws_vpc_endpoint_service.elastic_inference_runtime",
            "module.network.module.vpc.data.aws_vpc_endpoint_service.elasticbeanstalk",
            "module.network.module.vpc.data.aws_vpc_endpoint_service.elasticbeanstalk_health",
            "module.network.module.vpc.data.aws_vpc_endpoint_service.elasticloadbalancing",
            "module.network.module.vpc.data.aws_vpc_endpoint_service.emr",
            "module.network.module.vpc.data.aws_vpc_endpoint_service.events",
            "module.network.module.vpc.data.aws_vpc_endpoint_service.git_codecommit",
            "module.network.module.vpc.data.aws_vpc_endpoint_service.glue",
            "module.network.module.vpc.data.aws_vpc_endpoint_service.kinesis_firehose",
            "module.network.module.vpc.data.aws_vpc_endpoint_service.kinesis_streams",
            "module.network.module.vpc.data.aws_vpc_endpoint_service.kms",
            "module.network.module.vpc.data.aws_vpc_endpoint_service.lambda",
            "module.network.module.vpc.data.aws_vpc_endpoint_service.logs",
            "module.network.module.vpc.data.aws_vpc_endpoint_service.monitoring",
            "module.network.module.vpc.data.aws_vpc_endpoint_service.qldb_session",
            "module.network.module.vpc.data.aws_vpc_endpoint_service.rds",
            "module.network.module.vpc.data.aws_vpc_endpoint_service.rekognition",
            "module.network.module.vpc.data.aws_vpc_endpoint_service.s3",
            "module.network.module.vpc.data.aws_vpc_endpoint_service.sagemaker_api",
            "module.network.module.vpc.data.aws_vpc_endpoint_service.sagemaker_notebook",
            "module.network.module.vpc.data.aws_vpc_endpoint_service.sagemaker_runtime",
            "module.network.module.vpc.data.aws_vpc_endpoint_service.secretsmanager",
            "module.network.module.vpc.data.aws_vpc_endpoint_service.servicecatalog",
            "module.network.module.vpc.data.aws_vpc_endpoint_service.ses",
            "module.network.module.vpc.data.aws_vpc_endpoint_service.sms",
            "module.network.module.vpc.data.aws_vpc_endpoint_service.sns",
            "module.network.module.vpc.data.aws_vpc_endpoint_service.sqs",
            "module.network.module.vpc.data.aws_vpc_endpoint_service.ssm",
            "module.network.module.vpc.data.aws_vpc_endpoint_service.ssmmessages",
            "module.network.module.vpc.data.aws_vpc_endpoint_service.states",
            "module.network.module.vpc.data.aws_vpc_endpoint_service.storagegateway",
            "module.network.module.vpc.data.aws_vpc_endpoint_service.sts",
            "module.network.module.vpc.data.aws_vpc_endpoint_service.textract",
            "module.network.module.vpc.data.aws_vpc_endpoint_service.transfer",
            "module.network.module.vpc.data.aws_vpc_endpoint_service.transferserver",
            "module.network.module.vpc.data.aws_vpc_endpoint_service.workspaces",
            "module.network.module.websvr_sg.aws_security_group.security_group"
          ],
          "create_before_destroy": true
        }
      ]
    },
    {
      "module": "module.webserver.module.alb",
      "mode": "managed",
      "type": "aws_lb_listener",
      "name": "frontend_http_tcp",
      "provider": "provider[\"registry.terraform.io/hashicorp/aws\"]",
      "instances": []
    },
    {
      "module": "module.webserver.module.alb",
      "mode": "managed",
      "type": "aws_lb_target_group",
      "name": "main",
      "provider": "provider[\"registry.terraform.io/hashicorp/aws\"]",
      "instances": [
        {
          "index_key": 0,
          "schema_version": 0,
          "attributes": {
            "arn": "arn:aws:elasticloadbalancing:us-east-1:323378118206:targetgroup/websvr20220804170649574800000007/96b84b1b4110b9ad",
            "arn_suffix": "targetgroup/websvr20220804170649574800000007/96b84b1b4110b9ad",
            "connection_termination": false,
            "deregistration_delay": "300",
            "health_check": [
              {
                "enabled": true,
                "healthy_threshold": 5,
                "interval": 30,
                "matcher": "200",
                "path": "/",
                "port": "traffic-port",
                "protocol": "HTTP",
                "timeout": 5,
                "unhealthy_threshold": 2
              }
            ],
            "id": "arn:aws:elasticloadbalancing:us-east-1:323378118206:targetgroup/websvr20220804170649574800000007/96b84b1b4110b9ad",
            "lambda_multi_value_headers_enabled": false,
            "load_balancing_algorithm_type": "round_robin",
            "name": "websvr20220804170649574800000007",
            "name_prefix": "websvr",
            "port": 8080,
            "preserve_client_ip": null,
            "protocol": "HTTP",
            "protocol_version": "HTTP1",
            "proxy_protocol_v2": false,
            "slow_start": 0,
            "stickiness": [
              {
                "cookie_duration": 86400,
                "cookie_name": "",
                "enabled": false,
                "type": "lb_cookie"
              }
            ],
            "tags": {
              "Name": "websvr"
            },
            "tags_all": {
              "Name": "websvr"
            },
            "target_type": "instance",
            "vpc_id": "vpc-01e7b93d21005e561"
          },
          "sensitive_attributes": [],
          "private": "bnVsbA==",
          "dependencies": [
            "module.network.data.aws_availability_zones.available",
            "module.network.module.db_sg.aws_security_group.security_group",
            "module.network.module.lb_sg.aws_security_group.security_group",
            "module.network.module.vpc.aws_cloudwatch_log_group.flow_log",
            "module.network.module.vpc.aws_customer_gateway.this",
            "module.network.module.vpc.aws_db_subnet_group.database",
            "module.network.module.vpc.aws_default_network_acl.this",
            "module.network.module.vpc.aws_default_security_group.this",
            "module.network.module.vpc.aws_default_vpc.this",
            "module.network.module.vpc.aws_egress_only_internet_gateway.this",
            "module.network.module.vpc.aws_eip.nat",
            "module.network.module.vpc.aws_elasticache_subnet_group.elasticache",
            "module.network.module.vpc.aws_flow_log.this",
            "module.network.module.vpc.aws_iam_policy.vpc_flow_log_cloudwatch",
            "module.network.module.vpc.aws_iam_role.vpc_flow_log_cloudwatch",
            "module.network.module.vpc.aws_iam_role_policy_attachment.vpc_flow_log_cloudwatch",
            "module.network.module.vpc.aws_internet_gateway.this",
            "module.network.module.vpc.aws_nat_gateway.this",
            "module.network.module.vpc.aws_network_acl.database",
            "module.network.module.vpc.aws_network_acl.elasticache",
            "module.network.module.vpc.aws_network_acl.intra",
            "module.network.module.vpc.aws_network_acl.private",
            "module.network.module.vpc.aws_network_acl.public",
            "module.network.module.vpc.aws_network_acl.redshift",
            "module.network.module.vpc.aws_network_acl_rule.database_inbound",
            "module.network.module.vpc.aws_network_acl_rule.database_outbound",
            "module.network.module.vpc.aws_network_acl_rule.elasticache_inbound",
            "module.network.module.vpc.aws_network_acl_rule.elasticache_outbound",
            "module.network.module.vpc.aws_network_acl_rule.intra_inbound",
            "module.network.module.vpc.aws_network_acl_rule.intra_outbound",
            "module.network.module.vpc.aws_network_acl_rule.private_inbound",
            "module.network.module.vpc.aws_network_acl_rule.private_outbound",
            "module.network.module.vpc.aws_network_acl_rule.public_inbound",
            "module.network.module.vpc.aws_network_acl_rule.public_outbound",
            "module.network.module.vpc.aws_network_acl_rule.redshift_inbound",
            "module.network.module.vpc.aws_network_acl_rule.redshift_outbound",
            "module.network.module.vpc.aws_redshift_subnet_group.redshift",
            "module.network.module.vpc.aws_route.database_internet_gateway",
            "module.network.module.vpc.aws_route.database_ipv6_egress",
            "module.network.module.vpc.aws_route.database_nat_gateway",
            "module.network.module.vpc.aws_route.private_ipv6_egress",
            "module.network.module.vpc.aws_route.private_nat_gateway",
            "module.network.module.vpc.aws_route.public_internet_gateway",
            "module.network.module.vpc.aws_route.public_internet_gateway_ipv6",
            "module.network.module.vpc.aws_route_table.database",
            "module.network.module.vpc.aws_route_table.elasticache",
            "module.network.module.vpc.aws_route_table.intra",
            "module.network.module.vpc.aws_route_table.private",
            "module.network.module.vpc.aws_route_table.public",
            "module.network.module.vpc.aws_route_table.redshift",
            "module.network.module.vpc.aws_route_table_association.database",
            "module.network.module.vpc.aws_route_table_association.elasticache",
            "module.network.module.vpc.aws_route_table_association.intra",
            "module.network.module.vpc.aws_route_table_association.private",
            "module.network.module.vpc.aws_route_table_association.public",
            "module.network.module.vpc.aws_route_table_association.redshift",
            "module.network.module.vpc.aws_route_table_association.redshift_public",
            "module.network.module.vpc.aws_subnet.database",
            "module.network.module.vpc.aws_subnet.elasticache",
            "module.network.module.vpc.aws_subnet.intra",
            "module.network.module.vpc.aws_subnet.private",
            "module.network.module.vpc.aws_subnet.public",
            "module.network.module.vpc.aws_subnet.redshift",
            "module.network.module.vpc.aws_vpc.this",
            "module.network.module.vpc.aws_vpc_dhcp_options.this",
            "module.network.module.vpc.aws_vpc_dhcp_options_association.this",
            "module.network.module.vpc.aws_vpc_endpoint.access_analyzer",
            "module.network.module.vpc.aws_vpc_endpoint.acm_pca",
            "module.network.module.vpc.aws_vpc_endpoint.apigw",
            "module.network.module.vpc.aws_vpc_endpoint.appmesh_envoy_management",
            "module.network.module.vpc.aws_vpc_endpoint.appstream_api",
            "module.network.module.vpc.aws_vpc_endpoint.appstream_streaming",
            "module.network.module.vpc.aws_vpc_endpoint.athena",
            "module.network.module.vpc.aws_vpc_endpoint.auto_scaling_plans",
            "module.network.module.vpc.aws_vpc_endpoint.cloud_directory",
            "module.network.module.vpc.aws_vpc_endpoint.cloudformation",
            "module.network.module.vpc.aws_vpc_endpoint.cloudtrail",
            "module.network.module.vpc.aws_vpc_endpoint.codeartifact_api",
            "module.network.module.vpc.aws_vpc_endpoint.codeartifact_repositories",
            "module.network.module.vpc.aws_vpc_endpoint.codebuild",
            "module.network.module.vpc.aws_vpc_endpoint.codecommit",
            "module.network.module.vpc.aws_vpc_endpoint.codedeploy",
            "module.network.module.vpc.aws_vpc_endpoint.codedeploy_commands_secure",
            "module.network.module.vpc.aws_vpc_endpoint.codepipeline",
            "module.network.module.vpc.aws_vpc_endpoint.config",
            "module.network.module.vpc.aws_vpc_endpoint.datasync",
            "module.network.module.vpc.aws_vpc_endpoint.dynamodb",
            "module.network.module.vpc.aws_vpc_endpoint.ebs",
            "module.network.module.vpc.aws_vpc_endpoint.ec2",
            "module.network.module.vpc.aws_vpc_endpoint.ec2_autoscaling",
            "module.network.module.vpc.aws_vpc_endpoint.ec2messages",
            "module.network.module.vpc.aws_vpc_endpoint.ecr_api",
            "module.network.module.vpc.aws_vpc_endpoint.ecr_dkr",
            "module.network.module.vpc.aws_vpc_endpoint.ecs",
            "module.network.module.vpc.aws_vpc_endpoint.ecs_agent",
            "module.network.module.vpc.aws_vpc_endpoint.ecs_telemetry",
            "module.network.module.vpc.aws_vpc_endpoint.efs",
            "module.network.module.vpc.aws_vpc_endpoint.elastic_inference_runtime",
            "module.network.module.vpc.aws_vpc_endpoint.elasticbeanstalk",
            "module.network.module.vpc.aws_vpc_endpoint.elasticbeanstalk_health",
            "module.network.module.vpc.aws_vpc_endpoint.elasticloadbalancing",
            "module.network.module.vpc.aws_vpc_endpoint.emr",
            "module.network.module.vpc.aws_vpc_endpoint.events",
            "module.network.module.vpc.aws_vpc_endpoint.git_codecommit",
            "module.network.module.vpc.aws_vpc_endpoint.glue",
            "module.network.module.vpc.aws_vpc_endpoint.kinesis_firehose",
            "module.network.module.vpc.aws_vpc_endpoint.kinesis_streams",
            "module.network.module.vpc.aws_vpc_endpoint.kms",
            "module.network.module.vpc.aws_vpc_endpoint.lambda",
            "module.network.module.vpc.aws_vpc_endpoint.logs",
            "module.network.module.vpc.aws_vpc_endpoint.monitoring",
            "module.network.module.vpc.aws_vpc_endpoint.qldb_session",
            "module.network.module.vpc.aws_vpc_endpoint.rds",
            "module.network.module.vpc.aws_vpc_endpoint.rekognition",
            "module.network.module.vpc.aws_vpc_endpoint.s3",
            "module.network.module.vpc.aws_vpc_endpoint.sagemaker_api",
            "module.network.module.vpc.aws_vpc_endpoint.sagemaker_notebook",
            "module.network.module.vpc.aws_vpc_endpoint.sagemaker_runtime",
            "module.network.module.vpc.aws_vpc_endpoint.secretsmanager",
            "module.network.module.vpc.aws_vpc_endpoint.servicecatalog",
            "module.network.module.vpc.aws_vpc_endpoint.ses",
            "module.network.module.vpc.aws_vpc_endpoint.sms",
            "module.network.module.vpc.aws_vpc_endpoint.sns",
            "module.network.module.vpc.aws_vpc_endpoint.sqs",
            "module.network.module.vpc.aws_vpc_endpoint.ssm",
            "module.network.module.vpc.aws_vpc_endpoint.ssmmessages",
            "module.network.module.vpc.aws_vpc_endpoint.states",
            "module.network.module.vpc.aws_vpc_endpoint.storagegateway",
            "module.network.module.vpc.aws_vpc_endpoint.sts",
            "module.network.module.vpc.aws_vpc_endpoint.textract",
            "module.network.module.vpc.aws_vpc_endpoint.transfer",
            "module.network.module.vpc.aws_vpc_endpoint.transferserver",
            "module.network.module.vpc.aws_vpc_endpoint.workspaces",
            "module.network.module.vpc.aws_vpc_endpoint_route_table_association.intra_dynamodb",
            "module.network.module.vpc.aws_vpc_endpoint_route_table_association.intra_s3",
            "module.network.module.vpc.aws_vpc_endpoint_route_table_association.private_dynamodb",
            "module.network.module.vpc.aws_vpc_endpoint_route_table_association.private_s3",
            "module.network.module.vpc.aws_vpc_endpoint_route_table_association.public_dynamodb",
            "module.network.module.vpc.aws_vpc_endpoint_route_table_association.public_s3",
            "module.network.module.vpc.aws_vpc_ipv4_cidr_block_association.this",
            "module.network.module.vpc.aws_vpn_gateway.this",
            "module.network.module.vpc.aws_vpn_gateway_attachment.this",
            "module.network.module.vpc.aws_vpn_gateway_route_propagation.intra",
            "module.network.module.vpc.aws_vpn_gateway_route_propagation.private",
            "module.network.module.vpc.aws_vpn_gateway_route_propagation.public",
            "module.network.module.vpc.data.aws_iam_policy_document.flow_log_cloudwatch_assume_role",
            "module.network.module.vpc.data.aws_iam_policy_document.vpc_flow_log_cloudwatch",
            "module.network.module.vpc.data.aws_vpc_endpoint_service.access_analyzer",
            "module.network.module.vpc.data.aws_vpc_endpoint_service.acm_pca",
            "module.network.module.vpc.data.aws_vpc_endpoint_service.apigw",
            "module.network.module.vpc.data.aws_vpc_endpoint_service.appmesh_envoy_management",
            "module.network.module.vpc.data.aws_vpc_endpoint_service.appstream_api",
            "module.network.module.vpc.data.aws_vpc_endpoint_service.appstream_streaming",
            "module.network.module.vpc.data.aws_vpc_endpoint_service.athena",
            "module.network.module.vpc.data.aws_vpc_endpoint_service.auto_scaling_plans",
            "module.network.module.vpc.data.aws_vpc_endpoint_service.cloud_directory",
            "module.network.module.vpc.data.aws_vpc_endpoint_service.cloudformation",
            "module.network.module.vpc.data.aws_vpc_endpoint_service.cloudtrail",
            "module.network.module.vpc.data.aws_vpc_endpoint_service.codeartifact_api",
            "module.network.module.vpc.data.aws_vpc_endpoint_service.codeartifact_repositories",
            "module.network.module.vpc.data.aws_vpc_endpoint_service.codebuild",
            "module.network.module.vpc.data.aws_vpc_endpoint_service.codecommit",
            "module.network.module.vpc.data.aws_vpc_endpoint_service.codedeploy",
            "module.network.module.vpc.data.aws_vpc_endpoint_service.codedeploy_commands_secure",
            "module.network.module.vpc.data.aws_vpc_endpoint_service.codepipeline",
            "module.network.module.vpc.data.aws_vpc_endpoint_service.config",
            "module.network.module.vpc.data.aws_vpc_endpoint_service.datasync",
            "module.network.module.vpc.data.aws_vpc_endpoint_service.dynamodb",
            "module.network.module.vpc.data.aws_vpc_endpoint_service.ebs",
            "module.network.module.vpc.data.aws_vpc_endpoint_service.ec2",
            "module.network.module.vpc.data.aws_vpc_endpoint_service.ec2_autoscaling",
            "module.network.module.vpc.data.aws_vpc_endpoint_service.ec2messages",
            "module.network.module.vpc.data.aws_vpc_endpoint_service.ecr_api",
            "module.network.module.vpc.data.aws_vpc_endpoint_service.ecr_dkr",
            "module.network.module.vpc.data.aws_vpc_endpoint_service.ecs",
            "module.network.module.vpc.data.aws_vpc_endpoint_service.ecs_agent",
            "module.network.module.vpc.data.aws_vpc_endpoint_service.ecs_telemetry",
            "module.network.module.vpc.data.aws_vpc_endpoint_service.efs",
            "module.network.module.vpc.data.aws_vpc_endpoint_service.elastic_inference_runtime",
            "module.network.module.vpc.data.aws_vpc_endpoint_service.elasticbeanstalk",
            "module.network.module.vpc.data.aws_vpc_endpoint_service.elasticbeanstalk_health",
            "module.network.module.vpc.data.aws_vpc_endpoint_service.elasticloadbalancing",
            "module.network.module.vpc.data.aws_vpc_endpoint_service.emr",
            "module.network.module.vpc.data.aws_vpc_endpoint_service.events",
            "module.network.module.vpc.data.aws_vpc_endpoint_service.git_codecommit",
            "module.network.module.vpc.data.aws_vpc_endpoint_service.glue",
            "module.network.module.vpc.data.aws_vpc_endpoint_service.kinesis_firehose",
            "module.network.module.vpc.data.aws_vpc_endpoint_service.kinesis_streams",
            "module.network.module.vpc.data.aws_vpc_endpoint_service.kms",
            "module.network.module.vpc.data.aws_vpc_endpoint_service.lambda",
            "module.network.module.vpc.data.aws_vpc_endpoint_service.logs",
            "module.network.module.vpc.data.aws_vpc_endpoint_service.monitoring",
            "module.network.module.vpc.data.aws_vpc_endpoint_service.qldb_session",
            "module.network.module.vpc.data.aws_vpc_endpoint_service.rds",
            "module.network.module.vpc.data.aws_vpc_endpoint_service.rekognition",
            "module.network.module.vpc.data.aws_vpc_endpoint_service.s3",
            "module.network.module.vpc.data.aws_vpc_endpoint_service.sagemaker_api",
            "module.network.module.vpc.data.aws_vpc_endpoint_service.sagemaker_notebook",
            "module.network.module.vpc.data.aws_vpc_endpoint_service.sagemaker_runtime",
            "module.network.module.vpc.data.aws_vpc_endpoint_service.secretsmanager",
            "module.network.module.vpc.data.aws_vpc_endpoint_service.servicecatalog",
            "module.network.module.vpc.data.aws_vpc_endpoint_service.ses",
            "module.network.module.vpc.data.aws_vpc_endpoint_service.sms",
            "module.network.module.vpc.data.aws_vpc_endpoint_service.sns",
            "module.network.module.vpc.data.aws_vpc_endpoint_service.sqs",
            "module.network.module.vpc.data.aws_vpc_endpoint_service.ssm",
            "module.network.module.vpc.data.aws_vpc_endpoint_service.ssmmessages",
            "module.network.module.vpc.data.aws_vpc_endpoint_service.states",
            "module.network.module.vpc.data.aws_vpc_endpoint_service.storagegateway",
            "module.network.module.vpc.data.aws_vpc_endpoint_service.sts",
            "module.network.module.vpc.data.aws_vpc_endpoint_service.textract",
            "module.network.module.vpc.data.aws_vpc_endpoint_service.transfer",
            "module.network.module.vpc.data.aws_vpc_endpoint_service.transferserver",
            "module.network.module.vpc.data.aws_vpc_endpoint_service.workspaces",
            "module.network.module.websvr_sg.aws_security_group.security_group",
            "module.webserver.module.alb.aws_lb.this"
          ],
          "create_before_destroy": true
        }
      ]
    },
    {
      "module": "module.webserver.module.iam_instance_profile",
      "mode": "data",
      "type": "aws_iam_policy_document",
      "name": "iam_policy_document",
      "provider": "provider[\"registry.terraform.io/hashicorp/aws\"]",
      "instances": [
        {
          "schema_version": 0,
          "attributes": {
            "id": "2717263653",
            "json": "{\n  \"Version\": \"2012-10-17\",\n  \"Statement\": [\n    {\n      \"Sid\": \"\",\n      \"Effect\": \"Allow\",\n      \"Action\": [\n        \"rds:*\",\n        \"logs:*\"\n      ],\n      \"Resource\": \"*\"\n    }\n  ]\n}",
            "override_json": null,
            "override_policy_documents": null,
            "policy_id": null,
            "source_json": null,
            "source_policy_documents": null,
            "statement": [
              {
                "actions": [
                  "logs:*",
                  "rds:*"
                ],
                "condition": [],
                "effect": "Allow",
                "not_actions": [],
                "not_principals": [],
                "not_resources": [],
                "principals": [],
                "resources": [
                  "*"
                ],
                "sid": ""
              }
            ],
            "version": "2012-10-17"
          },
          "sensitive_attributes": []
        }
      ]
    },
    {
      "module": "module.webserver.module.iam_instance_profile",
      "mode": "managed",
      "type": "aws_iam_instance_profile",
      "name": "iam_instance_profile",
      "provider": "provider[\"registry.terraform.io/hashicorp/aws\"]",
      "instances": [
        {
          "schema_version": 0,
          "attributes": {
            "arn": "arn:aws:iam::323378118206:instance-profile/terraform-20220804170216971700000003",
            "create_date": "2022-08-04T17:02:17Z",
            "id": "terraform-20220804170216971700000003",
            "name": "terraform-20220804170216971700000003",
            "name_prefix": null,
            "path": "/",
            "role": "terraform-20220804170215950300000001",
            "tags": {},
            "tags_all": {},
            "unique_id": "AIPAUWSWWPY7CSLD66QAY"
          },
          "sensitive_attributes": [],
          "private": "bnVsbA==",
          "dependencies": [
            "module.webserver.module.iam_instance_profile.aws_iam_role.iam_role"
          ]
        }
      ]
    },
    {
      "module": "module.webserver.module.iam_instance_profile",
      "mode": "managed",
      "type": "aws_iam_role",
      "name": "iam_role",
      "provider": "provider[\"registry.terraform.io/hashicorp/aws\"]",
      "instances": [
        {
          "schema_version": 0,
          "attributes": {
            "arn": "arn:aws:iam::323378118206:role/terraform-20220804170215950300000001",
            "assume_role_policy": "{\"Version\":\"2012-10-17\",\"Statement\":[{\"Effect\":\"Allow\",\"Principal\":{\"Service\":\"ec2.amazonaws.com\"},\"Action\":\"sts:AssumeRole\"}]}",
            "create_date": "2022-08-04T17:02:16Z",
            "description": "",
            "force_detach_policies": false,
            "id": "terraform-20220804170215950300000001",
            "inline_policy": [
              {
                "name": "terraform-20220804170216971400000002",
                "policy": "{\n  \"Version\": \"2012-10-17\",\n  \"Statement\": [\n    {\n      \"Sid\": \"\",\n      \"Effect\": \"Allow\",\n      \"Action\": [\n        \"rds:*\",\n        \"logs:*\"\n      ],\n      \"Resource\": \"*\"\n    }\n  ]\n}"
              }
            ],
            "managed_policy_arns": [],
            "max_session_duration": 3600,
            "name": "terraform-20220804170215950300000001",
            "name_prefix": "terraform-",
            "path": "/",
            "permissions_boundary": null,
            "tags": {},
            "tags_all": {},
            "unique_id": "AROAUWSWWPY7P7PNPXEBH"
          },
          "sensitive_attributes": [],
          "private": "bnVsbA=="
        }
      ]
    },
    {
      "module": "module.webserver.module.iam_instance_profile",
      "mode": "managed",
      "type": "aws_iam_role_policy",
      "name": "iam_role_policy",
      "provider": "provider[\"registry.terraform.io/hashicorp/aws\"]",
      "instances": [
        {
          "schema_version": 0,
          "attributes": {
            "id": "terraform-20220804170215950300000001:terraform-20220804170216971400000002",
            "name": "terraform-20220804170216971400000002",
            "name_prefix": null,
            "policy": "{\n  \"Version\": \"2012-10-17\",\n  \"Statement\": [\n    {\n      \"Sid\": \"\",\n      \"Effect\": \"Allow\",\n      \"Action\": [\n        \"rds:*\",\n        \"logs:*\"\n      ],\n      \"Resource\": \"*\"\n    }\n  ]\n}",
            "role": "terraform-20220804170215950300000001"
          },
          "sensitive_attributes": [],
          "private": "bnVsbA==",
          "dependencies": [
            "module.webserver.module.iam_instance_profile.aws_iam_role.iam_role",
            "module.webserver.module.iam_instance_profile.data.aws_iam_policy_document.iam_policy_document"
          ]
        }
      ]
    },
    {
      "module": "module.webserver.module.nlb",
      "mode": "managed",
      "type": "aws_lb_listener",
      "name": "frontend_http_tcp",
      "provider": "provider[\"registry.terraform.io/hashicorp/aws\"]",
      "instances": []
    },
    {
      "module": "module.webserver.module.nlb",
      "mode": "managed",
      "type": "aws_lb_listener",
      "name": "frontend_https",
      "provider": "provider[\"registry.terraform.io/hashicorp/aws\"]",
      "instances": []
    },
    {
      "module": "module.webserver.module.records",
      "mode": "data",
      "type": "aws_route53_zone",
      "name": "this",
      "provider": "provider[\"registry.terraform.io/hashicorp/aws\"]",
      "instances": [
        {
          "index_key": 0,
          "schema_version": 0,
          "attributes": {
            "arn": "arn:aws:route53:::hostedzone/Z00329093DVOPNN33F789",
            "caller_reference": "terraform-20220804192035011400000001",
            "comment": "josedrupal.com",
            "id": "Z00329093DVOPNN33F789",
            "linked_service_description": null,
            "linked_service_principal": null,
            "name": "myapp.com",
            "name_servers": [
              "ns-598.awsdns-10.net",
              "ns-434.awsdns-54.com",
              "ns-1718.awsdns-22.co.uk",
              "ns-1241.awsdns-27.org"
            ],
            "private_zone": false,
            "resource_record_set_count": 2,
            "tags": {
              "ManagedBy": "Terraform"
            },
            "vpc_id": null,
            "zone_id": "Z00329093DVOPNN33F789"
          },
          "sensitive_attributes": []
        }
      ]
    },
    {
      "module": "module.webserver.module.records",
      "mode": "managed",
      "type": "aws_route53_record",
      "name": "this",
      "provider": "provider[\"registry.terraform.io/hashicorp/aws\"]",
      "instances": [
        {
          "index_key": " A",
          "schema_version": 2,
          "attributes": {
            "alias": [],
            "allow_overwrite": false,
            "failover_routing_policy": [],
            "fqdn": "myapp.com",
            "geolocation_routing_policy": [],
            "health_check_id": null,
            "id": "Z00329093DVOPNN33F789_myapp.com_A",
            "latency_routing_policy": [],
            "multivalue_answer_routing_policy": null,
            "name": "myapp.com",
            "records": [
              "10.10.10.10"
            ],
            "set_identifier": null,
            "ttl": 3600,
            "type": "A",
            "weighted_routing_policy": [],
            "zone_id": "Z00329093DVOPNN33F789"
          },
          "sensitive_attributes": [],
          "private": "eyJzY2hlbWFfdmVyc2lvbiI6IjIifQ==",
          "dependencies": [
            "module.webserver.module.records.data.aws_route53_zone.this",
            "module.webserver.module.zones.aws_route53_zone.this"
          ]
        }
      ]
    },
    {
      "module": "module.webserver.module.zones",
      "mode": "managed",
      "type": "aws_route53_zone",
      "name": "this",
      "provider": "provider[\"registry.terraform.io/hashicorp/aws\"]",
      "instances": [
        {
          "index_key": "myapp.com",
          "schema_version": 0,
          "attributes": {
            "arn": "arn:aws:route53:::hostedzone/Z00329093DVOPNN33F789",
            "comment": "josedrupal.com",
            "delegation_set_id": "",
            "force_destroy": false,
            "id": "Z00329093DVOPNN33F789",
            "name": "myapp.com",
            "name_servers": [
              "ns-1241.awsdns-27.org",
              "ns-1718.awsdns-22.co.uk",
              "ns-434.awsdns-54.com",
              "ns-598.awsdns-10.net"
            ],
            "tags": {
              "ManagedBy": "Terraform"
            },
            "tags_all": {
              "ManagedBy": "Terraform"
            },
            "vpc": [],
            "zone_id": "Z00329093DVOPNN33F789"
          },
          "sensitive_attributes": [],
          "private": "bnVsbA=="
        },
        {
          "index_key": "terraform-aws-modules-example.com",
          "schema_version": 0,
          "attributes": {
            "arn": "arn:aws:route53:::hostedzone/Z00398792JT8X7XVZCFP7",
            "comment": "terraform-aws-modules-examples.com (production)",
            "delegation_set_id": "",
            "force_destroy": false,
            "id": "Z00398792JT8X7XVZCFP7",
            "name": "terraform-aws-modules-example.com",
            "name_servers": [
              "ns-1468.awsdns-55.org",
              "ns-1678.awsdns-17.co.uk",
              "ns-443.awsdns-55.com",
              "ns-830.awsdns-39.net"
            ],
            "tags": {
              "ManagedBy": "Terraform",
              "env": "production"
            },
            "tags_all": {
              "ManagedBy": "Terraform",
              "env": "production"
            },
            "vpc": [],
            "zone_id": "Z00398792JT8X7XVZCFP7"
          },
          "sensitive_attributes": [],
          "private": "bnVsbA=="
        }
      ]
    }
  ]
}
