{
  "version": 4,
  "terraform_version": "1.2.5",
  "serial": 489,
  "lineage": "8eb80b4a-36f4-146e-f8a6-77408fc7e92c",
  "outputs": {},
  "resources": [
    {
      "module": "module.database",
      "mode": "managed",
      "type": "aws_db_instance",
      "name": "database",
      "provider": "provider[\"registry.terraform.io/hashicorp/aws\"]",
      "instances": [
        {
          "schema_version": 1,
          "attributes": {
            "address": "drupaldemo-db-instance.cvtknbcs3zpk.us-east-1.rds.amazonaws.com",
            "allocated_storage": 10,
            "allow_major_version_upgrade": null,
            "apply_immediately": null,
            "arn": "arn:aws:rds:us-east-1:323378118206:db:drupaldemo-db-instance",
            "auto_minor_version_upgrade": true,
            "availability_zone": "us-east-1a",
            "backup_retention_period": 0,
            "backup_window": "08:05-08:35",
            "ca_cert_identifier": "rds-ca-2019",
            "character_set_name": "",
            "copy_tags_to_snapshot": false,
            "customer_owned_ip_enabled": false,
            "db_subnet_group_name": "drupaldemo-vpc",
            "delete_automated_backups": true,
            "deletion_protection": false,
            "domain": "",
            "domain_iam_role_name": "",
            "enabled_cloudwatch_logs_exports": null,
            "endpoint": "drupaldemo-db-instance.cvtknbcs3zpk.us-east-1.rds.amazonaws.com:3306",
            "engine": "mysql",
            "engine_version": "8.0",
            "engine_version_actual": "8.0.28",
            "final_snapshot_identifier": null,
            "hosted_zone_id": "Z2R2ITUGPM61AM",
            "iam_database_authentication_enabled": false,
            "id": "drupaldemo-db-instance",
            "identifier": "drupaldemo-db-instance",
            "identifier_prefix": null,
            "instance_class": "db.t2.micro",
            "iops": 0,
            "kms_key_id": "",
            "latest_restorable_time": "0001-01-01T00:00:00Z",
            "license_model": "general-public-license",
            "maintenance_window": "sat:05:19-sat:05:49",
            "max_allocated_storage": 0,
            "monitoring_interval": 0,
            "monitoring_role_arn": "",
            "multi_az": false,
            "name": "drupal_database",
            "nchar_character_set_name": "",
            "option_group_name": "default:mysql-8-0",
            "parameter_group_name": "default.mysql8.0",
            "password": "terraform",
            "performance_insights_enabled": false,
            "performance_insights_kms_key_id": "",
            "performance_insights_retention_period": 0,
            "port": 3306,
            "publicly_accessible": false,
            "replica_mode": "",
            "replicas": [],
            "replicate_source_db": "",
            "resource_id": "db-I3L4LESMU6QREVOTSPPJTQQDBY",
            "restore_to_point_in_time": [],
            "s3_import": [],
            "security_group_names": null,
            "skip_final_snapshot": true,
            "snapshot_identifier": null,
            "status": "available",
            "storage_encrypted": false,
            "storage_type": "gp2",
            "tags": null,
            "tags_all": {},
            "timeouts": null,
            "timezone": "",
            "username": "terraform",
            "vpc_security_group_ids": [
              "sg-070640a2d08d9a91f"
            ]
          },
          "sensitive_attributes": [],
          "private": "eyJlMmJmYjczMC1lY2FhLTExZTYtOGY4OC0zNDM2M2JjN2M0YzAiOnsiY3JlYXRlIjoyNDAwMDAwMDAwMDAwLCJkZWxldGUiOjM2MDAwMDAwMDAwMDAsInVwZGF0ZSI6NDgwMDAwMDAwMDAwMH0sInNjaGVtYV92ZXJzaW9uIjoiMSJ9",
          "dependencies": [
            "module.network.data.aws_availability_zones.available",
            "module.network.module.db_sg.aws_security_group.security_group",
            "module.network.module.lb_sg.aws_security_group.security_group",
            "module.network.module.vpc.aws_cloudwatch_log_group.flow_log",
            "module.network.module.vpc.aws_customer_gateway.this",
            "module.network.module.vpc.aws_db_subnet_group.database",
            "module.network.module.vpc.aws_default_network_acl.this",
            "module.network.module.vpc.aws_default_security_group.this",
            "module.network.module.vpc.aws_default_vpc.this",
            "module.network.module.vpc.aws_egress_only_internet_gateway.this",
            "module.network.module.vpc.aws_eip.nat",
            "module.network.module.vpc.aws_elasticache_subnet_group.elasticache",
            "module.network.module.vpc.aws_flow_log.this",
            "module.network.module.vpc.aws_iam_policy.vpc_flow_log_cloudwatch",
            "module.network.module.vpc.aws_iam_role.vpc_flow_log_cloudwatch",
            "module.network.module.vpc.aws_iam_role_policy_attachment.vpc_flow_log_cloudwatch",
            "module.network.module.vpc.aws_internet_gateway.this",
            "module.network.module.vpc.aws_nat_gateway.this",
            "module.network.module.vpc.aws_network_acl.database",
            "module.network.module.vpc.aws_network_acl.elasticache",
            "module.network.module.vpc.aws_network_acl.intra",
            "module.network.module.vpc.aws_network_acl.private",
            "module.network.module.vpc.aws_network_acl.public",
            "module.network.module.vpc.aws_network_acl.redshift",
            "module.network.module.vpc.aws_network_acl_rule.database_inbound",
            "module.network.module.vpc.aws_network_acl_rule.database_outbound",
            "module.network.module.vpc.aws_network_acl_rule.elasticache_inbound",
            "module.network.module.vpc.aws_network_acl_rule.elasticache_outbound",
            "module.network.module.vpc.aws_network_acl_rule.intra_inbound",
            "module.network.module.vpc.aws_network_acl_rule.intra_outbound",
            "module.network.module.vpc.aws_network_acl_rule.private_inbound",
            "module.network.module.vpc.aws_network_acl_rule.private_outbound",
            "module.network.module.vpc.aws_network_acl_rule.public_inbound",
            "module.network.module.vpc.aws_network_acl_rule.public_outbound",
            "module.network.module.vpc.aws_network_acl_rule.redshift_inbound",
            "module.network.module.vpc.aws_network_acl_rule.redshift_outbound",
            "module.network.module.vpc.aws_redshift_subnet_group.redshift",
            "module.network.module.vpc.aws_route.database_internet_gateway",
            "module.network.module.vpc.aws_route.database_ipv6_egress",
            "module.network.module.vpc.aws_route.database_nat_gateway",
            "module.network.module.vpc.aws_route.private_ipv6_egress",
            "module.network.module.vpc.aws_route.private_nat_gateway",
            "module.network.module.vpc.aws_route.public_internet_gateway",
            "module.network.module.vpc.aws_route.public_internet_gateway_ipv6",
            "module.network.module.vpc.aws_route_table.database",
            "module.network.module.vpc.aws_route_table.elasticache",
            "module.network.module.vpc.aws_route_table.intra",
            "module.network.module.vpc.aws_route_table.private",
            "module.network.module.vpc.aws_route_table.public",
            "module.network.module.vpc.aws_route_table.redshift",
            "module.network.module.vpc.aws_route_table_association.database",
            "module.network.module.vpc.aws_route_table_association.elasticache",
            "module.network.module.vpc.aws_route_table_association.intra",
            "module.network.module.vpc.aws_route_table_association.private",
            "module.network.module.vpc.aws_route_table_association.public",
            "module.network.module.vpc.aws_route_table_association.redshift",
            "module.network.module.vpc.aws_route_table_association.redshift_public",
            "module.network.module.vpc.aws_subnet.database",
            "module.network.module.vpc.aws_subnet.elasticache",
            "module.network.module.vpc.aws_subnet.intra",
            "module.network.module.vpc.aws_subnet.private",
            "module.network.module.vpc.aws_subnet.public",
            "module.network.module.vpc.aws_subnet.redshift",
            "module.network.module.vpc.aws_vpc.this",
            "module.network.module.vpc.aws_vpc_dhcp_options.this",
            "module.network.module.vpc.aws_vpc_dhcp_options_association.this",
            "module.network.module.vpc.aws_vpc_endpoint.access_analyzer",
            "module.network.module.vpc.aws_vpc_endpoint.acm_pca",
            "module.network.module.vpc.aws_vpc_endpoint.apigw",
            "module.network.module.vpc.aws_vpc_endpoint.appmesh_envoy_management",
            "module.network.module.vpc.aws_vpc_endpoint.appstream_api",
            "module.network.module.vpc.aws_vpc_endpoint.appstream_streaming",
            "module.network.module.vpc.aws_vpc_endpoint.athena",
            "module.network.module.vpc.aws_vpc_endpoint.auto_scaling_plans",
            "module.network.module.vpc.aws_vpc_endpoint.cloud_directory",
            "module.network.module.vpc.aws_vpc_endpoint.cloudformation",
            "module.network.module.vpc.aws_vpc_endpoint.cloudtrail",
            "module.network.module.vpc.aws_vpc_endpoint.codeartifact_api",
            "module.network.module.vpc.aws_vpc_endpoint.codeartifact_repositories",
            "module.network.module.vpc.aws_vpc_endpoint.codebuild",
            "module.network.module.vpc.aws_vpc_endpoint.codecommit",
            "module.network.module.vpc.aws_vpc_endpoint.codedeploy",
            "module.network.module.vpc.aws_vpc_endpoint.codedeploy_commands_secure",
            "module.network.module.vpc.aws_vpc_endpoint.codepipeline",
            "module.network.module.vpc.aws_vpc_endpoint.config",
            "module.network.module.vpc.aws_vpc_endpoint.datasync",
            "module.network.module.vpc.aws_vpc_endpoint.dynamodb",
            "module.network.module.vpc.aws_vpc_endpoint.ebs",
            "module.network.module.vpc.aws_vpc_endpoint.ec2",
            "module.network.module.vpc.aws_vpc_endpoint.ec2_autoscaling",
            "module.network.module.vpc.aws_vpc_endpoint.ec2messages",
            "module.network.module.vpc.aws_vpc_endpoint.ecr_api",
            "module.network.module.vpc.aws_vpc_endpoint.ecr_dkr",
            "module.network.module.vpc.aws_vpc_endpoint.ecs",
            "module.network.module.vpc.aws_vpc_endpoint.ecs_agent",
            "module.network.module.vpc.aws_vpc_endpoint.ecs_telemetry",
            "module.network.module.vpc.aws_vpc_endpoint.efs",
            "module.network.module.vpc.aws_vpc_endpoint.elastic_inference_runtime",
            "module.network.module.vpc.aws_vpc_endpoint.elasticbeanstalk",
            "module.network.module.vpc.aws_vpc_endpoint.elasticbeanstalk_health",
            "module.network.module.vpc.aws_vpc_endpoint.elasticloadbalancing",
            "module.network.module.vpc.aws_vpc_endpoint.emr",
            "module.network.module.vpc.aws_vpc_endpoint.events",
            "module.network.module.vpc.aws_vpc_endpoint.git_codecommit",
            "module.network.module.vpc.aws_vpc_endpoint.glue",
            "module.network.module.vpc.aws_vpc_endpoint.kinesis_firehose",
            "module.network.module.vpc.aws_vpc_endpoint.kinesis_streams",
            "module.network.module.vpc.aws_vpc_endpoint.kms",
            "module.network.module.vpc.aws_vpc_endpoint.lambda",
            "module.network.module.vpc.aws_vpc_endpoint.logs",
            "module.network.module.vpc.aws_vpc_endpoint.monitoring",
            "module.network.module.vpc.aws_vpc_endpoint.qldb_session",
            "module.network.module.vpc.aws_vpc_endpoint.rds",
            "module.network.module.vpc.aws_vpc_endpoint.rekognition",
            "module.network.module.vpc.aws_vpc_endpoint.s3",
            "module.network.module.vpc.aws_vpc_endpoint.sagemaker_api",
            "module.network.module.vpc.aws_vpc_endpoint.sagemaker_notebook",
            "module.network.module.vpc.aws_vpc_endpoint.sagemaker_runtime",
            "module.network.module.vpc.aws_vpc_endpoint.secretsmanager",
            "module.network.module.vpc.aws_vpc_endpoint.servicecatalog",
            "module.network.module.vpc.aws_vpc_endpoint.ses",
            "module.network.module.vpc.aws_vpc_endpoint.sms",
            "module.network.module.vpc.aws_vpc_endpoint.sns",
            "module.network.module.vpc.aws_vpc_endpoint.sqs",
            "module.network.module.vpc.aws_vpc_endpoint.ssm",
            "module.network.module.vpc.aws_vpc_endpoint.ssmmessages",
            "module.network.module.vpc.aws_vpc_endpoint.states",
            "module.network.module.vpc.aws_vpc_endpoint.storagegateway",
            "module.network.module.vpc.aws_vpc_endpoint.sts",
            "module.network.module.vpc.aws_vpc_endpoint.textract",
            "module.network.module.vpc.aws_vpc_endpoint.transfer",
            "module.network.module.vpc.aws_vpc_endpoint.transferserver",
            "module.network.module.vpc.aws_vpc_endpoint.workspaces",
            "module.network.module.vpc.aws_vpc_endpoint_route_table_association.intra_dynamodb",
            "module.network.module.vpc.aws_vpc_endpoint_route_table_association.intra_s3",
            "module.network.module.vpc.aws_vpc_endpoint_route_table_association.private_dynamodb",
            "module.network.module.vpc.aws_vpc_endpoint_route_table_association.private_s3",
            "module.network.module.vpc.aws_vpc_endpoint_route_table_association.public_dynamodb",
            "module.network.module.vpc.aws_vpc_endpoint_route_table_association.public_s3",
            "module.network.module.vpc.aws_vpc_ipv4_cidr_block_association.this",
            "module.network.module.vpc.aws_vpn_gateway.this",
            "module.network.module.vpc.aws_vpn_gateway_attachment.this",
            "module.network.module.vpc.aws_vpn_gateway_route_propagation.intra",
            "module.network.module.vpc.aws_vpn_gateway_route_propagation.private",
            "module.network.module.vpc.aws_vpn_gateway_route_propagation.public",
            "module.network.module.vpc.data.aws_iam_policy_document.flow_log_cloudwatch_assume_role",
            "module.network.module.vpc.data.aws_iam_policy_document.vpc_flow_log_cloudwatch",
            "module.network.module.vpc.data.aws_vpc_endpoint_service.access_analyzer",
            "module.network.module.vpc.data.aws_vpc_endpoint_service.acm_pca",
            "module.network.module.vpc.data.aws_vpc_endpoint_service.apigw",
            "module.network.module.vpc.data.aws_vpc_endpoint_service.appmesh_envoy_management",
            "module.network.module.vpc.data.aws_vpc_endpoint_service.appstream_api",
            "module.network.module.vpc.data.aws_vpc_endpoint_service.appstream_streaming",
            "module.network.module.vpc.data.aws_vpc_endpoint_service.athena",
            "module.network.module.vpc.data.aws_vpc_endpoint_service.auto_scaling_plans",
            "module.network.module.vpc.data.aws_vpc_endpoint_service.cloud_directory",
            "module.network.module.vpc.data.aws_vpc_endpoint_service.cloudformation",
            "module.network.module.vpc.data.aws_vpc_endpoint_service.cloudtrail",
            "module.network.module.vpc.data.aws_vpc_endpoint_service.codeartifact_api",
            "module.network.module.vpc.data.aws_vpc_endpoint_service.codeartifact_repositories",
            "module.network.module.vpc.data.aws_vpc_endpoint_service.codebuild",
            "module.network.module.vpc.data.aws_vpc_endpoint_service.codecommit",
            "module.network.module.vpc.data.aws_vpc_endpoint_service.codedeploy",
            "module.network.module.vpc.data.aws_vpc_endpoint_service.codedeploy_commands_secure",
            "module.network.module.vpc.data.aws_vpc_endpoint_service.codepipeline",
            "module.network.module.vpc.data.aws_vpc_endpoint_service.config",
            "module.network.module.vpc.data.aws_vpc_endpoint_service.datasync",
            "module.network.module.vpc.data.aws_vpc_endpoint_service.dynamodb",
            "module.network.module.vpc.data.aws_vpc_endpoint_service.ebs",
            "module.network.module.vpc.data.aws_vpc_endpoint_service.ec2",
            "module.network.module.vpc.data.aws_vpc_endpoint_service.ec2_autoscaling",
            "module.network.module.vpc.data.aws_vpc_endpoint_service.ec2messages",
            "module.network.module.vpc.data.aws_vpc_endpoint_service.ecr_api",
            "module.network.module.vpc.data.aws_vpc_endpoint_service.ecr_dkr",
            "module.network.module.vpc.data.aws_vpc_endpoint_service.ecs",
            "module.network.module.vpc.data.aws_vpc_endpoint_service.ecs_agent",
            "module.network.module.vpc.data.aws_vpc_endpoint_service.ecs_telemetry",
            "module.network.module.vpc.data.aws_vpc_endpoint_service.efs",
            "module.network.module.vpc.data.aws_vpc_endpoint_service.elastic_inference_runtime",
            "module.network.module.vpc.data.aws_vpc_endpoint_service.elasticbeanstalk",
            "module.network.module.vpc.data.aws_vpc_endpoint_service.elasticbeanstalk_health",
            "module.network.module.vpc.data.aws_vpc_endpoint_service.elasticloadbalancing",
            "module.network.module.vpc.data.aws_vpc_endpoint_service.emr",
            "module.network.module.vpc.data.aws_vpc_endpoint_service.events",
            "module.network.module.vpc.data.aws_vpc_endpoint_service.git_codecommit",
            "module.network.module.vpc.data.aws_vpc_endpoint_service.glue",
            "module.network.module.vpc.data.aws_vpc_endpoint_service.kinesis_firehose",
            "module.network.module.vpc.data.aws_vpc_endpoint_service.kinesis_streams",
            "module.network.module.vpc.data.aws_vpc_endpoint_service.kms",
            "module.network.module.vpc.data.aws_vpc_endpoint_service.lambda",
            "module.network.module.vpc.data.aws_vpc_endpoint_service.logs",
            "module.network.module.vpc.data.aws_vpc_endpoint_service.monitoring",
            "module.network.module.vpc.data.aws_vpc_endpoint_service.qldb_session",
            "module.network.module.vpc.data.aws_vpc_endpoint_service.rds",
            "module.network.module.vpc.data.aws_vpc_endpoint_service.rekognition",
            "module.network.module.vpc.data.aws_vpc_endpoint_service.s3",
            "module.network.module.vpc.data.aws_vpc_endpoint_service.sagemaker_api",
            "module.network.module.vpc.data.aws_vpc_endpoint_service.sagemaker_notebook",
            "module.network.module.vpc.data.aws_vpc_endpoint_service.sagemaker_runtime",
            "module.network.module.vpc.data.aws_vpc_endpoint_service.secretsmanager",
            "module.network.module.vpc.data.aws_vpc_endpoint_service.servicecatalog",
            "module.network.module.vpc.data.aws_vpc_endpoint_service.ses",
            "module.network.module.vpc.data.aws_vpc_endpoint_service.sms",
            "module.network.module.vpc.data.aws_vpc_endpoint_service.sns",
            "module.network.module.vpc.data.aws_vpc_endpoint_service.sqs",
            "module.network.module.vpc.data.aws_vpc_endpoint_service.ssm",
            "module.network.module.vpc.data.aws_vpc_endpoint_service.ssmmessages",
            "module.network.module.vpc.data.aws_vpc_endpoint_service.states",
            "module.network.module.vpc.data.aws_vpc_endpoint_service.storagegateway",
            "module.network.module.vpc.data.aws_vpc_endpoint_service.sts",
            "module.network.module.vpc.data.aws_vpc_endpoint_service.textract",
            "module.network.module.vpc.data.aws_vpc_endpoint_service.transfer",
            "module.network.module.vpc.data.aws_vpc_endpoint_service.transferserver",
            "module.network.module.vpc.data.aws_vpc_endpoint_service.workspaces",
            "module.network.module.websvr_sg.aws_security_group.security_group"
          ]
        }
      ]
    },
    {
      "module": "module.network",
      "mode": "data",
      "type": "aws_availability_zones",
      "name": "available",
      "provider": "provider[\"registry.terraform.io/hashicorp/aws\"]",
      "instances": [
        {
          "schema_version": 0,
          "attributes": {
            "all_availability_zones": null,
            "exclude_names": null,
            "exclude_zone_ids": null,
            "filter": null,
            "group_names": [
              "us-east-1"
            ],
            "id": "us-east-1",
            "names": [
              "us-east-1a",
              "us-east-1b",
              "us-east-1c",
              "us-east-1d",
              "us-east-1e",
              "us-east-1f"
            ],
            "state": null,
            "zone_ids": [
              "use1-az2",
              "use1-az4",
              "use1-az6",
              "use1-az1",
              "use1-az3",
              "use1-az5"
            ]
          },
          "sensitive_attributes": []
        }
      ]
    },
    {
      "module": "module.network.module.db_sg",
      "mode": "managed",
      "type": "aws_security_group",
      "name": "security_group",
      "provider": "provider[\"registry.terraform.io/hashicorp/aws\"]",
      "instances": [
        {
          "schema_version": 1,
          "attributes": {
            "arn": "arn:aws:ec2:us-east-1:323378118206:security-group/sg-070640a2d08d9a91f",
            "description": "Managed by Terraform",
            "egress": [
              {
                "cidr_blocks": [
                  "0.0.0.0/0"
                ],
                "description": "",
                "from_port": 0,
                "ipv6_cidr_blocks": [],
                "prefix_list_ids": [],
                "protocol": "-1",
                "security_groups": [],
                "self": false,
                "to_port": 0
              }
            ],
            "id": "sg-070640a2d08d9a91f",
            "ingress": [
              {
                "cidr_blocks": [],
                "description": "",
                "from_port": 0,
                "ipv6_cidr_blocks": [],
                "prefix_list_ids": [],
                "protocol": "-1",
                "security_groups": [],
                "self": true,
                "to_port": 0
              },
              {
                "cidr_blocks": [],
                "description": "",
                "from_port": 3306,
                "ipv6_cidr_blocks": [],
                "prefix_list_ids": [],
                "protocol": "tcp",
                "security_groups": [
                  "sg-01c661d0730655830"
                ],
                "self": false,
                "to_port": 3306
              }
            ],
            "name": "terraform-20220804204704277200000006",
            "name_prefix": "terraform-",
            "owner_id": "323378118206",
            "revoke_rules_on_delete": false,
            "tags": null,
            "tags_all": {},
            "timeouts": null,
            "vpc_id": "vpc-0c31ed64e24c546b1"
          },
          "sensitive_attributes": [],
          "private": "eyJlMmJmYjczMC1lY2FhLTExZTYtOGY4OC0zNDM2M2JjN2M0YzAiOnsiY3JlYXRlIjo2MDAwMDAwMDAwMDAsImRlbGV0ZSI6OTAwMDAwMDAwMDAwfSwic2NoZW1hX3ZlcnNpb24iOiIxIn0=",
          "dependencies": [
            "module.network.module.lb_sg.aws_security_group.security_group",
            "module.network.module.vpc.aws_vpc.this",
            "module.network.module.websvr_sg.aws_security_group.security_group"
          ]
        }
      ]
    },
    {
      "module": "module.network.module.lb_sg",
      "mode": "managed",
      "type": "aws_security_group",
      "name": "security_group",
      "provider": "provider[\"registry.terraform.io/hashicorp/aws\"]",
      "instances": [
        {
          "schema_version": 1,
          "attributes": {
            "arn": "arn:aws:ec2:us-east-1:323378118206:security-group/sg-09912751652909170",
            "description": "Managed by Terraform",
            "egress": [
              {
                "cidr_blocks": [
                  "0.0.0.0/0"
                ],
                "description": "",
                "from_port": 0,
                "ipv6_cidr_blocks": [],
                "prefix_list_ids": [],
                "protocol": "-1",
                "security_groups": [],
                "self": false,
                "to_port": 0
              }
            ],
            "id": "sg-09912751652909170",
            "ingress": [
              {
                "cidr_blocks": [
                  "0.0.0.0/0"
                ],
                "description": "",
                "from_port": 80,
                "ipv6_cidr_blocks": [],
                "prefix_list_ids": [],
                "protocol": "tcp",
                "security_groups": [],
                "self": false,
                "to_port": 80
              },
              {
                "cidr_blocks": [],
                "description": "",
                "from_port": 0,
                "ipv6_cidr_blocks": [],
                "prefix_list_ids": [],
                "protocol": "-1",
                "security_groups": [],
                "self": true,
                "to_port": 0
              }
            ],
            "name": "terraform-20220804204653747400000004",
            "name_prefix": "terraform-",
            "owner_id": "323378118206",
            "revoke_rules_on_delete": false,
            "tags": null,
            "tags_all": {},
            "timeouts": null,
            "vpc_id": "vpc-0c31ed64e24c546b1"
          },
          "sensitive_attributes": [],
          "private": "eyJlMmJmYjczMC1lY2FhLTExZTYtOGY4OC0zNDM2M2JjN2M0YzAiOnsiY3JlYXRlIjo2MDAwMDAwMDAwMDAsImRlbGV0ZSI6OTAwMDAwMDAwMDAwfSwic2NoZW1hX3ZlcnNpb24iOiIxIn0=",
          "dependencies": [
            "module.network.module.vpc.aws_vpc.this"
          ]
        }
      ]
    },
    {
      "module": "module.network.module.vpc",
      "mode": "managed",
      "type": "aws_db_subnet_group",
      "name": "database",
      "provider": "provider[\"registry.terraform.io/hashicorp/aws\"]",
      "instances": [
        {
          "index_key": 0,
          "schema_version": 0,
          "attributes": {
            "arn": "arn:aws:rds:us-east-1:323378118206:subgrp:drupaldemo-vpc",
            "description": "Database subnet group for drupaldemo-vpc",
            "id": "drupaldemo-vpc",
            "name": "drupaldemo-vpc",
            "name_prefix": null,
            "subnet_ids": [
              "subnet-018e1cc24070aeccb",
              "subnet-0bc5f93dcfbbec091",
              "subnet-0d9e1441657b01b92"
            ],
            "tags": {
              "Name": "drupaldemo-vpc"
            },
            "tags_all": {
              "Name": "drupaldemo-vpc"
            }
          },
          "sensitive_attributes": [],
          "private": "bnVsbA==",
          "dependencies": [
            "module.network.data.aws_availability_zones.available",
            "module.network.module.vpc.aws_subnet.database",
            "module.network.module.vpc.aws_vpc.this",
            "module.network.module.vpc.aws_vpc_ipv4_cidr_block_association.this"
          ]
        }
      ]
    },
    {
      "module": "module.network.module.vpc",
      "mode": "managed",
      "type": "aws_eip",
      "name": "nat",
      "provider": "provider[\"registry.terraform.io/hashicorp/aws\"]",
      "instances": [
        {
          "index_key": 0,
          "schema_version": 0,
          "attributes": {
            "address": null,
            "allocation_id": "eipalloc-08d0cedeb633ad3dd",
            "associate_with_private_ip": null,
            "association_id": "",
            "carrier_ip": "",
            "customer_owned_ip": "",
            "customer_owned_ipv4_pool": "",
            "domain": "vpc",
            "id": "eipalloc-08d0cedeb633ad3dd",
            "instance": "",
            "network_border_group": "us-east-1",
            "network_interface": "",
            "private_dns": null,
            "private_ip": "",
            "public_dns": "ec2-18-213-165-89.compute-1.amazonaws.com",
            "public_ip": "18.213.165.89",
            "public_ipv4_pool": "amazon",
            "tags": {
              "Name": "drupaldemo-vpc-us-east-1a"
            },
            "tags_all": {
              "Name": "drupaldemo-vpc-us-east-1a"
            },
            "timeouts": null,
            "vpc": true
          },
          "sensitive_attributes": [],
          "private": "eyJlMmJmYjczMC1lY2FhLTExZTYtOGY4OC0zNDM2M2JjN2M0YzAiOnsiZGVsZXRlIjoxODAwMDAwMDAwMDAsInJlYWQiOjkwMDAwMDAwMDAwMCwidXBkYXRlIjozMDAwMDAwMDAwMDB9fQ==",
          "dependencies": [
            "module.network.data.aws_availability_zones.available"
          ]
        }
      ]
    },
    {
      "module": "module.network.module.vpc",
      "mode": "managed",
      "type": "aws_internet_gateway",
      "name": "this",
      "provider": "provider[\"registry.terraform.io/hashicorp/aws\"]",
      "instances": [
        {
          "index_key": 0,
          "schema_version": 0,
          "attributes": {
            "arn": "arn:aws:ec2:us-east-1:323378118206:internet-gateway/igw-0bd57e4af80d44d58",
            "id": "igw-0bd57e4af80d44d58",
            "owner_id": "323378118206",
            "tags": {
              "Name": "drupaldemo-vpc"
            },
            "tags_all": {
              "Name": "drupaldemo-vpc"
            },
            "vpc_id": "vpc-0c31ed64e24c546b1"
          },
          "sensitive_attributes": [],
          "private": "bnVsbA==",
          "dependencies": [
            "module.network.module.vpc.aws_vpc.this",
            "module.network.module.vpc.aws_vpc_ipv4_cidr_block_association.this"
          ]
        }
      ]
    },
    {
      "module": "module.network.module.vpc",
      "mode": "managed",
      "type": "aws_nat_gateway",
      "name": "this",
      "provider": "provider[\"registry.terraform.io/hashicorp/aws\"]",
      "instances": [
        {
          "index_key": 0,
          "schema_version": 0,
          "attributes": {
            "allocation_id": "eipalloc-08d0cedeb633ad3dd",
            "connectivity_type": "public",
            "id": "nat-0d2ef084bdca9ab59",
            "network_interface_id": "eni-0bdd2730d16f17bc8",
            "private_ip": "10.0.101.23",
            "public_ip": "18.213.165.89",
            "subnet_id": "subnet-085c2ffda53db45e2",
            "tags": {
              "Name": "drupaldemo-vpc-us-east-1a"
            },
            "tags_all": {
              "Name": "drupaldemo-vpc-us-east-1a"
            }
          },
          "sensitive_attributes": [],
          "private": "bnVsbA==",
          "dependencies": [
            "module.network.data.aws_availability_zones.available",
            "module.network.module.vpc.aws_eip.nat",
            "module.network.module.vpc.aws_internet_gateway.this",
            "module.network.module.vpc.aws_subnet.public",
            "module.network.module.vpc.aws_vpc.this",
            "module.network.module.vpc.aws_vpc_ipv4_cidr_block_association.this"
          ]
        }
      ]
    },
    {
      "module": "module.network.module.vpc",
      "mode": "managed",
      "type": "aws_route",
      "name": "private_nat_gateway",
      "provider": "provider[\"registry.terraform.io/hashicorp/aws\"]",
      "instances": [
        {
          "index_key": 0,
          "schema_version": 0,
          "attributes": {
            "carrier_gateway_id": "",
            "destination_cidr_block": "0.0.0.0/0",
            "destination_ipv6_cidr_block": "",
            "destination_prefix_list_id": "",
            "egress_only_gateway_id": "",
            "gateway_id": "",
            "id": "r-rtb-05ea887f6766ea8f41080289494",
            "instance_id": "",
            "instance_owner_id": "",
            "local_gateway_id": "",
            "nat_gateway_id": "nat-0d2ef084bdca9ab59",
            "network_interface_id": "",
            "origin": "CreateRoute",
            "route_table_id": "rtb-05ea887f6766ea8f4",
            "state": "active",
            "timeouts": {
              "create": "5m",
              "delete": null,
              "update": null
            },
            "transit_gateway_id": "",
            "vpc_endpoint_id": "",
            "vpc_peering_connection_id": ""
          },
          "sensitive_attributes": [],
          "private": "eyJlMmJmYjczMC1lY2FhLTExZTYtOGY4OC0zNDM2M2JjN2M0YzAiOnsiY3JlYXRlIjozMDAwMDAwMDAwMDAsImRlbGV0ZSI6MzAwMDAwMDAwMDAwLCJ1cGRhdGUiOjEyMDAwMDAwMDAwMH19",
          "dependencies": [
            "module.network.data.aws_availability_zones.available",
            "module.network.module.vpc.aws_eip.nat",
            "module.network.module.vpc.aws_internet_gateway.this",
            "module.network.module.vpc.aws_nat_gateway.this",
            "module.network.module.vpc.aws_route_table.private",
            "module.network.module.vpc.aws_subnet.public",
            "module.network.module.vpc.aws_vpc.this",
            "module.network.module.vpc.aws_vpc_ipv4_cidr_block_association.this"
          ]
        }
      ]
    },
    {
      "module": "module.network.module.vpc",
      "mode": "managed",
      "type": "aws_route",
      "name": "public_internet_gateway",
      "provider": "provider[\"registry.terraform.io/hashicorp/aws\"]",
      "instances": [
        {
          "index_key": 0,
          "schema_version": 0,
          "attributes": {
            "carrier_gateway_id": "",
            "destination_cidr_block": "0.0.0.0/0",
            "destination_ipv6_cidr_block": "",
            "destination_prefix_list_id": "",
            "egress_only_gateway_id": "",
            "gateway_id": "igw-0bd57e4af80d44d58",
            "id": "r-rtb-026edaf66eb398b171080289494",
            "instance_id": "",
            "instance_owner_id": "",
            "local_gateway_id": "",
            "nat_gateway_id": "",
            "network_interface_id": "",
            "origin": "CreateRoute",
            "route_table_id": "rtb-026edaf66eb398b17",
            "state": "active",
            "timeouts": {
              "create": "5m",
              "delete": null,
              "update": null
            },
            "transit_gateway_id": "",
            "vpc_endpoint_id": "",
            "vpc_peering_connection_id": ""
          },
          "sensitive_attributes": [],
          "private": "eyJlMmJmYjczMC1lY2FhLTExZTYtOGY4OC0zNDM2M2JjN2M0YzAiOnsiY3JlYXRlIjozMDAwMDAwMDAwMDAsImRlbGV0ZSI6MzAwMDAwMDAwMDAwLCJ1cGRhdGUiOjEyMDAwMDAwMDAwMH19",
          "dependencies": [
            "module.network.module.vpc.aws_internet_gateway.this",
            "module.network.module.vpc.aws_route_table.public",
            "module.network.module.vpc.aws_vpc.this",
            "module.network.module.vpc.aws_vpc_ipv4_cidr_block_association.this"
          ]
        }
      ]
    },
    {
      "module": "module.network.module.vpc",
      "mode": "managed",
      "type": "aws_route_table",
      "name": "private",
      "provider": "provider[\"registry.terraform.io/hashicorp/aws\"]",
      "instances": [
        {
          "index_key": 0,
          "schema_version": 0,
          "attributes": {
            "arn": "arn:aws:ec2:us-east-1:323378118206:route-table/rtb-05ea887f6766ea8f4",
            "id": "rtb-05ea887f6766ea8f4",
            "owner_id": "323378118206",
            "propagating_vgws": [],
            "route": [],
            "tags": {
              "Name": "drupaldemo-vpc-private"
            },
            "tags_all": {
              "Name": "drupaldemo-vpc-private"
            },
            "timeouts": null,
            "vpc_id": "vpc-0c31ed64e24c546b1"
          },
          "sensitive_attributes": [],
          "private": "eyJlMmJmYjczMC1lY2FhLTExZTYtOGY4OC0zNDM2M2JjN2M0YzAiOnsiY3JlYXRlIjozMDAwMDAwMDAwMDAsImRlbGV0ZSI6MzAwMDAwMDAwMDAwLCJ1cGRhdGUiOjEyMDAwMDAwMDAwMH19",
          "dependencies": [
            "module.network.data.aws_availability_zones.available",
            "module.network.module.vpc.aws_vpc.this",
            "module.network.module.vpc.aws_vpc_ipv4_cidr_block_association.this"
          ]
        }
      ]
    },
    {
      "module": "module.network.module.vpc",
      "mode": "managed",
      "type": "aws_route_table",
      "name": "public",
      "provider": "provider[\"registry.terraform.io/hashicorp/aws\"]",
      "instances": [
        {
          "index_key": 0,
          "schema_version": 0,
          "attributes": {
            "arn": "arn:aws:ec2:us-east-1:323378118206:route-table/rtb-026edaf66eb398b17",
            "id": "rtb-026edaf66eb398b17",
            "owner_id": "323378118206",
            "propagating_vgws": [],
            "route": [],
            "tags": {
              "Name": "drupaldemo-vpc-public"
            },
            "tags_all": {
              "Name": "drupaldemo-vpc-public"
            },
            "timeouts": null,
            "vpc_id": "vpc-0c31ed64e24c546b1"
          },
          "sensitive_attributes": [],
          "private": "eyJlMmJmYjczMC1lY2FhLTExZTYtOGY4OC0zNDM2M2JjN2M0YzAiOnsiY3JlYXRlIjozMDAwMDAwMDAwMDAsImRlbGV0ZSI6MzAwMDAwMDAwMDAwLCJ1cGRhdGUiOjEyMDAwMDAwMDAwMH19",
          "dependencies": [
            "module.network.module.vpc.aws_vpc.this",
            "module.network.module.vpc.aws_vpc_ipv4_cidr_block_association.this"
          ]
        }
      ]
    },
    {
      "module": "module.network.module.vpc",
      "mode": "managed",
      "type": "aws_route_table_association",
      "name": "database",
      "provider": "provider[\"registry.terraform.io/hashicorp/aws\"]",
      "instances": [
        {
          "index_key": 0,
          "schema_version": 0,
          "attributes": {
            "gateway_id": "",
            "id": "rtbassoc-06923aa71ce3f8f78",
            "route_table_id": "rtb-05ea887f6766ea8f4",
            "subnet_id": "subnet-018e1cc24070aeccb"
          },
          "sensitive_attributes": [],
          "private": "bnVsbA==",
          "dependencies": [
            "module.network.data.aws_availability_zones.available",
            "module.network.module.vpc.aws_route_table.database",
            "module.network.module.vpc.aws_route_table.private",
            "module.network.module.vpc.aws_subnet.database",
            "module.network.module.vpc.aws_vpc.this",
            "module.network.module.vpc.aws_vpc_ipv4_cidr_block_association.this"
          ]
        },
        {
          "index_key": 1,
          "schema_version": 0,
          "attributes": {
            "gateway_id": "",
            "id": "rtbassoc-0ed878433a65ef90c",
            "route_table_id": "rtb-05ea887f6766ea8f4",
            "subnet_id": "subnet-0bc5f93dcfbbec091"
          },
          "sensitive_attributes": [],
          "private": "bnVsbA==",
          "dependencies": [
            "module.network.data.aws_availability_zones.available",
            "module.network.module.vpc.aws_route_table.database",
            "module.network.module.vpc.aws_route_table.private",
            "module.network.module.vpc.aws_subnet.database",
            "module.network.module.vpc.aws_vpc.this",
            "module.network.module.vpc.aws_vpc_ipv4_cidr_block_association.this"
          ]
        },
        {
          "index_key": 2,
          "schema_version": 0,
          "attributes": {
            "gateway_id": "",
            "id": "rtbassoc-073a5a2cc4a2b33eb",
            "route_table_id": "rtb-05ea887f6766ea8f4",
            "subnet_id": "subnet-0d9e1441657b01b92"
          },
          "sensitive_attributes": [],
          "private": "bnVsbA==",
          "dependencies": [
            "module.network.data.aws_availability_zones.available",
            "module.network.module.vpc.aws_route_table.database",
            "module.network.module.vpc.aws_route_table.private",
            "module.network.module.vpc.aws_subnet.database",
            "module.network.module.vpc.aws_vpc.this",
            "module.network.module.vpc.aws_vpc_ipv4_cidr_block_association.this"
          ]
        }
      ]
    },
    {
      "module": "module.network.module.vpc",
      "mode": "managed",
      "type": "aws_route_table_association",
      "name": "private",
      "provider": "provider[\"registry.terraform.io/hashicorp/aws\"]",
      "instances": [
        {
          "index_key": 0,
          "schema_version": 0,
          "attributes": {
            "gateway_id": "",
            "id": "rtbassoc-0ede554d0727cec0e",
            "route_table_id": "rtb-05ea887f6766ea8f4",
            "subnet_id": "subnet-0910774fd82e1d77d"
          },
          "sensitive_attributes": [],
          "private": "bnVsbA==",
          "dependencies": [
            "module.network.data.aws_availability_zones.available",
            "module.network.module.vpc.aws_route_table.private",
            "module.network.module.vpc.aws_subnet.private",
            "module.network.module.vpc.aws_vpc.this",
            "module.network.module.vpc.aws_vpc_ipv4_cidr_block_association.this"
          ]
        },
        {
          "index_key": 1,
          "schema_version": 0,
          "attributes": {
            "gateway_id": "",
            "id": "rtbassoc-01b69bb8f37eae352",
            "route_table_id": "rtb-05ea887f6766ea8f4",
            "subnet_id": "subnet-0264ae1cf7d40a0f2"
          },
          "sensitive_attributes": [],
          "private": "bnVsbA==",
          "dependencies": [
            "module.network.data.aws_availability_zones.available",
            "module.network.module.vpc.aws_route_table.private",
            "module.network.module.vpc.aws_subnet.private",
            "module.network.module.vpc.aws_vpc.this",
            "module.network.module.vpc.aws_vpc_ipv4_cidr_block_association.this"
          ]
        },
        {
          "index_key": 2,
          "schema_version": 0,
          "attributes": {
            "gateway_id": "",
            "id": "rtbassoc-03cda557a7fe99e00",
            "route_table_id": "rtb-05ea887f6766ea8f4",
            "subnet_id": "subnet-09bb35b6eeb1df643"
          },
          "sensitive_attributes": [],
          "private": "bnVsbA==",
          "dependencies": [
            "module.network.data.aws_availability_zones.available",
            "module.network.module.vpc.aws_route_table.private",
            "module.network.module.vpc.aws_subnet.private",
            "module.network.module.vpc.aws_vpc.this",
            "module.network.module.vpc.aws_vpc_ipv4_cidr_block_association.this"
          ]
        }
      ]
    },
    {
      "module": "module.network.module.vpc",
      "mode": "managed",
      "type": "aws_route_table_association",
      "name": "public",
      "provider": "provider[\"registry.terraform.io/hashicorp/aws\"]",
      "instances": [
        {
          "index_key": 0,
          "schema_version": 0,
          "attributes": {
            "gateway_id": "",
            "id": "rtbassoc-0a00f80d4d036a5cf",
            "route_table_id": "rtb-026edaf66eb398b17",
            "subnet_id": "subnet-085c2ffda53db45e2"
          },
          "sensitive_attributes": [],
          "private": "bnVsbA==",
          "dependencies": [
            "module.network.data.aws_availability_zones.available",
            "module.network.module.vpc.aws_route_table.public",
            "module.network.module.vpc.aws_subnet.public",
            "module.network.module.vpc.aws_vpc.this",
            "module.network.module.vpc.aws_vpc_ipv4_cidr_block_association.this"
          ]
        },
        {
          "index_key": 1,
          "schema_version": 0,
          "attributes": {
            "gateway_id": "",
            "id": "rtbassoc-0f45f72d9372b5fce",
            "route_table_id": "rtb-026edaf66eb398b17",
            "subnet_id": "subnet-0ea983cfc24ba2860"
          },
          "sensitive_attributes": [],
          "private": "bnVsbA==",
          "dependencies": [
            "module.network.data.aws_availability_zones.available",
            "module.network.module.vpc.aws_route_table.public",
            "module.network.module.vpc.aws_subnet.public",
            "module.network.module.vpc.aws_vpc.this",
            "module.network.module.vpc.aws_vpc_ipv4_cidr_block_association.this"
          ]
        },
        {
          "index_key": 2,
          "schema_version": 0,
          "attributes": {
            "gateway_id": "",
            "id": "rtbassoc-087a87661dbdedd5d",
            "route_table_id": "rtb-026edaf66eb398b17",
            "subnet_id": "subnet-0642ad627510a0e5a"
          },
          "sensitive_attributes": [],
          "private": "bnVsbA==",
          "dependencies": [
            "module.network.data.aws_availability_zones.available",
            "module.network.module.vpc.aws_route_table.public",
            "module.network.module.vpc.aws_subnet.public",
            "module.network.module.vpc.aws_vpc.this",
            "module.network.module.vpc.aws_vpc_ipv4_cidr_block_association.this"
          ]
        }
      ]
    },
    {
      "module": "module.network.module.vpc",
      "mode": "managed",
      "type": "aws_subnet",
      "name": "database",
      "provider": "provider[\"registry.terraform.io/hashicorp/aws\"]",
      "instances": [
        {
          "index_key": 0,
          "schema_version": 1,
          "attributes": {
            "arn": "arn:aws:ec2:us-east-1:323378118206:subnet/subnet-018e1cc24070aeccb",
            "assign_ipv6_address_on_creation": false,
            "availability_zone": "us-east-1a",
            "availability_zone_id": "use1-az2",
            "cidr_block": "10.0.21.0/24",
            "customer_owned_ipv4_pool": "",
            "enable_dns64": false,
            "enable_resource_name_dns_a_record_on_launch": false,
            "enable_resource_name_dns_aaaa_record_on_launch": false,
            "id": "subnet-018e1cc24070aeccb",
            "ipv6_cidr_block": "",
            "ipv6_cidr_block_association_id": "",
            "ipv6_native": false,
            "map_customer_owned_ip_on_launch": false,
            "map_public_ip_on_launch": false,
            "outpost_arn": "",
            "owner_id": "323378118206",
            "private_dns_hostname_type_on_launch": "ip-name",
            "tags": {
              "Name": "drupaldemo-vpc-db-us-east-1a"
            },
            "tags_all": {
              "Name": "drupaldemo-vpc-db-us-east-1a"
            },
            "timeouts": null,
            "vpc_id": "vpc-0c31ed64e24c546b1"
          },
          "sensitive_attributes": [],
          "private": "eyJlMmJmYjczMC1lY2FhLTExZTYtOGY4OC0zNDM2M2JjN2M0YzAiOnsiY3JlYXRlIjo2MDAwMDAwMDAwMDAsImRlbGV0ZSI6MTIwMDAwMDAwMDAwMH0sInNjaGVtYV92ZXJzaW9uIjoiMSJ9",
          "dependencies": [
            "module.network.data.aws_availability_zones.available",
            "module.network.module.vpc.aws_vpc.this",
            "module.network.module.vpc.aws_vpc_ipv4_cidr_block_association.this"
          ]
        },
        {
          "index_key": 1,
          "schema_version": 1,
          "attributes": {
            "arn": "arn:aws:ec2:us-east-1:323378118206:subnet/subnet-0bc5f93dcfbbec091",
            "assign_ipv6_address_on_creation": false,
            "availability_zone": "us-east-1b",
            "availability_zone_id": "use1-az4",
            "cidr_block": "10.0.22.0/24",
            "customer_owned_ipv4_pool": "",
            "enable_dns64": false,
            "enable_resource_name_dns_a_record_on_launch": false,
            "enable_resource_name_dns_aaaa_record_on_launch": false,
            "id": "subnet-0bc5f93dcfbbec091",
            "ipv6_cidr_block": "",
            "ipv6_cidr_block_association_id": "",
            "ipv6_native": false,
            "map_customer_owned_ip_on_launch": false,
            "map_public_ip_on_launch": false,
            "outpost_arn": "",
            "owner_id": "323378118206",
            "private_dns_hostname_type_on_launch": "ip-name",
            "tags": {
              "Name": "drupaldemo-vpc-db-us-east-1b"
            },
            "tags_all": {
              "Name": "drupaldemo-vpc-db-us-east-1b"
            },
            "timeouts": null,
            "vpc_id": "vpc-0c31ed64e24c546b1"
          },
          "sensitive_attributes": [],
          "private": "eyJlMmJmYjczMC1lY2FhLTExZTYtOGY4OC0zNDM2M2JjN2M0YzAiOnsiY3JlYXRlIjo2MDAwMDAwMDAwMDAsImRlbGV0ZSI6MTIwMDAwMDAwMDAwMH0sInNjaGVtYV92ZXJzaW9uIjoiMSJ9",
          "dependencies": [
            "module.network.data.aws_availability_zones.available",
            "module.network.module.vpc.aws_vpc.this",
            "module.network.module.vpc.aws_vpc_ipv4_cidr_block_association.this"
          ]
        },
        {
          "index_key": 2,
          "schema_version": 1,
          "attributes": {
            "arn": "arn:aws:ec2:us-east-1:323378118206:subnet/subnet-0d9e1441657b01b92",
            "assign_ipv6_address_on_creation": false,
            "availability_zone": "us-east-1c",
            "availability_zone_id": "use1-az6",
            "cidr_block": "10.0.23.0/24",
            "customer_owned_ipv4_pool": "",
            "enable_dns64": false,
            "enable_resource_name_dns_a_record_on_launch": false,
            "enable_resource_name_dns_aaaa_record_on_launch": false,
            "id": "subnet-0d9e1441657b01b92",
            "ipv6_cidr_block": "",
            "ipv6_cidr_block_association_id": "",
            "ipv6_native": false,
            "map_customer_owned_ip_on_launch": false,
            "map_public_ip_on_launch": false,
            "outpost_arn": "",
            "owner_id": "323378118206",
            "private_dns_hostname_type_on_launch": "ip-name",
            "tags": {
              "Name": "drupaldemo-vpc-db-us-east-1c"
            },
            "tags_all": {
              "Name": "drupaldemo-vpc-db-us-east-1c"
            },
            "timeouts": null,
            "vpc_id": "vpc-0c31ed64e24c546b1"
          },
          "sensitive_attributes": [],
          "private": "eyJlMmJmYjczMC1lY2FhLTExZTYtOGY4OC0zNDM2M2JjN2M0YzAiOnsiY3JlYXRlIjo2MDAwMDAwMDAwMDAsImRlbGV0ZSI6MTIwMDAwMDAwMDAwMH0sInNjaGVtYV92ZXJzaW9uIjoiMSJ9",
          "dependencies": [
            "module.network.data.aws_availability_zones.available",
            "module.network.module.vpc.aws_vpc.this",
            "module.network.module.vpc.aws_vpc_ipv4_cidr_block_association.this"
          ]
        }
      ]
    },
    {
      "module": "module.network.module.vpc",
      "mode": "managed",
      "type": "aws_subnet",
      "name": "private",
      "provider": "provider[\"registry.terraform.io/hashicorp/aws\"]",
      "instances": [
        {
          "index_key": 0,
          "schema_version": 1,
          "attributes": {
            "arn": "arn:aws:ec2:us-east-1:323378118206:subnet/subnet-0910774fd82e1d77d",
            "assign_ipv6_address_on_creation": false,
            "availability_zone": "us-east-1a",
            "availability_zone_id": "use1-az2",
            "cidr_block": "10.0.1.0/24",
            "customer_owned_ipv4_pool": "",
            "enable_dns64": false,
            "enable_resource_name_dns_a_record_on_launch": false,
            "enable_resource_name_dns_aaaa_record_on_launch": false,
            "id": "subnet-0910774fd82e1d77d",
            "ipv6_cidr_block": "",
            "ipv6_cidr_block_association_id": "",
            "ipv6_native": false,
            "map_customer_owned_ip_on_launch": false,
            "map_public_ip_on_launch": false,
            "outpost_arn": "",
            "owner_id": "323378118206",
            "private_dns_hostname_type_on_launch": "ip-name",
            "tags": {
              "Name": "drupaldemo-vpc-private-us-east-1a"
            },
            "tags_all": {
              "Name": "drupaldemo-vpc-private-us-east-1a"
            },
            "timeouts": null,
            "vpc_id": "vpc-0c31ed64e24c546b1"
          },
          "sensitive_attributes": [],
          "private": "eyJlMmJmYjczMC1lY2FhLTExZTYtOGY4OC0zNDM2M2JjN2M0YzAiOnsiY3JlYXRlIjo2MDAwMDAwMDAwMDAsImRlbGV0ZSI6MTIwMDAwMDAwMDAwMH0sInNjaGVtYV92ZXJzaW9uIjoiMSJ9",
          "dependencies": [
            "module.network.data.aws_availability_zones.available",
            "module.network.module.vpc.aws_vpc.this",
            "module.network.module.vpc.aws_vpc_ipv4_cidr_block_association.this"
          ]
        },
        {
          "index_key": 1,
          "schema_version": 1,
          "attributes": {
            "arn": "arn:aws:ec2:us-east-1:323378118206:subnet/subnet-0264ae1cf7d40a0f2",
            "assign_ipv6_address_on_creation": false,
            "availability_zone": "us-east-1b",
            "availability_zone_id": "use1-az4",
            "cidr_block": "10.0.2.0/24",
            "customer_owned_ipv4_pool": "",
            "enable_dns64": false,
            "enable_resource_name_dns_a_record_on_launch": false,
            "enable_resource_name_dns_aaaa_record_on_launch": false,
            "id": "subnet-0264ae1cf7d40a0f2",
            "ipv6_cidr_block": "",
            "ipv6_cidr_block_association_id": "",
            "ipv6_native": false,
            "map_customer_owned_ip_on_launch": false,
            "map_public_ip_on_launch": false,
            "outpost_arn": "",
            "owner_id": "323378118206",
            "private_dns_hostname_type_on_launch": "ip-name",
            "tags": {
              "Name": "drupaldemo-vpc-private-us-east-1b"
            },
            "tags_all": {
              "Name": "drupaldemo-vpc-private-us-east-1b"
            },
            "timeouts": null,
            "vpc_id": "vpc-0c31ed64e24c546b1"
          },
          "sensitive_attributes": [],
          "private": "eyJlMmJmYjczMC1lY2FhLTExZTYtOGY4OC0zNDM2M2JjN2M0YzAiOnsiY3JlYXRlIjo2MDAwMDAwMDAwMDAsImRlbGV0ZSI6MTIwMDAwMDAwMDAwMH0sInNjaGVtYV92ZXJzaW9uIjoiMSJ9",
          "dependencies": [
            "module.network.data.aws_availability_zones.available",
            "module.network.module.vpc.aws_vpc.this",
            "module.network.module.vpc.aws_vpc_ipv4_cidr_block_association.this"
          ]
        },
        {
          "index_key": 2,
          "schema_version": 1,
          "attributes": {
            "arn": "arn:aws:ec2:us-east-1:323378118206:subnet/subnet-09bb35b6eeb1df643",
            "assign_ipv6_address_on_creation": false,
            "availability_zone": "us-east-1c",
            "availability_zone_id": "use1-az6",
            "cidr_block": "10.0.3.0/24",
            "customer_owned_ipv4_pool": "",
            "enable_dns64": false,
            "enable_resource_name_dns_a_record_on_launch": false,
            "enable_resource_name_dns_aaaa_record_on_launch": false,
            "id": "subnet-09bb35b6eeb1df643",
            "ipv6_cidr_block": "",
            "ipv6_cidr_block_association_id": "",
            "ipv6_native": false,
            "map_customer_owned_ip_on_launch": false,
            "map_public_ip_on_launch": false,
            "outpost_arn": "",
            "owner_id": "323378118206",
            "private_dns_hostname_type_on_launch": "ip-name",
            "tags": {
              "Name": "drupaldemo-vpc-private-us-east-1c"
            },
            "tags_all": {
              "Name": "drupaldemo-vpc-private-us-east-1c"
            },
            "timeouts": null,
            "vpc_id": "vpc-0c31ed64e24c546b1"
          },
          "sensitive_attributes": [],
          "private": "eyJlMmJmYjczMC1lY2FhLTExZTYtOGY4OC0zNDM2M2JjN2M0YzAiOnsiY3JlYXRlIjo2MDAwMDAwMDAwMDAsImRlbGV0ZSI6MTIwMDAwMDAwMDAwMH0sInNjaGVtYV92ZXJzaW9uIjoiMSJ9",
          "dependencies": [
            "module.network.data.aws_availability_zones.available",
            "module.network.module.vpc.aws_vpc.this",
            "module.network.module.vpc.aws_vpc_ipv4_cidr_block_association.this"
          ]
        }
      ]
    },
    {
      "module": "module.network.module.vpc",
      "mode": "managed",
      "type": "aws_subnet",
      "name": "public",
      "provider": "provider[\"registry.terraform.io/hashicorp/aws\"]",
      "instances": [
        {
          "index_key": 0,
          "schema_version": 1,
          "attributes": {
            "arn": "arn:aws:ec2:us-east-1:323378118206:subnet/subnet-085c2ffda53db45e2",
            "assign_ipv6_address_on_creation": false,
            "availability_zone": "us-east-1a",
            "availability_zone_id": "use1-az2",
            "cidr_block": "10.0.101.0/24",
            "customer_owned_ipv4_pool": "",
            "enable_dns64": false,
            "enable_resource_name_dns_a_record_on_launch": false,
            "enable_resource_name_dns_aaaa_record_on_launch": false,
            "id": "subnet-085c2ffda53db45e2",
            "ipv6_cidr_block": "",
            "ipv6_cidr_block_association_id": "",
            "ipv6_native": false,
            "map_customer_owned_ip_on_launch": false,
            "map_public_ip_on_launch": true,
            "outpost_arn": "",
            "owner_id": "323378118206",
            "private_dns_hostname_type_on_launch": "ip-name",
            "tags": {
              "Name": "drupaldemo-vpc-public-us-east-1a"
            },
            "tags_all": {
              "Name": "drupaldemo-vpc-public-us-east-1a"
            },
            "timeouts": null,
            "vpc_id": "vpc-0c31ed64e24c546b1"
          },
          "sensitive_attributes": [],
          "private": "eyJlMmJmYjczMC1lY2FhLTExZTYtOGY4OC0zNDM2M2JjN2M0YzAiOnsiY3JlYXRlIjo2MDAwMDAwMDAwMDAsImRlbGV0ZSI6MTIwMDAwMDAwMDAwMH0sInNjaGVtYV92ZXJzaW9uIjoiMSJ9",
          "dependencies": [
            "module.network.data.aws_availability_zones.available",
            "module.network.module.vpc.aws_vpc.this",
            "module.network.module.vpc.aws_vpc_ipv4_cidr_block_association.this"
          ]
        },
        {
          "index_key": 1,
          "schema_version": 1,
          "attributes": {
            "arn": "arn:aws:ec2:us-east-1:323378118206:subnet/subnet-0ea983cfc24ba2860",
            "assign_ipv6_address_on_creation": false,
            "availability_zone": "us-east-1b",
            "availability_zone_id": "use1-az4",
            "cidr_block": "10.0.102.0/24",
            "customer_owned_ipv4_pool": "",
            "enable_dns64": false,
            "enable_resource_name_dns_a_record_on_launch": false,
            "enable_resource_name_dns_aaaa_record_on_launch": false,
            "id": "subnet-0ea983cfc24ba2860",
            "ipv6_cidr_block": "",
            "ipv6_cidr_block_association_id": "",
            "ipv6_native": false,
            "map_customer_owned_ip_on_launch": false,
            "map_public_ip_on_launch": true,
            "outpost_arn": "",
            "owner_id": "323378118206",
            "private_dns_hostname_type_on_launch": "ip-name",
            "tags": {
              "Name": "drupaldemo-vpc-public-us-east-1b"
            },
            "tags_all": {
              "Name": "drupaldemo-vpc-public-us-east-1b"
            },
            "timeouts": null,
            "vpc_id": "vpc-0c31ed64e24c546b1"
          },
          "sensitive_attributes": [],
          "private": "eyJlMmJmYjczMC1lY2FhLTExZTYtOGY4OC0zNDM2M2JjN2M0YzAiOnsiY3JlYXRlIjo2MDAwMDAwMDAwMDAsImRlbGV0ZSI6MTIwMDAwMDAwMDAwMH0sInNjaGVtYV92ZXJzaW9uIjoiMSJ9",
          "dependencies": [
            "module.network.data.aws_availability_zones.available",
            "module.network.module.vpc.aws_vpc.this",
            "module.network.module.vpc.aws_vpc_ipv4_cidr_block_association.this"
          ]
        },
        {
          "index_key": 2,
          "schema_version": 1,
          "attributes": {
            "arn": "arn:aws:ec2:us-east-1:323378118206:subnet/subnet-0642ad627510a0e5a",
            "assign_ipv6_address_on_creation": false,
            "availability_zone": "us-east-1c",
            "availability_zone_id": "use1-az6",
            "cidr_block": "10.0.103.0/24",
            "customer_owned_ipv4_pool": "",
            "enable_dns64": false,
            "enable_resource_name_dns_a_record_on_launch": false,
            "enable_resource_name_dns_aaaa_record_on_launch": false,
            "id": "subnet-0642ad627510a0e5a",
            "ipv6_cidr_block": "",
            "ipv6_cidr_block_association_id": "",
            "ipv6_native": false,
            "map_customer_owned_ip_on_launch": false,
            "map_public_ip_on_launch": true,
            "outpost_arn": "",
            "owner_id": "323378118206",
            "private_dns_hostname_type_on_launch": "ip-name",
            "tags": {
              "Name": "drupaldemo-vpc-public-us-east-1c"
            },
            "tags_all": {
              "Name": "drupaldemo-vpc-public-us-east-1c"
            },
            "timeouts": null,
            "vpc_id": "vpc-0c31ed64e24c546b1"
          },
          "sensitive_attributes": [],
          "private": "eyJlMmJmYjczMC1lY2FhLTExZTYtOGY4OC0zNDM2M2JjN2M0YzAiOnsiY3JlYXRlIjo2MDAwMDAwMDAwMDAsImRlbGV0ZSI6MTIwMDAwMDAwMDAwMH0sInNjaGVtYV92ZXJzaW9uIjoiMSJ9",
          "dependencies": [
            "module.network.data.aws_availability_zones.available",
            "module.network.module.vpc.aws_vpc.this",
            "module.network.module.vpc.aws_vpc_ipv4_cidr_block_association.this"
          ]
        }
      ]
    },
    {
      "module": "module.network.module.vpc",
      "mode": "managed",
      "type": "aws_vpc",
      "name": "this",
      "provider": "provider[\"registry.terraform.io/hashicorp/aws\"]",
      "instances": [
        {
          "index_key": 0,
          "schema_version": 1,
          "attributes": {
            "arn": "arn:aws:ec2:us-east-1:323378118206:vpc/vpc-0c31ed64e24c546b1",
            "assign_generated_ipv6_cidr_block": false,
            "cidr_block": "10.0.0.0/16",
            "default_network_acl_id": "acl-054c82ebcabf57a6c",
            "default_route_table_id": "rtb-0f6e2e7ac4041160b",
            "default_security_group_id": "sg-0e94611df2afdf08b",
            "dhcp_options_id": "dopt-06643021fce4a26a4",
            "enable_classiclink": false,
            "enable_classiclink_dns_support": false,
            "enable_dns_hostnames": false,
            "enable_dns_support": true,
            "id": "vpc-0c31ed64e24c546b1",
            "instance_tenancy": "default",
            "ipv4_ipam_pool_id": null,
            "ipv4_netmask_length": null,
            "ipv6_association_id": "",
            "ipv6_cidr_block": "",
            "ipv6_cidr_block_network_border_group": "",
            "ipv6_ipam_pool_id": "",
            "ipv6_netmask_length": 0,
            "main_route_table_id": "rtb-0f6e2e7ac4041160b",
            "owner_id": "323378118206",
            "tags": {
              "Name": "drupaldemo-vpc"
            },
            "tags_all": {
              "Name": "drupaldemo-vpc"
            }
          },
          "sensitive_attributes": [],
          "private": "eyJzY2hlbWFfdmVyc2lvbiI6IjEifQ=="
        }
      ]
    },
    {
      "module": "module.network.module.websvr_sg",
      "mode": "managed",
      "type": "aws_security_group",
      "name": "security_group",
      "provider": "provider[\"registry.terraform.io/hashicorp/aws\"]",
      "instances": [
        {
          "schema_version": 1,
          "attributes": {
            "arn": "arn:aws:ec2:us-east-1:323378118206:security-group/sg-01c661d0730655830",
            "description": "Managed by Terraform",
            "egress": [
              {
                "cidr_blocks": [
                  "0.0.0.0/0"
                ],
                "description": "",
                "from_port": 0,
                "ipv6_cidr_blocks": [],
                "prefix_list_ids": [],
                "protocol": "-1",
                "security_groups": [],
                "self": false,
                "to_port": 0
              }
            ],
            "id": "sg-01c661d0730655830",
            "ingress": [
              {
                "cidr_blocks": [
                  "10.0.0.0/16"
                ],
                "description": "",
                "from_port": 22,
                "ipv6_cidr_blocks": [],
                "prefix_list_ids": [],
                "protocol": "tcp",
                "security_groups": [],
                "self": false,
                "to_port": 22
              },
              {
                "cidr_blocks": [],
                "description": "",
                "from_port": 0,
                "ipv6_cidr_blocks": [],
                "prefix_list_ids": [],
                "protocol": "-1",
                "security_groups": [],
                "self": true,
                "to_port": 0
              },
              {
                "cidr_blocks": [],
                "description": "",
                "from_port": 8080,
                "ipv6_cidr_blocks": [],
                "prefix_list_ids": [],
                "protocol": "tcp",
                "security_groups": [
                  "sg-09912751652909170"
                ],
                "self": false,
                "to_port": 8080
              }
            ],
            "name": "terraform-20220804204658772400000005",
            "name_prefix": "terraform-",
            "owner_id": "323378118206",
            "revoke_rules_on_delete": false,
            "tags": null,
            "tags_all": {},
            "timeouts": null,
            "vpc_id": "vpc-0c31ed64e24c546b1"
          },
          "sensitive_attributes": [],
          "private": "eyJlMmJmYjczMC1lY2FhLTExZTYtOGY4OC0zNDM2M2JjN2M0YzAiOnsiY3JlYXRlIjo2MDAwMDAwMDAwMDAsImRlbGV0ZSI6OTAwMDAwMDAwMDAwfSwic2NoZW1hX3ZlcnNpb24iOiIxIn0=",
          "dependencies": [
            "module.network.module.lb_sg.aws_security_group.security_group",
            "module.network.module.vpc.aws_vpc.this"
          ]
        }
      ]
    },
    {
      "module": "module.webserver",
      "mode": "managed",
      "type": "aws_autoscaling_group",
      "name": "webserver",
      "provider": "provider[\"registry.terraform.io/hashicorp/aws\"]",
      "instances": [
        {
          "schema_version": 0,
          "attributes": {
            "arn": "arn:aws:autoscaling:us-east-1:323378118206:autoScalingGroup:4e3278a6-f82f-4870-ad03-8935ed48a734:autoScalingGroupName/drupaldemo-asg",
            "availability_zones": [
              "us-east-1a",
              "us-east-1b",
              "us-east-1c"
            ],
            "capacity_rebalance": false,
            "default_cooldown": 300,
            "desired_capacity": 1,
            "enabled_metrics": null,
            "force_delete": false,
            "force_delete_warm_pool": false,
            "health_check_grace_period": 300,
            "health_check_type": "EC2",
            "id": "drupaldemo-asg",
            "initial_lifecycle_hook": [],
            "instance_refresh": [],
            "launch_configuration": "",
            "launch_template": [
              {
                "id": "lt-0def474aed8d04497",
                "name": "drupaldemo20220804204709427600000007",
                "version": "1"
              }
            ],
            "load_balancers": null,
            "max_instance_lifetime": 0,
            "max_size": 3,
            "metrics_granularity": "1Minute",
            "min_elb_capacity": null,
            "min_size": 1,
            "mixed_instances_policy": [],
            "name": "drupaldemo-asg",
            "name_prefix": "",
            "placement_group": "",
            "protect_from_scale_in": false,
            "service_linked_role_arn": "arn:aws:iam::323378118206:role/aws-service-role/autoscaling.amazonaws.com/AWSServiceRoleForAutoScaling",
            "suspended_processes": null,
            "tag": [],
            "tags": null,
            "target_group_arns": null,
            "termination_policies": null,
            "timeouts": null,
            "vpc_zone_identifier": [
              "subnet-0264ae1cf7d40a0f2",
              "subnet-0910774fd82e1d77d",
              "subnet-09bb35b6eeb1df643"
            ],
            "wait_for_capacity_timeout": "10m",
            "wait_for_elb_capacity": null,
            "warm_pool": []
          },
          "sensitive_attributes": [],
          "private": "eyJlMmJmYjczMC1lY2FhLTExZTYtOGY4OC0zNDM2M2JjN2M0YzAiOnsiZGVsZXRlIjo2MDAwMDAwMDAwMDB9fQ==",
          "dependencies": [
            "module.network.data.aws_availability_zones.available",
            "module.network.module.db_sg.aws_security_group.security_group",
            "module.network.module.lb_sg.aws_security_group.security_group",
            "module.network.module.vpc.aws_cloudwatch_log_group.flow_log",
            "module.network.module.vpc.aws_customer_gateway.this",
            "module.network.module.vpc.aws_db_subnet_group.database",
            "module.network.module.vpc.aws_default_network_acl.this",
            "module.network.module.vpc.aws_default_security_group.this",
            "module.network.module.vpc.aws_default_vpc.this",
            "module.network.module.vpc.aws_egress_only_internet_gateway.this",
            "module.network.module.vpc.aws_eip.nat",
            "module.network.module.vpc.aws_elasticache_subnet_group.elasticache",
            "module.network.module.vpc.aws_flow_log.this",
            "module.network.module.vpc.aws_iam_policy.vpc_flow_log_cloudwatch",
            "module.network.module.vpc.aws_iam_role.vpc_flow_log_cloudwatch",
            "module.network.module.vpc.aws_iam_role_policy_attachment.vpc_flow_log_cloudwatch",
            "module.network.module.vpc.aws_internet_gateway.this",
            "module.network.module.vpc.aws_nat_gateway.this",
            "module.network.module.vpc.aws_network_acl.database",
            "module.network.module.vpc.aws_network_acl.elasticache",
            "module.network.module.vpc.aws_network_acl.intra",
            "module.network.module.vpc.aws_network_acl.private",
            "module.network.module.vpc.aws_network_acl.public",
            "module.network.module.vpc.aws_network_acl.redshift",
            "module.network.module.vpc.aws_network_acl_rule.database_inbound",
            "module.network.module.vpc.aws_network_acl_rule.database_outbound",
            "module.network.module.vpc.aws_network_acl_rule.elasticache_inbound",
            "module.network.module.vpc.aws_network_acl_rule.elasticache_outbound",
            "module.network.module.vpc.aws_network_acl_rule.intra_inbound",
            "module.network.module.vpc.aws_network_acl_rule.intra_outbound",
            "module.network.module.vpc.aws_network_acl_rule.private_inbound",
            "module.network.module.vpc.aws_network_acl_rule.private_outbound",
            "module.network.module.vpc.aws_network_acl_rule.public_inbound",
            "module.network.module.vpc.aws_network_acl_rule.public_outbound",
            "module.network.module.vpc.aws_network_acl_rule.redshift_inbound",
            "module.network.module.vpc.aws_network_acl_rule.redshift_outbound",
            "module.network.module.vpc.aws_redshift_subnet_group.redshift",
            "module.network.module.vpc.aws_route.database_internet_gateway",
            "module.network.module.vpc.aws_route.database_ipv6_egress",
            "module.network.module.vpc.aws_route.database_nat_gateway",
            "module.network.module.vpc.aws_route.private_ipv6_egress",
            "module.network.module.vpc.aws_route.private_nat_gateway",
            "module.network.module.vpc.aws_route.public_internet_gateway",
            "module.network.module.vpc.aws_route.public_internet_gateway_ipv6",
            "module.network.module.vpc.aws_route_table.database",
            "module.network.module.vpc.aws_route_table.elasticache",
            "module.network.module.vpc.aws_route_table.intra",
            "module.network.module.vpc.aws_route_table.private",
            "module.network.module.vpc.aws_route_table.public",
            "module.network.module.vpc.aws_route_table.redshift",
            "module.network.module.vpc.aws_route_table_association.database",
            "module.network.module.vpc.aws_route_table_association.elasticache",
            "module.network.module.vpc.aws_route_table_association.intra",
            "module.network.module.vpc.aws_route_table_association.private",
            "module.network.module.vpc.aws_route_table_association.public",
            "module.network.module.vpc.aws_route_table_association.redshift",
            "module.network.module.vpc.aws_route_table_association.redshift_public",
            "module.network.module.vpc.aws_subnet.database",
            "module.network.module.vpc.aws_subnet.elasticache",
            "module.network.module.vpc.aws_subnet.intra",
            "module.network.module.vpc.aws_subnet.private",
            "module.network.module.vpc.aws_subnet.public",
            "module.network.module.vpc.aws_subnet.redshift",
            "module.network.module.vpc.aws_vpc.this",
            "module.network.module.vpc.aws_vpc_dhcp_options.this",
            "module.network.module.vpc.aws_vpc_dhcp_options_association.this",
            "module.network.module.vpc.aws_vpc_endpoint.access_analyzer",
            "module.network.module.vpc.aws_vpc_endpoint.acm_pca",
            "module.network.module.vpc.aws_vpc_endpoint.apigw",
            "module.network.module.vpc.aws_vpc_endpoint.appmesh_envoy_management",
            "module.network.module.vpc.aws_vpc_endpoint.appstream_api",
            "module.network.module.vpc.aws_vpc_endpoint.appstream_streaming",
            "module.network.module.vpc.aws_vpc_endpoint.athena",
            "module.network.module.vpc.aws_vpc_endpoint.auto_scaling_plans",
            "module.network.module.vpc.aws_vpc_endpoint.cloud_directory",
            "module.network.module.vpc.aws_vpc_endpoint.cloudformation",
            "module.network.module.vpc.aws_vpc_endpoint.cloudtrail",
            "module.network.module.vpc.aws_vpc_endpoint.codeartifact_api",
            "module.network.module.vpc.aws_vpc_endpoint.codeartifact_repositories",
            "module.network.module.vpc.aws_vpc_endpoint.codebuild",
            "module.network.module.vpc.aws_vpc_endpoint.codecommit",
            "module.network.module.vpc.aws_vpc_endpoint.codedeploy",
            "module.network.module.vpc.aws_vpc_endpoint.codedeploy_commands_secure",
            "module.network.module.vpc.aws_vpc_endpoint.codepipeline",
            "module.network.module.vpc.aws_vpc_endpoint.config",
            "module.network.module.vpc.aws_vpc_endpoint.datasync",
            "module.network.module.vpc.aws_vpc_endpoint.dynamodb",
            "module.network.module.vpc.aws_vpc_endpoint.ebs",
            "module.network.module.vpc.aws_vpc_endpoint.ec2",
            "module.network.module.vpc.aws_vpc_endpoint.ec2_autoscaling",
            "module.network.module.vpc.aws_vpc_endpoint.ec2messages",
            "module.network.module.vpc.aws_vpc_endpoint.ecr_api",
            "module.network.module.vpc.aws_vpc_endpoint.ecr_dkr",
            "module.network.module.vpc.aws_vpc_endpoint.ecs",
            "module.network.module.vpc.aws_vpc_endpoint.ecs_agent",
            "module.network.module.vpc.aws_vpc_endpoint.ecs_telemetry",
            "module.network.module.vpc.aws_vpc_endpoint.efs",
            "module.network.module.vpc.aws_vpc_endpoint.elastic_inference_runtime",
            "module.network.module.vpc.aws_vpc_endpoint.elasticbeanstalk",
            "module.network.module.vpc.aws_vpc_endpoint.elasticbeanstalk_health",
            "module.network.module.vpc.aws_vpc_endpoint.elasticloadbalancing",
            "module.network.module.vpc.aws_vpc_endpoint.emr",
            "module.network.module.vpc.aws_vpc_endpoint.events",
            "module.network.module.vpc.aws_vpc_endpoint.git_codecommit",
            "module.network.module.vpc.aws_vpc_endpoint.glue",
            "module.network.module.vpc.aws_vpc_endpoint.kinesis_firehose",
            "module.network.module.vpc.aws_vpc_endpoint.kinesis_streams",
            "module.network.module.vpc.aws_vpc_endpoint.kms",
            "module.network.module.vpc.aws_vpc_endpoint.lambda",
            "module.network.module.vpc.aws_vpc_endpoint.logs",
            "module.network.module.vpc.aws_vpc_endpoint.monitoring",
            "module.network.module.vpc.aws_vpc_endpoint.qldb_session",
            "module.network.module.vpc.aws_vpc_endpoint.rds",
            "module.network.module.vpc.aws_vpc_endpoint.rekognition",
            "module.network.module.vpc.aws_vpc_endpoint.s3",
            "module.network.module.vpc.aws_vpc_endpoint.sagemaker_api",
            "module.network.module.vpc.aws_vpc_endpoint.sagemaker_notebook",
            "module.network.module.vpc.aws_vpc_endpoint.sagemaker_runtime",
            "module.network.module.vpc.aws_vpc_endpoint.secretsmanager",
            "module.network.module.vpc.aws_vpc_endpoint.servicecatalog",
            "module.network.module.vpc.aws_vpc_endpoint.ses",
            "module.network.module.vpc.aws_vpc_endpoint.sms",
            "module.network.module.vpc.aws_vpc_endpoint.sns",
            "module.network.module.vpc.aws_vpc_endpoint.sqs",
            "module.network.module.vpc.aws_vpc_endpoint.ssm",
            "module.network.module.vpc.aws_vpc_endpoint.ssmmessages",
            "module.network.module.vpc.aws_vpc_endpoint.states",
            "module.network.module.vpc.aws_vpc_endpoint.storagegateway",
            "module.network.module.vpc.aws_vpc_endpoint.sts",
            "module.network.module.vpc.aws_vpc_endpoint.textract",
            "module.network.module.vpc.aws_vpc_endpoint.transfer",
            "module.network.module.vpc.aws_vpc_endpoint.transferserver",
            "module.network.module.vpc.aws_vpc_endpoint.workspaces",
            "module.network.module.vpc.aws_vpc_endpoint_route_table_association.intra_dynamodb",
            "module.network.module.vpc.aws_vpc_endpoint_route_table_association.intra_s3",
            "module.network.module.vpc.aws_vpc_endpoint_route_table_association.private_dynamodb",
            "module.network.module.vpc.aws_vpc_endpoint_route_table_association.private_s3",
            "module.network.module.vpc.aws_vpc_endpoint_route_table_association.public_dynamodb",
            "module.network.module.vpc.aws_vpc_endpoint_route_table_association.public_s3",
            "module.network.module.vpc.aws_vpc_ipv4_cidr_block_association.this",
            "module.network.module.vpc.aws_vpn_gateway.this",
            "module.network.module.vpc.aws_vpn_gateway_attachment.this",
            "module.network.module.vpc.aws_vpn_gateway_route_propagation.intra",
            "module.network.module.vpc.aws_vpn_gateway_route_propagation.private",
            "module.network.module.vpc.aws_vpn_gateway_route_propagation.public",
            "module.network.module.vpc.data.aws_iam_policy_document.flow_log_cloudwatch_assume_role",
            "module.network.module.vpc.data.aws_iam_policy_document.vpc_flow_log_cloudwatch",
            "module.network.module.vpc.data.aws_vpc_endpoint_service.access_analyzer",
            "module.network.module.vpc.data.aws_vpc_endpoint_service.acm_pca",
            "module.network.module.vpc.data.aws_vpc_endpoint_service.apigw",
            "module.network.module.vpc.data.aws_vpc_endpoint_service.appmesh_envoy_management",
            "module.network.module.vpc.data.aws_vpc_endpoint_service.appstream_api",
            "module.network.module.vpc.data.aws_vpc_endpoint_service.appstream_streaming",
            "module.network.module.vpc.data.aws_vpc_endpoint_service.athena",
            "module.network.module.vpc.data.aws_vpc_endpoint_service.auto_scaling_plans",
            "module.network.module.vpc.data.aws_vpc_endpoint_service.cloud_directory",
            "module.network.module.vpc.data.aws_vpc_endpoint_service.cloudformation",
            "module.network.module.vpc.data.aws_vpc_endpoint_service.cloudtrail",
            "module.network.module.vpc.data.aws_vpc_endpoint_service.codeartifact_api",
            "module.network.module.vpc.data.aws_vpc_endpoint_service.codeartifact_repositories",
            "module.network.module.vpc.data.aws_vpc_endpoint_service.codebuild",
            "module.network.module.vpc.data.aws_vpc_endpoint_service.codecommit",
            "module.network.module.vpc.data.aws_vpc_endpoint_service.codedeploy",
            "module.network.module.vpc.data.aws_vpc_endpoint_service.codedeploy_commands_secure",
            "module.network.module.vpc.data.aws_vpc_endpoint_service.codepipeline",
            "module.network.module.vpc.data.aws_vpc_endpoint_service.config",
            "module.network.module.vpc.data.aws_vpc_endpoint_service.datasync",
            "module.network.module.vpc.data.aws_vpc_endpoint_service.dynamodb",
            "module.network.module.vpc.data.aws_vpc_endpoint_service.ebs",
            "module.network.module.vpc.data.aws_vpc_endpoint_service.ec2",
            "module.network.module.vpc.data.aws_vpc_endpoint_service.ec2_autoscaling",
            "module.network.module.vpc.data.aws_vpc_endpoint_service.ec2messages",
            "module.network.module.vpc.data.aws_vpc_endpoint_service.ecr_api",
            "module.network.module.vpc.data.aws_vpc_endpoint_service.ecr_dkr",
            "module.network.module.vpc.data.aws_vpc_endpoint_service.ecs",
            "module.network.module.vpc.data.aws_vpc_endpoint_service.ecs_agent",
            "module.network.module.vpc.data.aws_vpc_endpoint_service.ecs_telemetry",
            "module.network.module.vpc.data.aws_vpc_endpoint_service.efs",
            "module.network.module.vpc.data.aws_vpc_endpoint_service.elastic_inference_runtime",
            "module.network.module.vpc.data.aws_vpc_endpoint_service.elasticbeanstalk",
            "module.network.module.vpc.data.aws_vpc_endpoint_service.elasticbeanstalk_health",
            "module.network.module.vpc.data.aws_vpc_endpoint_service.elasticloadbalancing",
            "module.network.module.vpc.data.aws_vpc_endpoint_service.emr",
            "module.network.module.vpc.data.aws_vpc_endpoint_service.events",
            "module.network.module.vpc.data.aws_vpc_endpoint_service.git_codecommit",
            "module.network.module.vpc.data.aws_vpc_endpoint_service.glue",
            "module.network.module.vpc.data.aws_vpc_endpoint_service.kinesis_firehose",
            "module.network.module.vpc.data.aws_vpc_endpoint_service.kinesis_streams",
            "module.network.module.vpc.data.aws_vpc_endpoint_service.kms",
            "module.network.module.vpc.data.aws_vpc_endpoint_service.lambda",
            "module.network.module.vpc.data.aws_vpc_endpoint_service.logs",
            "module.network.module.vpc.data.aws_vpc_endpoint_service.monitoring",
            "module.network.module.vpc.data.aws_vpc_endpoint_service.qldb_session",
            "module.network.module.vpc.data.aws_vpc_endpoint_service.rds",
            "module.network.module.vpc.data.aws_vpc_endpoint_service.rekognition",
            "module.network.module.vpc.data.aws_vpc_endpoint_service.s3",
            "module.network.module.vpc.data.aws_vpc_endpoint_service.sagemaker_api",
            "module.network.module.vpc.data.aws_vpc_endpoint_service.sagemaker_notebook",
            "module.network.module.vpc.data.aws_vpc_endpoint_service.sagemaker_runtime",
            "module.network.module.vpc.data.aws_vpc_endpoint_service.secretsmanager",
            "module.network.module.vpc.data.aws_vpc_endpoint_service.servicecatalog",
            "module.network.module.vpc.data.aws_vpc_endpoint_service.ses",
            "module.network.module.vpc.data.aws_vpc_endpoint_service.sms",
            "module.network.module.vpc.data.aws_vpc_endpoint_service.sns",
            "module.network.module.vpc.data.aws_vpc_endpoint_service.sqs",
            "module.network.module.vpc.data.aws_vpc_endpoint_service.ssm",
            "module.network.module.vpc.data.aws_vpc_endpoint_service.ssmmessages",
            "module.network.module.vpc.data.aws_vpc_endpoint_service.states",
            "module.network.module.vpc.data.aws_vpc_endpoint_service.storagegateway",
            "module.network.module.vpc.data.aws_vpc_endpoint_service.sts",
            "module.network.module.vpc.data.aws_vpc_endpoint_service.textract",
            "module.network.module.vpc.data.aws_vpc_endpoint_service.transfer",
            "module.network.module.vpc.data.aws_vpc_endpoint_service.transferserver",
            "module.network.module.vpc.data.aws_vpc_endpoint_service.workspaces",
            "module.network.module.websvr_sg.aws_security_group.security_group",
            "module.webserver.aws_launch_template.webserver",
            "module.webserver.module.iam_instance_profile.aws_iam_instance_profile.iam_instance_profile",
            "module.webserver.module.iam_instance_profile.aws_iam_role.iam_role"
          ]
        }
      ]
    },
    {
      "module": "module.webserver",
      "mode": "managed",
      "type": "aws_elb",
      "name": "my-elb",
      "provider": "provider[\"registry.terraform.io/hashicorp/aws\"]",
      "instances": [
        {
          "schema_version": 0,
          "attributes": {
            "access_logs": [],
            "arn": "arn:aws:elasticloadbalancing:us-east-1:323378118206:loadbalancer/my-elb",
            "availability_zones": [
              "us-east-1a",
              "us-east-1b",
              "us-east-1c"
            ],
            "connection_draining": true,
            "connection_draining_timeout": 400,
            "cross_zone_load_balancing": true,
            "desync_mitigation_mode": "defensive",
            "dns_name": "my-elb-1677702629.us-east-1.elb.amazonaws.com",
            "health_check": [
              {
                "healthy_threshold": 2,
                "interval": 30,
                "target": "HTTP:80/",
                "timeout": 3,
                "unhealthy_threshold": 2
              }
            ],
            "id": "my-elb",
            "idle_timeout": 60,
            "instances": [],
            "internal": false,
            "listener": [
              {
                "instance_port": 80,
                "instance_protocol": "http",
                "lb_port": 80,
                "lb_protocol": "http",
                "ssl_certificate_id": ""
              }
            ],
            "name": "my-elb",
            "name_prefix": null,
            "security_groups": [
              "sg-09912751652909170"
            ],
            "source_security_group": "323378118206/terraform-20220804204653747400000004",
            "source_security_group_id": "sg-09912751652909170",
            "subnets": [
              "subnet-0642ad627510a0e5a",
              "subnet-085c2ffda53db45e2",
              "subnet-0ea983cfc24ba2860"
            ],
            "tags": {
              "Name": "my-elb"
            },
            "tags_all": {
              "Name": "my-elb"
            },
            "zone_id": "Z35SXDOTRQ7X7K"
          },
          "sensitive_attributes": [],
          "private": "bnVsbA==",
          "dependencies": [
            "module.network.data.aws_availability_zones.available",
            "module.network.module.db_sg.aws_security_group.security_group",
            "module.network.module.lb_sg.aws_security_group.security_group",
            "module.network.module.vpc.aws_cloudwatch_log_group.flow_log",
            "module.network.module.vpc.aws_customer_gateway.this",
            "module.network.module.vpc.aws_db_subnet_group.database",
            "module.network.module.vpc.aws_default_network_acl.this",
            "module.network.module.vpc.aws_default_security_group.this",
            "module.network.module.vpc.aws_default_vpc.this",
            "module.network.module.vpc.aws_egress_only_internet_gateway.this",
            "module.network.module.vpc.aws_eip.nat",
            "module.network.module.vpc.aws_elasticache_subnet_group.elasticache",
            "module.network.module.vpc.aws_flow_log.this",
            "module.network.module.vpc.aws_iam_policy.vpc_flow_log_cloudwatch",
            "module.network.module.vpc.aws_iam_role.vpc_flow_log_cloudwatch",
            "module.network.module.vpc.aws_iam_role_policy_attachment.vpc_flow_log_cloudwatch",
            "module.network.module.vpc.aws_internet_gateway.this",
            "module.network.module.vpc.aws_nat_gateway.this",
            "module.network.module.vpc.aws_network_acl.database",
            "module.network.module.vpc.aws_network_acl.elasticache",
            "module.network.module.vpc.aws_network_acl.intra",
            "module.network.module.vpc.aws_network_acl.private",
            "module.network.module.vpc.aws_network_acl.public",
            "module.network.module.vpc.aws_network_acl.redshift",
            "module.network.module.vpc.aws_network_acl_rule.database_inbound",
            "module.network.module.vpc.aws_network_acl_rule.database_outbound",
            "module.network.module.vpc.aws_network_acl_rule.elasticache_inbound",
            "module.network.module.vpc.aws_network_acl_rule.elasticache_outbound",
            "module.network.module.vpc.aws_network_acl_rule.intra_inbound",
            "module.network.module.vpc.aws_network_acl_rule.intra_outbound",
            "module.network.module.vpc.aws_network_acl_rule.private_inbound",
            "module.network.module.vpc.aws_network_acl_rule.private_outbound",
            "module.network.module.vpc.aws_network_acl_rule.public_inbound",
            "module.network.module.vpc.aws_network_acl_rule.public_outbound",
            "module.network.module.vpc.aws_network_acl_rule.redshift_inbound",
            "module.network.module.vpc.aws_network_acl_rule.redshift_outbound",
            "module.network.module.vpc.aws_redshift_subnet_group.redshift",
            "module.network.module.vpc.aws_route.database_internet_gateway",
            "module.network.module.vpc.aws_route.database_ipv6_egress",
            "module.network.module.vpc.aws_route.database_nat_gateway",
            "module.network.module.vpc.aws_route.private_ipv6_egress",
            "module.network.module.vpc.aws_route.private_nat_gateway",
            "module.network.module.vpc.aws_route.public_internet_gateway",
            "module.network.module.vpc.aws_route.public_internet_gateway_ipv6",
            "module.network.module.vpc.aws_route_table.database",
            "module.network.module.vpc.aws_route_table.elasticache",
            "module.network.module.vpc.aws_route_table.intra",
            "module.network.module.vpc.aws_route_table.private",
            "module.network.module.vpc.aws_route_table.public",
            "module.network.module.vpc.aws_route_table.redshift",
            "module.network.module.vpc.aws_route_table_association.database",
            "module.network.module.vpc.aws_route_table_association.elasticache",
            "module.network.module.vpc.aws_route_table_association.intra",
            "module.network.module.vpc.aws_route_table_association.private",
            "module.network.module.vpc.aws_route_table_association.public",
            "module.network.module.vpc.aws_route_table_association.redshift",
            "module.network.module.vpc.aws_route_table_association.redshift_public",
            "module.network.module.vpc.aws_subnet.database",
            "module.network.module.vpc.aws_subnet.elasticache",
            "module.network.module.vpc.aws_subnet.intra",
            "module.network.module.vpc.aws_subnet.private",
            "module.network.module.vpc.aws_subnet.public",
            "module.network.module.vpc.aws_subnet.redshift",
            "module.network.module.vpc.aws_vpc.this",
            "module.network.module.vpc.aws_vpc_dhcp_options.this",
            "module.network.module.vpc.aws_vpc_dhcp_options_association.this",
            "module.network.module.vpc.aws_vpc_endpoint.access_analyzer",
            "module.network.module.vpc.aws_vpc_endpoint.acm_pca",
            "module.network.module.vpc.aws_vpc_endpoint.apigw",
            "module.network.module.vpc.aws_vpc_endpoint.appmesh_envoy_management",
            "module.network.module.vpc.aws_vpc_endpoint.appstream_api",
            "module.network.module.vpc.aws_vpc_endpoint.appstream_streaming",
            "module.network.module.vpc.aws_vpc_endpoint.athena",
            "module.network.module.vpc.aws_vpc_endpoint.auto_scaling_plans",
            "module.network.module.vpc.aws_vpc_endpoint.cloud_directory",
            "module.network.module.vpc.aws_vpc_endpoint.cloudformation",
            "module.network.module.vpc.aws_vpc_endpoint.cloudtrail",
            "module.network.module.vpc.aws_vpc_endpoint.codeartifact_api",
            "module.network.module.vpc.aws_vpc_endpoint.codeartifact_repositories",
            "module.network.module.vpc.aws_vpc_endpoint.codebuild",
            "module.network.module.vpc.aws_vpc_endpoint.codecommit",
            "module.network.module.vpc.aws_vpc_endpoint.codedeploy",
            "module.network.module.vpc.aws_vpc_endpoint.codedeploy_commands_secure",
            "module.network.module.vpc.aws_vpc_endpoint.codepipeline",
            "module.network.module.vpc.aws_vpc_endpoint.config",
            "module.network.module.vpc.aws_vpc_endpoint.datasync",
            "module.network.module.vpc.aws_vpc_endpoint.dynamodb",
            "module.network.module.vpc.aws_vpc_endpoint.ebs",
            "module.network.module.vpc.aws_vpc_endpoint.ec2",
            "module.network.module.vpc.aws_vpc_endpoint.ec2_autoscaling",
            "module.network.module.vpc.aws_vpc_endpoint.ec2messages",
            "module.network.module.vpc.aws_vpc_endpoint.ecr_api",
            "module.network.module.vpc.aws_vpc_endpoint.ecr_dkr",
            "module.network.module.vpc.aws_vpc_endpoint.ecs",
            "module.network.module.vpc.aws_vpc_endpoint.ecs_agent",
            "module.network.module.vpc.aws_vpc_endpoint.ecs_telemetry",
            "module.network.module.vpc.aws_vpc_endpoint.efs",
            "module.network.module.vpc.aws_vpc_endpoint.elastic_inference_runtime",
            "module.network.module.vpc.aws_vpc_endpoint.elasticbeanstalk",
            "module.network.module.vpc.aws_vpc_endpoint.elasticbeanstalk_health",
            "module.network.module.vpc.aws_vpc_endpoint.elasticloadbalancing",
            "module.network.module.vpc.aws_vpc_endpoint.emr",
            "module.network.module.vpc.aws_vpc_endpoint.events",
            "module.network.module.vpc.aws_vpc_endpoint.git_codecommit",
            "module.network.module.vpc.aws_vpc_endpoint.glue",
            "module.network.module.vpc.aws_vpc_endpoint.kinesis_firehose",
            "module.network.module.vpc.aws_vpc_endpoint.kinesis_streams",
            "module.network.module.vpc.aws_vpc_endpoint.kms",
            "module.network.module.vpc.aws_vpc_endpoint.lambda",
            "module.network.module.vpc.aws_vpc_endpoint.logs",
            "module.network.module.vpc.aws_vpc_endpoint.monitoring",
            "module.network.module.vpc.aws_vpc_endpoint.qldb_session",
            "module.network.module.vpc.aws_vpc_endpoint.rds",
            "module.network.module.vpc.aws_vpc_endpoint.rekognition",
            "module.network.module.vpc.aws_vpc_endpoint.s3",
            "module.network.module.vpc.aws_vpc_endpoint.sagemaker_api",
            "module.network.module.vpc.aws_vpc_endpoint.sagemaker_notebook",
            "module.network.module.vpc.aws_vpc_endpoint.sagemaker_runtime",
            "module.network.module.vpc.aws_vpc_endpoint.secretsmanager",
            "module.network.module.vpc.aws_vpc_endpoint.servicecatalog",
            "module.network.module.vpc.aws_vpc_endpoint.ses",
            "module.network.module.vpc.aws_vpc_endpoint.sms",
            "module.network.module.vpc.aws_vpc_endpoint.sns",
            "module.network.module.vpc.aws_vpc_endpoint.sqs",
            "module.network.module.vpc.aws_vpc_endpoint.ssm",
            "module.network.module.vpc.aws_vpc_endpoint.ssmmessages",
            "module.network.module.vpc.aws_vpc_endpoint.states",
            "module.network.module.vpc.aws_vpc_endpoint.storagegateway",
            "module.network.module.vpc.aws_vpc_endpoint.sts",
            "module.network.module.vpc.aws_vpc_endpoint.textract",
            "module.network.module.vpc.aws_vpc_endpoint.transfer",
            "module.network.module.vpc.aws_vpc_endpoint.transferserver",
            "module.network.module.vpc.aws_vpc_endpoint.workspaces",
            "module.network.module.vpc.aws_vpc_endpoint_route_table_association.intra_dynamodb",
            "module.network.module.vpc.aws_vpc_endpoint_route_table_association.intra_s3",
            "module.network.module.vpc.aws_vpc_endpoint_route_table_association.private_dynamodb",
            "module.network.module.vpc.aws_vpc_endpoint_route_table_association.private_s3",
            "module.network.module.vpc.aws_vpc_endpoint_route_table_association.public_dynamodb",
            "module.network.module.vpc.aws_vpc_endpoint_route_table_association.public_s3",
            "module.network.module.vpc.aws_vpc_ipv4_cidr_block_association.this",
            "module.network.module.vpc.aws_vpn_gateway.this",
            "module.network.module.vpc.aws_vpn_gateway_attachment.this",
            "module.network.module.vpc.aws_vpn_gateway_route_propagation.intra",
            "module.network.module.vpc.aws_vpn_gateway_route_propagation.private",
            "module.network.module.vpc.aws_vpn_gateway_route_propagation.public",
            "module.network.module.vpc.data.aws_iam_policy_document.flow_log_cloudwatch_assume_role",
            "module.network.module.vpc.data.aws_iam_policy_document.vpc_flow_log_cloudwatch",
            "module.network.module.vpc.data.aws_vpc_endpoint_service.access_analyzer",
            "module.network.module.vpc.data.aws_vpc_endpoint_service.acm_pca",
            "module.network.module.vpc.data.aws_vpc_endpoint_service.apigw",
            "module.network.module.vpc.data.aws_vpc_endpoint_service.appmesh_envoy_management",
            "module.network.module.vpc.data.aws_vpc_endpoint_service.appstream_api",
            "module.network.module.vpc.data.aws_vpc_endpoint_service.appstream_streaming",
            "module.network.module.vpc.data.aws_vpc_endpoint_service.athena",
            "module.network.module.vpc.data.aws_vpc_endpoint_service.auto_scaling_plans",
            "module.network.module.vpc.data.aws_vpc_endpoint_service.cloud_directory",
            "module.network.module.vpc.data.aws_vpc_endpoint_service.cloudformation",
            "module.network.module.vpc.data.aws_vpc_endpoint_service.cloudtrail",
            "module.network.module.vpc.data.aws_vpc_endpoint_service.codeartifact_api",
            "module.network.module.vpc.data.aws_vpc_endpoint_service.codeartifact_repositories",
            "module.network.module.vpc.data.aws_vpc_endpoint_service.codebuild",
            "module.network.module.vpc.data.aws_vpc_endpoint_service.codecommit",
            "module.network.module.vpc.data.aws_vpc_endpoint_service.codedeploy",
            "module.network.module.vpc.data.aws_vpc_endpoint_service.codedeploy_commands_secure",
            "module.network.module.vpc.data.aws_vpc_endpoint_service.codepipeline",
            "module.network.module.vpc.data.aws_vpc_endpoint_service.config",
            "module.network.module.vpc.data.aws_vpc_endpoint_service.datasync",
            "module.network.module.vpc.data.aws_vpc_endpoint_service.dynamodb",
            "module.network.module.vpc.data.aws_vpc_endpoint_service.ebs",
            "module.network.module.vpc.data.aws_vpc_endpoint_service.ec2",
            "module.network.module.vpc.data.aws_vpc_endpoint_service.ec2_autoscaling",
            "module.network.module.vpc.data.aws_vpc_endpoint_service.ec2messages",
            "module.network.module.vpc.data.aws_vpc_endpoint_service.ecr_api",
            "module.network.module.vpc.data.aws_vpc_endpoint_service.ecr_dkr",
            "module.network.module.vpc.data.aws_vpc_endpoint_service.ecs",
            "module.network.module.vpc.data.aws_vpc_endpoint_service.ecs_agent",
            "module.network.module.vpc.data.aws_vpc_endpoint_service.ecs_telemetry",
            "module.network.module.vpc.data.aws_vpc_endpoint_service.efs",
            "module.network.module.vpc.data.aws_vpc_endpoint_service.elastic_inference_runtime",
            "module.network.module.vpc.data.aws_vpc_endpoint_service.elasticbeanstalk",
            "module.network.module.vpc.data.aws_vpc_endpoint_service.elasticbeanstalk_health",
            "module.network.module.vpc.data.aws_vpc_endpoint_service.elasticloadbalancing",
            "module.network.module.vpc.data.aws_vpc_endpoint_service.emr",
            "module.network.module.vpc.data.aws_vpc_endpoint_service.events",
            "module.network.module.vpc.data.aws_vpc_endpoint_service.git_codecommit",
            "module.network.module.vpc.data.aws_vpc_endpoint_service.glue",
            "module.network.module.vpc.data.aws_vpc_endpoint_service.kinesis_firehose",
            "module.network.module.vpc.data.aws_vpc_endpoint_service.kinesis_streams",
            "module.network.module.vpc.data.aws_vpc_endpoint_service.kms",
            "module.network.module.vpc.data.aws_vpc_endpoint_service.lambda",
            "module.network.module.vpc.data.aws_vpc_endpoint_service.logs",
            "module.network.module.vpc.data.aws_vpc_endpoint_service.monitoring",
            "module.network.module.vpc.data.aws_vpc_endpoint_service.qldb_session",
            "module.network.module.vpc.data.aws_vpc_endpoint_service.rds",
            "module.network.module.vpc.data.aws_vpc_endpoint_service.rekognition",
            "module.network.module.vpc.data.aws_vpc_endpoint_service.s3",
            "module.network.module.vpc.data.aws_vpc_endpoint_service.sagemaker_api",
            "module.network.module.vpc.data.aws_vpc_endpoint_service.sagemaker_notebook",
            "module.network.module.vpc.data.aws_vpc_endpoint_service.sagemaker_runtime",
            "module.network.module.vpc.data.aws_vpc_endpoint_service.secretsmanager",
            "module.network.module.vpc.data.aws_vpc_endpoint_service.servicecatalog",
            "module.network.module.vpc.data.aws_vpc_endpoint_service.ses",
            "module.network.module.vpc.data.aws_vpc_endpoint_service.sms",
            "module.network.module.vpc.data.aws_vpc_endpoint_service.sns",
            "module.network.module.vpc.data.aws_vpc_endpoint_service.sqs",
            "module.network.module.vpc.data.aws_vpc_endpoint_service.ssm",
            "module.network.module.vpc.data.aws_vpc_endpoint_service.ssmmessages",
            "module.network.module.vpc.data.aws_vpc_endpoint_service.states",
            "module.network.module.vpc.data.aws_vpc_endpoint_service.storagegateway",
            "module.network.module.vpc.data.aws_vpc_endpoint_service.sts",
            "module.network.module.vpc.data.aws_vpc_endpoint_service.textract",
            "module.network.module.vpc.data.aws_vpc_endpoint_service.transfer",
            "module.network.module.vpc.data.aws_vpc_endpoint_service.transferserver",
            "module.network.module.vpc.data.aws_vpc_endpoint_service.workspaces",
            "module.network.module.websvr_sg.aws_security_group.security_group"
          ]
        }
      ]
    },
    {
      "module": "module.webserver",
      "mode": "managed",
      "type": "aws_launch_template",
      "name": "webserver",
      "provider": "provider[\"registry.terraform.io/hashicorp/aws\"]",
      "instances": [
        {
          "schema_version": 0,
          "attributes": {
            "arn": "arn:aws:ec2:us-east-1:323378118206:launch-template/lt-0def474aed8d04497",
            "block_device_mappings": [],
            "capacity_reservation_specification": [],
            "cpu_options": [],
            "credit_specification": [],
            "default_version": 1,
            "description": "",
            "disable_api_termination": false,
            "ebs_optimized": "",
            "elastic_gpu_specifications": [],
            "elastic_inference_accelerator": [],
            "enclave_options": [],
            "hibernation_options": [],
            "iam_instance_profile": [
              {
                "arn": "",
                "name": "terraform-20220804204650559700000003"
              }
            ],
            "id": "lt-0def474aed8d04497",
            "image_id": "ami-0cff7528ff583bf9a",
            "instance_initiated_shutdown_behavior": "",
            "instance_market_options": [],
            "instance_type": "t2.micro",
            "kernel_id": "",
            "key_name": "",
            "latest_version": 1,
            "license_specification": [],
            "metadata_options": [],
            "monitoring": [],
            "name": "drupaldemo20220804204709427600000007",
            "name_prefix": "drupaldemo",
            "network_interfaces": [],
            "placement": [],
            "ram_disk_id": "",
            "security_group_names": null,
            "tag_specifications": [],
            "tags": null,
            "tags_all": {},
            "update_default_version": null,
            "user_data": "CiMhL2Jpbi9iYXNoCnN1ZG8gc3UKeXVtIHVwZGF0ZSAteQp5dW0gLXkgaW5zdGFsbCBodHRwZAp5dW0gaW5zdGFsbCAteSBhbWF6b24tbGludXgtZXh0cmFzIHBocAphbWF6b24tbGludXgtZXh0cmFzIGVuYWJsZSBwaHA4LjAKc3lzdGVtY3RsIGVuYWJsZSBodHRwZApzeXN0ZW1jdGwgc3RhcnQgaHR0cGQKd2dldCBodHRwczovL3d3dy5kcnVwYWwub3JnL2Rvd25sb2FkLWxhdGVzdC96aXAKdW56aXAgemlwCm12IC9kcnVwYWwtKi8uKiAvdmFyL3d3dy9odG1sLwptdiAtdiAvZHJ1cGFsLSovKiAvdmFyL3d3dy9odG1sLwpjaG93biAtUiBhcGFjaGU6YXBhY2hlIC92YXIvd3d3L2h0bWwvCmNwIC92YXIvd3d3L2h0bWwvc2l0ZXMvZGVmYXVsdC9kZWZhdWx0LnNldHRpbmdzLnBocCAvdmFyL3d3dy9odG1sL3NpdGVzL2RlZmF1bHQvc2V0dGluZ3MucGhwCmNobW9kIGErdyAvdmFyL3d3dy9odG1sL3NpdGVzL2RlZmF1bHQvc2V0dGluZ3MucGhwCmNobW9kIGErdyAvdmFyL3d3dy9odG1sL3NpdGVzL2RlZmF1bHQKc3VkbyBzZXJ2aWNlIGh0dHBkIHJlc3RhcnQKc3VkbyBzZXJ2aWNlIGh0dHBkIHN0YXJ0",
            "vpc_security_group_ids": [
              "sg-01c661d0730655830"
            ]
          },
          "sensitive_attributes": [],
          "private": "bnVsbA==",
          "dependencies": [
            "module.network.module.db_sg.aws_security_group.security_group",
            "module.network.module.lb_sg.aws_security_group.security_group",
            "module.network.module.vpc.aws_vpc.this",
            "module.network.module.websvr_sg.aws_security_group.security_group",
            "module.webserver.module.iam_instance_profile.aws_iam_instance_profile.iam_instance_profile",
            "module.webserver.module.iam_instance_profile.aws_iam_role.iam_role"
          ]
        }
      ]
    },
    {
      "module": "module.webserver.module.iam_instance_profile",
      "mode": "data",
      "type": "aws_iam_policy_document",
      "name": "iam_policy_document",
      "provider": "provider[\"registry.terraform.io/hashicorp/aws\"]",
      "instances": [
        {
          "schema_version": 0,
          "attributes": {
            "id": "2717263653",
            "json": "{\n  \"Version\": \"2012-10-17\",\n  \"Statement\": [\n    {\n      \"Sid\": \"\",\n      \"Effect\": \"Allow\",\n      \"Action\": [\n        \"rds:*\",\n        \"logs:*\"\n      ],\n      \"Resource\": \"*\"\n    }\n  ]\n}",
            "override_json": null,
            "override_policy_documents": null,
            "policy_id": null,
            "source_json": null,
            "source_policy_documents": null,
            "statement": [
              {
                "actions": [
                  "logs:*",
                  "rds:*"
                ],
                "condition": [],
                "effect": "Allow",
                "not_actions": [],
                "not_principals": [],
                "not_resources": [],
                "principals": [],
                "resources": [
                  "*"
                ],
                "sid": ""
              }
            ],
            "version": "2012-10-17"
          },
          "sensitive_attributes": []
        }
      ]
    },
    {
      "module": "module.webserver.module.iam_instance_profile",
      "mode": "managed",
      "type": "aws_iam_instance_profile",
      "name": "iam_instance_profile",
      "provider": "provider[\"registry.terraform.io/hashicorp/aws\"]",
      "instances": [
        {
          "schema_version": 0,
          "attributes": {
            "arn": "arn:aws:iam::323378118206:instance-profile/terraform-20220804204650559700000003",
            "create_date": "2022-08-04T20:46:51Z",
            "id": "terraform-20220804204650559700000003",
            "name": "terraform-20220804204650559700000003",
            "name_prefix": null,
            "path": "/",
            "role": "terraform-20220804204649021300000001",
            "tags": null,
            "tags_all": {},
            "unique_id": "AIPAUWSWWPY7FUKCPMJST"
          },
          "sensitive_attributes": [],
          "private": "bnVsbA==",
          "dependencies": [
            "module.webserver.module.iam_instance_profile.aws_iam_role.iam_role"
          ]
        }
      ]
    },
    {
      "module": "module.webserver.module.iam_instance_profile",
      "mode": "managed",
      "type": "aws_iam_role",
      "name": "iam_role",
      "provider": "provider[\"registry.terraform.io/hashicorp/aws\"]",
      "instances": [
        {
          "schema_version": 0,
          "attributes": {
            "arn": "arn:aws:iam::323378118206:role/terraform-20220804204649021300000001",
            "assume_role_policy": "{\"Version\":\"2012-10-17\",\"Statement\":[{\"Effect\":\"Allow\",\"Principal\":{\"Service\":\"ec2.amazonaws.com\"},\"Action\":\"sts:AssumeRole\"}]}",
            "create_date": "2022-08-04T20:46:49Z",
            "description": "",
            "force_detach_policies": false,
            "id": "terraform-20220804204649021300000001",
            "inline_policy": [
              {
                "name": "",
                "policy": ""
              }
            ],
            "managed_policy_arns": [],
            "max_session_duration": 3600,
            "name": "terraform-20220804204649021300000001",
            "name_prefix": "terraform-",
            "path": "/",
            "permissions_boundary": null,
            "tags": null,
            "tags_all": {},
            "unique_id": "AROAUWSWWPY7BW6S576HJ"
          },
          "sensitive_attributes": [],
          "private": "bnVsbA=="
        }
      ]
    },
    {
      "module": "module.webserver.module.iam_instance_profile",
      "mode": "managed",
      "type": "aws_iam_role_policy",
      "name": "iam_role_policy",
      "provider": "provider[\"registry.terraform.io/hashicorp/aws\"]",
      "instances": [
        {
          "schema_version": 0,
          "attributes": {
            "id": "terraform-20220804204649021300000001:terraform-20220804204650559200000002",
            "name": "terraform-20220804204650559200000002",
            "name_prefix": null,
            "policy": "{\n  \"Version\": \"2012-10-17\",\n  \"Statement\": [\n    {\n      \"Sid\": \"\",\n      \"Effect\": \"Allow\",\n      \"Action\": [\n        \"rds:*\",\n        \"logs:*\"\n      ],\n      \"Resource\": \"*\"\n    }\n  ]\n}",
            "role": "terraform-20220804204649021300000001"
          },
          "sensitive_attributes": [],
          "private": "bnVsbA==",
          "dependencies": [
            "module.webserver.module.iam_instance_profile.aws_iam_role.iam_role",
            "module.webserver.module.iam_instance_profile.data.aws_iam_policy_document.iam_policy_document"
          ]
        }
      ]
    }
  ]
}
